
Microsoft Visual Studio Solution File, Format Version 12.00
# Visual Studio 2012
VisualStudioVersion = 12.0.30501.0
MinimumVisualStudioVersion = 10.0.40219.1
Project("{FAE04EC0-301F-11D3-BF4B-00C04F79EFBC}") = "Portable", "Portable\Portable.csproj", "{91E5D594-A734-48AB-B0DA-CF63AC2BBBA8}"
EndProject
Project("{2150E333-8FDC-42A3-9474-1A3956D46DE8}") = "Platforms", "Platforms", "{CB9A1F83-D567-4C1B-B577-5AD410D9BF97}"
EndProject
Project("{FAE04EC0-301F-11D3-BF4B-00C04F79EFBC}") = "Azure", "Platforms\Azure\Azure.csproj", "{333354FC-B2EB-42D3-96F0-08D1276CE891}"
EndProject
Project("{FAE04EC0-301F-11D3-BF4B-00C04F79EFBC}") = "Droid", "Platforms\Droid\Droid.csproj", "{3464274E-A31C-413B-ADAE-EC6F2AA58FE7}"
EndProject
Project("{FAE04EC0-301F-11D3-BF4B-00C04F79EFBC}") = "IOS", "Platforms\iOS\IOS.csproj", "{AE393314-48CA-469B-9E4E-159EAE7F56D3}"
EndProject
Project("{FAE04EC0-301F-11D3-BF4B-00C04F79EFBC}") = "Mono", "Platforms\Mono\Mono.csproj", "{56E12270-52FA-4C5E-B4C5-8C05596A283D}"
EndProject
Project("{FAE04EC0-301F-11D3-BF4B-00C04F79EFBC}") = "MasDev.WinRT", "Platforms\WinRT\MasDev.WinRT.csproj", "{57841E09-0699-4ED5-8835-DB64B650F437}"
EndProject
Project("{2150E333-8FDC-42A3-9474-1A3956D46DE8}") = "Data", "Data", "{ED2DC51E-FB6A-4492-9C22-C80F5C811CAD}"
EndProject
Project("{FAE04EC0-301F-11D3-BF4B-00C04F79EFBC}") = "NHibernate", "Data\NHibernate\NHibernate.csproj", "{481798A7-D1A2-4984-83D1-B82F93C91469}"
EndProject
Project("{2150E333-8FDC-42A3-9474-1A3956D46DE8}") = "Web", "Web", "{C93BFA30-C110-4637-B8C5-1E654589167D}"
EndProject
Project("{2150E333-8FDC-42A3-9474-1A3956D46DE8}") = "Rest", "Rest", "{D34D6343-5AB2-40BD-8E2A-117D6ABE1095}"
EndProject
Project("{FAE04EC0-301F-11D3-BF4B-00C04F79EFBC}") = "Rest", "Web\Rest\Rest\Rest.csproj", "{EC561B45-F896-4D19-BBF0-4B3CE9A2E190}"
EndProject
Project("{FAE04EC0-301F-11D3-BF4B-00C04F79EFBC}") = "WebApi", "Web\Rest\WebApi\WebApi.csproj", "{3DCE5F2C-9F87-4977-A885-4CBB675B63E3}"
EndProject
Project("{FAE04EC0-301F-11D3-BF4B-00C04F79EFBC}") = "SignalR", "Web\Rest\SignalR\SignalR.csproj", "{B733030B-0EF3-49FB-B32A-8C70ADD96B34}"
EndProject
Project("{2150E333-8FDC-42A3-9474-1A3956D46DE8}") = "Saltarelle", "Saltarelle", "{BF2A4B75-5E3C-4D01-8CDA-B5BD1337BDA4}"
EndProject
Project("{FAE04EC0-301F-11D3-BF4B-00C04F79EFBC}") = "Saltarelle", "Web\Saltarelle\Saltarelle\Saltarelle.csproj", "{6B29C330-D88A-4056-9917-832D30D806F7}"
EndProject
Project("{FAE04EC0-301F-11D3-BF4B-00C04F79EFBC}") = "AngularJs", "Web\Saltarelle\Saltarelle.AngularJs\AngularJs.csproj", "{36678AA1-8E72-4623-A852-D6C56500BFA4}"
EndProject
Global
	GlobalSection(SolutionConfigurationPlatforms) = preSolution
		Ad-Hoc|Any CPU = Ad-Hoc|Any CPU
		Ad-Hoc|ARM = Ad-Hoc|ARM
		Ad-Hoc|iPhone = Ad-Hoc|iPhone
		Ad-Hoc|iPhoneSimulator = Ad-Hoc|iPhoneSimulator
		Ad-Hoc|x64 = Ad-Hoc|x64
		Ad-Hoc|x86 = Ad-Hoc|x86
		AppStore|Any CPU = AppStore|Any CPU
		AppStore|ARM = AppStore|ARM
		AppStore|iPhone = AppStore|iPhone
		AppStore|iPhoneSimulator = AppStore|iPhoneSimulator
		AppStore|x64 = AppStore|x64
		AppStore|x86 = AppStore|x86
		Debug|Any CPU = Debug|Any CPU
		Debug|ARM = Debug|ARM
		Debug|iPhone = Debug|iPhone
		Debug|iPhoneSimulator = Debug|iPhoneSimulator
		Debug|x64 = Debug|x64
		Debug|x86 = Debug|x86
		Release|Any CPU = Release|Any CPU
		Release|ARM = Release|ARM
		Release|iPhone = Release|iPhone
		Release|iPhoneSimulator = Release|iPhoneSimulator
		Release|x64 = Release|x64
		Release|x86 = Release|x86
	EndGlobalSection
	GlobalSection(ProjectConfigurationPlatforms) = postSolution
		{333354FC-B2EB-42D3-96F0-08D1276CE891}.Ad-Hoc|Any CPU.ActiveCfg = Debug|Any CPU
		{333354FC-B2EB-42D3-96F0-08D1276CE891}.Ad-Hoc|Any CPU.Build.0 = Debug|Any CPU
		{333354FC-B2EB-42D3-96F0-08D1276CE891}.Ad-Hoc|ARM.ActiveCfg = Debug|Any CPU
		{333354FC-B2EB-42D3-96F0-08D1276CE891}.Ad-Hoc|ARM.Build.0 = Debug|Any CPU
		{333354FC-B2EB-42D3-96F0-08D1276CE891}.Ad-Hoc|iPhone.ActiveCfg = Debug|Any CPU
		{333354FC-B2EB-42D3-96F0-08D1276CE891}.Ad-Hoc|iPhone.Build.0 = Debug|Any CPU
		{333354FC-B2EB-42D3-96F0-08D1276CE891}.Ad-Hoc|iPhoneSimulator.ActiveCfg = Debug|Any CPU
		{333354FC-B2EB-42D3-96F0-08D1276CE891}.Ad-Hoc|iPhoneSimulator.Build.0 = Debug|Any CPU
		{333354FC-B2EB-42D3-96F0-08D1276CE891}.Ad-Hoc|x64.ActiveCfg = Debug|Any CPU
		{333354FC-B2EB-42D3-96F0-08D1276CE891}.Ad-Hoc|x64.Build.0 = Debug|Any CPU
		{333354FC-B2EB-42D3-96F0-08D1276CE891}.Ad-Hoc|x86.ActiveCfg = Debug|Any CPU
		{333354FC-B2EB-42D3-96F0-08D1276CE891}.Ad-Hoc|x86.Build.0 = Debug|Any CPU
		{333354FC-B2EB-42D3-96F0-08D1276CE891}.AppStore|Any CPU.ActiveCfg = Debug|Any CPU
		{333354FC-B2EB-42D3-96F0-08D1276CE891}.AppStore|Any CPU.Build.0 = Debug|Any CPU
		{333354FC-B2EB-42D3-96F0-08D1276CE891}.AppStore|ARM.ActiveCfg = Debug|Any CPU
		{333354FC-B2EB-42D3-96F0-08D1276CE891}.AppStore|ARM.Build.0 = Debug|Any CPU
		{333354FC-B2EB-42D3-96F0-08D1276CE891}.AppStore|iPhone.ActiveCfg = Debug|Any CPU
		{333354FC-B2EB-42D3-96F0-08D1276CE891}.AppStore|iPhone.Build.0 = Debug|Any CPU
		{333354FC-B2EB-42D3-96F0-08D1276CE891}.AppStore|iPhoneSimulator.ActiveCfg = Debug|Any CPU
		{333354FC-B2EB-42D3-96F0-08D1276CE891}.AppStore|iPhoneSimulator.Build.0 = Debug|Any CPU
		{333354FC-B2EB-42D3-96F0-08D1276CE891}.AppStore|x64.ActiveCfg = Debug|Any CPU
		{333354FC-B2EB-42D3-96F0-08D1276CE891}.AppStore|x64.Build.0 = Debug|Any CPU
		{333354FC-B2EB-42D3-96F0-08D1276CE891}.AppStore|x86.ActiveCfg = Debug|Any CPU
		{333354FC-B2EB-42D3-96F0-08D1276CE891}.AppStore|x86.Build.0 = Debug|Any CPU
		{333354FC-B2EB-42D3-96F0-08D1276CE891}.Debug|Any CPU.ActiveCfg = Debug|Any CPU
		{333354FC-B2EB-42D3-96F0-08D1276CE891}.Debug|Any CPU.Build.0 = Debug|Any CPU
		{333354FC-B2EB-42D3-96F0-08D1276CE891}.Debug|ARM.ActiveCfg = Debug|Any CPU
		{333354FC-B2EB-42D3-96F0-08D1276CE891}.Debug|ARM.Build.0 = Debug|Any CPU
		{333354FC-B2EB-42D3-96F0-08D1276CE891}.Debug|iPhone.ActiveCfg = Debug|Any CPU
		{333354FC-B2EB-42D3-96F0-08D1276CE891}.Debug|iPhone.Build.0 = Debug|Any CPU
		{333354FC-B2EB-42D3-96F0-08D1276CE891}.Debug|iPhoneSimulator.ActiveCfg = Debug|Any CPU
		{333354FC-B2EB-42D3-96F0-08D1276CE891}.Debug|iPhoneSimulator.Build.0 = Debug|Any CPU
		{333354FC-B2EB-42D3-96F0-08D1276CE891}.Debug|x64.ActiveCfg = Debug|Any CPU
		{333354FC-B2EB-42D3-96F0-08D1276CE891}.Debug|x64.Build.0 = Debug|Any CPU
		{333354FC-B2EB-42D3-96F0-08D1276CE891}.Debug|x86.ActiveCfg = Debug|Any CPU
		{333354FC-B2EB-42D3-96F0-08D1276CE891}.Debug|x86.Build.0 = Debug|Any CPU
		{333354FC-B2EB-42D3-96F0-08D1276CE891}.Release|Any CPU.ActiveCfg = Release|Any CPU
		{333354FC-B2EB-42D3-96F0-08D1276CE891}.Release|Any CPU.Build.0 = Release|Any CPU
		{333354FC-B2EB-42D3-96F0-08D1276CE891}.Release|ARM.ActiveCfg = Release|Any CPU
		{333354FC-B2EB-42D3-96F0-08D1276CE891}.Release|ARM.Build.0 = Release|Any CPU
		{333354FC-B2EB-42D3-96F0-08D1276CE891}.Release|iPhone.ActiveCfg = Release|Any CPU
		{333354FC-B2EB-42D3-96F0-08D1276CE891}.Release|iPhone.Build.0 = Release|Any CPU
		{333354FC-B2EB-42D3-96F0-08D1276CE891}.Release|iPhoneSimulator.ActiveCfg = Release|Any CPU
		{333354FC-B2EB-42D3-96F0-08D1276CE891}.Release|iPhoneSimulator.Build.0 = Release|Any CPU
		{333354FC-B2EB-42D3-96F0-08D1276CE891}.Release|x64.ActiveCfg = Release|Any CPU
		{333354FC-B2EB-42D3-96F0-08D1276CE891}.Release|x64.Build.0 = Release|Any CPU
		{333354FC-B2EB-42D3-96F0-08D1276CE891}.Release|x86.ActiveCfg = Release|Any CPU
		{333354FC-B2EB-42D3-96F0-08D1276CE891}.Release|x86.Build.0 = Release|Any CPU
		{3464274E-A31C-413B-ADAE-EC6F2AA58FE7}.Ad-Hoc|Any CPU.ActiveCfg = Debug|Any CPU
		{3464274E-A31C-413B-ADAE-EC6F2AA58FE7}.Ad-Hoc|Any CPU.Build.0 = Debug|Any CPU
		{3464274E-A31C-413B-ADAE-EC6F2AA58FE7}.Ad-Hoc|ARM.ActiveCfg = Debug|Any CPU
		{3464274E-A31C-413B-ADAE-EC6F2AA58FE7}.Ad-Hoc|ARM.Build.0 = Debug|Any CPU
		{3464274E-A31C-413B-ADAE-EC6F2AA58FE7}.Ad-Hoc|iPhone.ActiveCfg = Debug|Any CPU
		{3464274E-A31C-413B-ADAE-EC6F2AA58FE7}.Ad-Hoc|iPhone.Build.0 = Debug|Any CPU
		{3464274E-A31C-413B-ADAE-EC6F2AA58FE7}.Ad-Hoc|iPhoneSimulator.ActiveCfg = Debug|Any CPU
		{3464274E-A31C-413B-ADAE-EC6F2AA58FE7}.Ad-Hoc|iPhoneSimulator.Build.0 = Debug|Any CPU
		{3464274E-A31C-413B-ADAE-EC6F2AA58FE7}.Ad-Hoc|x64.ActiveCfg = Debug|Any CPU
		{3464274E-A31C-413B-ADAE-EC6F2AA58FE7}.Ad-Hoc|x64.Build.0 = Debug|Any CPU
		{3464274E-A31C-413B-ADAE-EC6F2AA58FE7}.Ad-Hoc|x86.ActiveCfg = Debug|Any CPU
		{3464274E-A31C-413B-ADAE-EC6F2AA58FE7}.Ad-Hoc|x86.Build.0 = Debug|Any CPU
		{3464274E-A31C-413B-ADAE-EC6F2AA58FE7}.AppStore|Any CPU.ActiveCfg = Debug|Any CPU
		{3464274E-A31C-413B-ADAE-EC6F2AA58FE7}.AppStore|Any CPU.Build.0 = Debug|Any CPU
		{3464274E-A31C-413B-ADAE-EC6F2AA58FE7}.AppStore|ARM.ActiveCfg = Debug|Any CPU
		{3464274E-A31C-413B-ADAE-EC6F2AA58FE7}.AppStore|ARM.Build.0 = Debug|Any CPU
		{3464274E-A31C-413B-ADAE-EC6F2AA58FE7}.AppStore|iPhone.ActiveCfg = Debug|Any CPU
		{3464274E-A31C-413B-ADAE-EC6F2AA58FE7}.AppStore|iPhone.Build.0 = Debug|Any CPU
		{3464274E-A31C-413B-ADAE-EC6F2AA58FE7}.AppStore|iPhoneSimulator.ActiveCfg = Debug|Any CPU
		{3464274E-A31C-413B-ADAE-EC6F2AA58FE7}.AppStore|iPhoneSimulator.Build.0 = Debug|Any CPU
		{3464274E-A31C-413B-ADAE-EC6F2AA58FE7}.AppStore|x64.ActiveCfg = Debug|Any CPU
		{3464274E-A31C-413B-ADAE-EC6F2AA58FE7}.AppStore|x64.Build.0 = Debug|Any CPU
		{3464274E-A31C-413B-ADAE-EC6F2AA58FE7}.AppStore|x86.ActiveCfg = Debug|Any CPU
		{3464274E-A31C-413B-ADAE-EC6F2AA58FE7}.AppStore|x86.Build.0 = Debug|Any CPU
		{3464274E-A31C-413B-ADAE-EC6F2AA58FE7}.Debug|Any CPU.ActiveCfg = Debug|Any CPU
		{3464274E-A31C-413B-ADAE-EC6F2AA58FE7}.Debug|Any CPU.Build.0 = Debug|Any CPU
		{3464274E-A31C-413B-ADAE-EC6F2AA58FE7}.Debug|ARM.ActiveCfg = Debug|Any CPU
		{3464274E-A31C-413B-ADAE-EC6F2AA58FE7}.Debug|ARM.Build.0 = Debug|Any CPU
		{3464274E-A31C-413B-ADAE-EC6F2AA58FE7}.Debug|iPhone.ActiveCfg = Debug|Any CPU
		{3464274E-A31C-413B-ADAE-EC6F2AA58FE7}.Debug|iPhone.Build.0 = Debug|Any CPU
		{3464274E-A31C-413B-ADAE-EC6F2AA58FE7}.Debug|iPhoneSimulator.ActiveCfg = Debug|Any CPU
		{3464274E-A31C-413B-ADAE-EC6F2AA58FE7}.Debug|iPhoneSimulator.Build.0 = Debug|Any CPU
		{3464274E-A31C-413B-ADAE-EC6F2AA58FE7}.Debug|x64.ActiveCfg = Debug|Any CPU
		{3464274E-A31C-413B-ADAE-EC6F2AA58FE7}.Debug|x64.Build.0 = Debug|Any CPU
		{3464274E-A31C-413B-ADAE-EC6F2AA58FE7}.Debug|x86.ActiveCfg = Debug|Any CPU
		{3464274E-A31C-413B-ADAE-EC6F2AA58FE7}.Debug|x86.Build.0 = Debug|Any CPU
		{3464274E-A31C-413B-ADAE-EC6F2AA58FE7}.Release|Any CPU.ActiveCfg = Release|Any CPU
		{3464274E-A31C-413B-ADAE-EC6F2AA58FE7}.Release|Any CPU.Build.0 = Release|Any CPU
		{3464274E-A31C-413B-ADAE-EC6F2AA58FE7}.Release|ARM.ActiveCfg = Release|Any CPU
		{3464274E-A31C-413B-ADAE-EC6F2AA58FE7}.Release|ARM.Build.0 = Release|Any CPU
		{3464274E-A31C-413B-ADAE-EC6F2AA58FE7}.Release|iPhone.ActiveCfg = Release|Any CPU
		{3464274E-A31C-413B-ADAE-EC6F2AA58FE7}.Release|iPhone.Build.0 = Release|Any CPU
		{3464274E-A31C-413B-ADAE-EC6F2AA58FE7}.Release|iPhoneSimulator.ActiveCfg = Release|Any CPU
		{3464274E-A31C-413B-ADAE-EC6F2AA58FE7}.Release|iPhoneSimulator.Build.0 = Release|Any CPU
		{3464274E-A31C-413B-ADAE-EC6F2AA58FE7}.Release|x64.ActiveCfg = Release|Any CPU
		{3464274E-A31C-413B-ADAE-EC6F2AA58FE7}.Release|x64.Build.0 = Release|Any CPU
		{3464274E-A31C-413B-ADAE-EC6F2AA58FE7}.Release|x86.ActiveCfg = Release|Any CPU
		{3464274E-A31C-413B-ADAE-EC6F2AA58FE7}.Release|x86.Build.0 = Release|Any CPU
		{36678AA1-8E72-4623-A852-D6C56500BFA4}.Ad-Hoc|Any CPU.ActiveCfg = Debug|Any CPU
		{36678AA1-8E72-4623-A852-D6C56500BFA4}.Ad-Hoc|Any CPU.Build.0 = Debug|Any CPU
		{36678AA1-8E72-4623-A852-D6C56500BFA4}.Ad-Hoc|ARM.ActiveCfg = Debug|Any CPU
		{36678AA1-8E72-4623-A852-D6C56500BFA4}.Ad-Hoc|ARM.Build.0 = Debug|Any CPU
		{36678AA1-8E72-4623-A852-D6C56500BFA4}.Ad-Hoc|iPhone.ActiveCfg = Debug|Any CPU
		{36678AA1-8E72-4623-A852-D6C56500BFA4}.Ad-Hoc|iPhone.Build.0 = Debug|Any CPU
		{36678AA1-8E72-4623-A852-D6C56500BFA4}.Ad-Hoc|iPhoneSimulator.ActiveCfg = Debug|Any CPU
		{36678AA1-8E72-4623-A852-D6C56500BFA4}.Ad-Hoc|iPhoneSimulator.Build.0 = Debug|Any CPU
		{36678AA1-8E72-4623-A852-D6C56500BFA4}.Ad-Hoc|x64.ActiveCfg = Debug|Any CPU
		{36678AA1-8E72-4623-A852-D6C56500BFA4}.Ad-Hoc|x64.Build.0 = Debug|Any CPU
		{36678AA1-8E72-4623-A852-D6C56500BFA4}.Ad-Hoc|x86.ActiveCfg = Debug|Any CPU
		{36678AA1-8E72-4623-A852-D6C56500BFA4}.Ad-Hoc|x86.Build.0 = Debug|Any CPU
		{36678AA1-8E72-4623-A852-D6C56500BFA4}.AppStore|Any CPU.ActiveCfg = Debug|Any CPU
		{36678AA1-8E72-4623-A852-D6C56500BFA4}.AppStore|Any CPU.Build.0 = Debug|Any CPU
		{36678AA1-8E72-4623-A852-D6C56500BFA4}.AppStore|ARM.ActiveCfg = Debug|Any CPU
		{36678AA1-8E72-4623-A852-D6C56500BFA4}.AppStore|ARM.Build.0 = Debug|Any CPU
		{36678AA1-8E72-4623-A852-D6C56500BFA4}.AppStore|iPhone.ActiveCfg = Debug|Any CPU
		{36678AA1-8E72-4623-A852-D6C56500BFA4}.AppStore|iPhone.Build.0 = Debug|Any CPU
		{36678AA1-8E72-4623-A852-D6C56500BFA4}.AppStore|iPhoneSimulator.ActiveCfg = Debug|Any CPU
		{36678AA1-8E72-4623-A852-D6C56500BFA4}.AppStore|iPhoneSimulator.Build.0 = Debug|Any CPU
		{36678AA1-8E72-4623-A852-D6C56500BFA4}.AppStore|x64.ActiveCfg = Debug|Any CPU
		{36678AA1-8E72-4623-A852-D6C56500BFA4}.AppStore|x64.Build.0 = Debug|Any CPU
		{36678AA1-8E72-4623-A852-D6C56500BFA4}.AppStore|x86.ActiveCfg = Debug|Any CPU
		{36678AA1-8E72-4623-A852-D6C56500BFA4}.AppStore|x86.Build.0 = Debug|Any CPU
		{36678AA1-8E72-4623-A852-D6C56500BFA4}.Debug|Any CPU.ActiveCfg = Debug|Any CPU
		{36678AA1-8E72-4623-A852-D6C56500BFA4}.Debug|Any CPU.Build.0 = Debug|Any CPU
		{36678AA1-8E72-4623-A852-D6C56500BFA4}.Debug|ARM.ActiveCfg = Debug|Any CPU
		{36678AA1-8E72-4623-A852-D6C56500BFA4}.Debug|ARM.Build.0 = Debug|Any CPU
		{36678AA1-8E72-4623-A852-D6C56500BFA4}.Debug|iPhone.ActiveCfg = Debug|Any CPU
		{36678AA1-8E72-4623-A852-D6C56500BFA4}.Debug|iPhone.Build.0 = Debug|Any CPU
		{36678AA1-8E72-4623-A852-D6C56500BFA4}.Debug|iPhoneSimulator.ActiveCfg = Debug|Any CPU
		{36678AA1-8E72-4623-A852-D6C56500BFA4}.Debug|iPhoneSimulator.Build.0 = Debug|Any CPU
		{36678AA1-8E72-4623-A852-D6C56500BFA4}.Debug|x64.ActiveCfg = Debug|Any CPU
		{36678AA1-8E72-4623-A852-D6C56500BFA4}.Debug|x64.Build.0 = Debug|Any CPU
		{36678AA1-8E72-4623-A852-D6C56500BFA4}.Debug|x86.ActiveCfg = Debug|Any CPU
		{36678AA1-8E72-4623-A852-D6C56500BFA4}.Debug|x86.Build.0 = Debug|Any CPU
		{36678AA1-8E72-4623-A852-D6C56500BFA4}.Release|Any CPU.ActiveCfg = Release|Any CPU
		{36678AA1-8E72-4623-A852-D6C56500BFA4}.Release|Any CPU.Build.0 = Release|Any CPU
		{36678AA1-8E72-4623-A852-D6C56500BFA4}.Release|ARM.ActiveCfg = Release|Any CPU
		{36678AA1-8E72-4623-A852-D6C56500BFA4}.Release|ARM.Build.0 = Release|Any CPU
		{36678AA1-8E72-4623-A852-D6C56500BFA4}.Release|iPhone.ActiveCfg = Release|Any CPU
		{36678AA1-8E72-4623-A852-D6C56500BFA4}.Release|iPhone.Build.0 = Release|Any CPU
		{36678AA1-8E72-4623-A852-D6C56500BFA4}.Release|iPhoneSimulator.ActiveCfg = Release|Any CPU
		{36678AA1-8E72-4623-A852-D6C56500BFA4}.Release|iPhoneSimulator.Build.0 = Release|Any CPU
		{36678AA1-8E72-4623-A852-D6C56500BFA4}.Release|x64.ActiveCfg = Release|Any CPU
		{36678AA1-8E72-4623-A852-D6C56500BFA4}.Release|x64.Build.0 = Release|Any CPU
		{36678AA1-8E72-4623-A852-D6C56500BFA4}.Release|x86.ActiveCfg = Release|Any CPU
		{36678AA1-8E72-4623-A852-D6C56500BFA4}.Release|x86.Build.0 = Release|Any CPU
		{3DCE5F2C-9F87-4977-A885-4CBB675B63E3}.Ad-Hoc|Any CPU.ActiveCfg = Debug|Any CPU
		{3DCE5F2C-9F87-4977-A885-4CBB675B63E3}.Ad-Hoc|Any CPU.Build.0 = Debug|Any CPU
		{3DCE5F2C-9F87-4977-A885-4CBB675B63E3}.Ad-Hoc|ARM.ActiveCfg = Debug|Any CPU
		{3DCE5F2C-9F87-4977-A885-4CBB675B63E3}.Ad-Hoc|ARM.Build.0 = Debug|Any CPU
		{3DCE5F2C-9F87-4977-A885-4CBB675B63E3}.Ad-Hoc|iPhone.ActiveCfg = Debug|Any CPU
		{3DCE5F2C-9F87-4977-A885-4CBB675B63E3}.Ad-Hoc|iPhone.Build.0 = Debug|Any CPU
		{3DCE5F2C-9F87-4977-A885-4CBB675B63E3}.Ad-Hoc|iPhoneSimulator.ActiveCfg = Debug|Any CPU
		{3DCE5F2C-9F87-4977-A885-4CBB675B63E3}.Ad-Hoc|iPhoneSimulator.Build.0 = Debug|Any CPU
		{3DCE5F2C-9F87-4977-A885-4CBB675B63E3}.Ad-Hoc|x64.ActiveCfg = Debug|Any CPU
		{3DCE5F2C-9F87-4977-A885-4CBB675B63E3}.Ad-Hoc|x64.Build.0 = Debug|Any CPU
		{3DCE5F2C-9F87-4977-A885-4CBB675B63E3}.Ad-Hoc|x86.ActiveCfg = Debug|Any CPU
		{3DCE5F2C-9F87-4977-A885-4CBB675B63E3}.Ad-Hoc|x86.Build.0 = Debug|Any CPU
		{3DCE5F2C-9F87-4977-A885-4CBB675B63E3}.AppStore|Any CPU.ActiveCfg = Debug|Any CPU
		{3DCE5F2C-9F87-4977-A885-4CBB675B63E3}.AppStore|Any CPU.Build.0 = Debug|Any CPU
		{3DCE5F2C-9F87-4977-A885-4CBB675B63E3}.AppStore|ARM.ActiveCfg = Debug|Any CPU
		{3DCE5F2C-9F87-4977-A885-4CBB675B63E3}.AppStore|ARM.Build.0 = Debug|Any CPU
		{3DCE5F2C-9F87-4977-A885-4CBB675B63E3}.AppStore|iPhone.ActiveCfg = Debug|Any CPU
		{3DCE5F2C-9F87-4977-A885-4CBB675B63E3}.AppStore|iPhone.Build.0 = Debug|Any CPU
		{3DCE5F2C-9F87-4977-A885-4CBB675B63E3}.AppStore|iPhoneSimulator.ActiveCfg = Debug|Any CPU
		{3DCE5F2C-9F87-4977-A885-4CBB675B63E3}.AppStore|iPhoneSimulator.Build.0 = Debug|Any CPU
		{3DCE5F2C-9F87-4977-A885-4CBB675B63E3}.AppStore|x64.ActiveCfg = Debug|Any CPU
		{3DCE5F2C-9F87-4977-A885-4CBB675B63E3}.AppStore|x64.Build.0 = Debug|Any CPU
		{3DCE5F2C-9F87-4977-A885-4CBB675B63E3}.AppStore|x86.ActiveCfg = Debug|Any CPU
		{3DCE5F2C-9F87-4977-A885-4CBB675B63E3}.AppStore|x86.Build.0 = Debug|Any CPU
		{3DCE5F2C-9F87-4977-A885-4CBB675B63E3}.Debug|Any CPU.ActiveCfg = Debug|Any CPU
		{3DCE5F2C-9F87-4977-A885-4CBB675B63E3}.Debug|Any CPU.Build.0 = Debug|Any CPU
		{3DCE5F2C-9F87-4977-A885-4CBB675B63E3}.Debug|ARM.ActiveCfg = Debug|Any CPU
		{3DCE5F2C-9F87-4977-A885-4CBB675B63E3}.Debug|ARM.Build.0 = Debug|Any CPU
		{3DCE5F2C-9F87-4977-A885-4CBB675B63E3}.Debug|iPhone.ActiveCfg = Debug|Any CPU
		{3DCE5F2C-9F87-4977-A885-4CBB675B63E3}.Debug|iPhone.Build.0 = Debug|Any CPU
		{3DCE5F2C-9F87-4977-A885-4CBB675B63E3}.Debug|iPhoneSimulator.ActiveCfg = Debug|Any CPU
		{3DCE5F2C-9F87-4977-A885-4CBB675B63E3}.Debug|iPhoneSimulator.Build.0 = Debug|Any CPU
		{3DCE5F2C-9F87-4977-A885-4CBB675B63E3}.Debug|x64.ActiveCfg = Debug|Any CPU
		{3DCE5F2C-9F87-4977-A885-4CBB675B63E3}.Debug|x64.Build.0 = Debug|Any CPU
		{3DCE5F2C-9F87-4977-A885-4CBB675B63E3}.Debug|x86.ActiveCfg = Debug|Any CPU
		{3DCE5F2C-9F87-4977-A885-4CBB675B63E3}.Debug|x86.Build.0 = Debug|Any CPU
		{3DCE5F2C-9F87-4977-A885-4CBB675B63E3}.Release|Any CPU.ActiveCfg = Release|Any CPU
		{3DCE5F2C-9F87-4977-A885-4CBB675B63E3}.Release|Any CPU.Build.0 = Release|Any CPU
		{3DCE5F2C-9F87-4977-A885-4CBB675B63E3}.Release|ARM.ActiveCfg = Release|Any CPU
		{3DCE5F2C-9F87-4977-A885-4CBB675B63E3}.Release|ARM.Build.0 = Release|Any CPU
		{3DCE5F2C-9F87-4977-A885-4CBB675B63E3}.Release|iPhone.ActiveCfg = Release|Any CPU
		{3DCE5F2C-9F87-4977-A885-4CBB675B63E3}.Release|iPhone.Build.0 = Release|Any CPU
		{3DCE5F2C-9F87-4977-A885-4CBB675B63E3}.Release|iPhoneSimulator.ActiveCfg = Release|Any CPU
		{3DCE5F2C-9F87-4977-A885-4CBB675B63E3}.Release|iPhoneSimulator.Build.0 = Release|Any CPU
		{3DCE5F2C-9F87-4977-A885-4CBB675B63E3}.Release|x64.ActiveCfg = Release|Any CPU
		{3DCE5F2C-9F87-4977-A885-4CBB675B63E3}.Release|x64.Build.0 = Release|Any CPU
		{3DCE5F2C-9F87-4977-A885-4CBB675B63E3}.Release|x86.ActiveCfg = Release|Any CPU
		{3DCE5F2C-9F87-4977-A885-4CBB675B63E3}.Release|x86.Build.0 = Release|Any CPU
		{481798A7-D1A2-4984-83D1-B82F93C91469}.Ad-Hoc|Any CPU.ActiveCfg = Debug|Any CPU
		{481798A7-D1A2-4984-83D1-B82F93C91469}.Ad-Hoc|Any CPU.Build.0 = Debug|Any CPU
		{481798A7-D1A2-4984-83D1-B82F93C91469}.Ad-Hoc|ARM.ActiveCfg = Debug|Any CPU
		{481798A7-D1A2-4984-83D1-B82F93C91469}.Ad-Hoc|ARM.Build.0 = Debug|Any CPU
		{481798A7-D1A2-4984-83D1-B82F93C91469}.Ad-Hoc|iPhone.ActiveCfg = Debug|Any CPU
		{481798A7-D1A2-4984-83D1-B82F93C91469}.Ad-Hoc|iPhone.Build.0 = Debug|Any CPU
		{481798A7-D1A2-4984-83D1-B82F93C91469}.Ad-Hoc|iPhoneSimulator.ActiveCfg = Debug|Any CPU
		{481798A7-D1A2-4984-83D1-B82F93C91469}.Ad-Hoc|iPhoneSimulator.Build.0 = Debug|Any CPU
		{481798A7-D1A2-4984-83D1-B82F93C91469}.Ad-Hoc|x64.ActiveCfg = Debug|Any CPU
		{481798A7-D1A2-4984-83D1-B82F93C91469}.Ad-Hoc|x64.Build.0 = Debug|Any CPU
		{481798A7-D1A2-4984-83D1-B82F93C91469}.Ad-Hoc|x86.ActiveCfg = Debug|Any CPU
		{481798A7-D1A2-4984-83D1-B82F93C91469}.Ad-Hoc|x86.Build.0 = Debug|Any CPU
		{481798A7-D1A2-4984-83D1-B82F93C91469}.AppStore|Any CPU.ActiveCfg = Debug|Any CPU
		{481798A7-D1A2-4984-83D1-B82F93C91469}.AppStore|Any CPU.Build.0 = Debug|Any CPU
		{481798A7-D1A2-4984-83D1-B82F93C91469}.AppStore|ARM.ActiveCfg = Debug|Any CPU
		{481798A7-D1A2-4984-83D1-B82F93C91469}.AppStore|ARM.Build.0 = Debug|Any CPU
		{481798A7-D1A2-4984-83D1-B82F93C91469}.AppStore|iPhone.ActiveCfg = Debug|Any CPU
		{481798A7-D1A2-4984-83D1-B82F93C91469}.AppStore|iPhone.Build.0 = Debug|Any CPU
		{481798A7-D1A2-4984-83D1-B82F93C91469}.AppStore|iPhoneSimulator.ActiveCfg = Debug|Any CPU
		{481798A7-D1A2-4984-83D1-B82F93C91469}.AppStore|iPhoneSimulator.Build.0 = Debug|Any CPU
		{481798A7-D1A2-4984-83D1-B82F93C91469}.AppStore|x64.ActiveCfg = Debug|Any CPU
		{481798A7-D1A2-4984-83D1-B82F93C91469}.AppStore|x64.Build.0 = Debug|Any CPU
		{481798A7-D1A2-4984-83D1-B82F93C91469}.AppStore|x86.ActiveCfg = Debug|Any CPU
		{481798A7-D1A2-4984-83D1-B82F93C91469}.AppStore|x86.Build.0 = Debug|Any CPU
		{481798A7-D1A2-4984-83D1-B82F93C91469}.Debug|Any CPU.ActiveCfg = Debug|Any CPU
		{481798A7-D1A2-4984-83D1-B82F93C91469}.Debug|Any CPU.Build.0 = Debug|Any CPU
		{481798A7-D1A2-4984-83D1-B82F93C91469}.Debug|ARM.ActiveCfg = Debug|Any CPU
		{481798A7-D1A2-4984-83D1-B82F93C91469}.Debug|ARM.Build.0 = Debug|Any CPU
		{481798A7-D1A2-4984-83D1-B82F93C91469}.Debug|iPhone.ActiveCfg = Debug|Any CPU
		{481798A7-D1A2-4984-83D1-B82F93C91469}.Debug|iPhone.Build.0 = Debug|Any CPU
		{481798A7-D1A2-4984-83D1-B82F93C91469}.Debug|iPhoneSimulator.ActiveCfg = Debug|Any CPU
		{481798A7-D1A2-4984-83D1-B82F93C91469}.Debug|iPhoneSimulator.Build.0 = Debug|Any CPU
		{481798A7-D1A2-4984-83D1-B82F93C91469}.Debug|x64.ActiveCfg = Debug|Any CPU
		{481798A7-D1A2-4984-83D1-B82F93C91469}.Debug|x64.Build.0 = Debug|Any CPU
		{481798A7-D1A2-4984-83D1-B82F93C91469}.Debug|x86.ActiveCfg = Debug|Any CPU
		{481798A7-D1A2-4984-83D1-B82F93C91469}.Debug|x86.Build.0 = Debug|Any CPU
		{481798A7-D1A2-4984-83D1-B82F93C91469}.Release|Any CPU.ActiveCfg = Release|Any CPU
		{481798A7-D1A2-4984-83D1-B82F93C91469}.Release|Any CPU.Build.0 = Release|Any CPU
		{481798A7-D1A2-4984-83D1-B82F93C91469}.Release|ARM.ActiveCfg = Release|Any CPU
		{481798A7-D1A2-4984-83D1-B82F93C91469}.Release|ARM.Build.0 = Release|Any CPU
		{481798A7-D1A2-4984-83D1-B82F93C91469}.Release|iPhone.ActiveCfg = Release|Any CPU
		{481798A7-D1A2-4984-83D1-B82F93C91469}.Release|iPhone.Build.0 = Release|Any CPU
		{481798A7-D1A2-4984-83D1-B82F93C91469}.Release|iPhoneSimulator.ActiveCfg = Release|Any CPU
		{481798A7-D1A2-4984-83D1-B82F93C91469}.Release|iPhoneSimulator.Build.0 = Release|Any CPU
		{481798A7-D1A2-4984-83D1-B82F93C91469}.Release|x64.ActiveCfg = Release|Any CPU
		{481798A7-D1A2-4984-83D1-B82F93C91469}.Release|x64.Build.0 = Release|Any CPU
		{481798A7-D1A2-4984-83D1-B82F93C91469}.Release|x86.ActiveCfg = Release|Any CPU
		{481798A7-D1A2-4984-83D1-B82F93C91469}.Release|x86.Build.0 = Release|Any CPU
		{56E12270-52FA-4C5E-B4C5-8C05596A283D}.Ad-Hoc|Any CPU.ActiveCfg = Debug|Any CPU
		{56E12270-52FA-4C5E-B4C5-8C05596A283D}.Ad-Hoc|Any CPU.Build.0 = Debug|Any CPU
		{56E12270-52FA-4C5E-B4C5-8C05596A283D}.Ad-Hoc|ARM.ActiveCfg = Debug|Any CPU
		{56E12270-52FA-4C5E-B4C5-8C05596A283D}.Ad-Hoc|ARM.Build.0 = Debug|Any CPU
		{56E12270-52FA-4C5E-B4C5-8C05596A283D}.Ad-Hoc|iPhone.ActiveCfg = Debug|Any CPU
		{56E12270-52FA-4C5E-B4C5-8C05596A283D}.Ad-Hoc|iPhone.Build.0 = Debug|Any CPU
		{56E12270-52FA-4C5E-B4C5-8C05596A283D}.Ad-Hoc|iPhoneSimulator.ActiveCfg = Debug|Any CPU
		{56E12270-52FA-4C5E-B4C5-8C05596A283D}.Ad-Hoc|iPhoneSimulator.Build.0 = Debug|Any CPU
		{56E12270-52FA-4C5E-B4C5-8C05596A283D}.Ad-Hoc|x64.ActiveCfg = Debug|Any CPU
		{56E12270-52FA-4C5E-B4C5-8C05596A283D}.Ad-Hoc|x64.Build.0 = Debug|Any CPU
		{56E12270-52FA-4C5E-B4C5-8C05596A283D}.Ad-Hoc|x86.ActiveCfg = Debug|Any CPU
		{56E12270-52FA-4C5E-B4C5-8C05596A283D}.Ad-Hoc|x86.Build.0 = Debug|Any CPU
		{56E12270-52FA-4C5E-B4C5-8C05596A283D}.AppStore|Any CPU.ActiveCfg = Debug|Any CPU
		{56E12270-52FA-4C5E-B4C5-8C05596A283D}.AppStore|Any CPU.Build.0 = Debug|Any CPU
		{56E12270-52FA-4C5E-B4C5-8C05596A283D}.AppStore|ARM.ActiveCfg = Debug|Any CPU
		{56E12270-52FA-4C5E-B4C5-8C05596A283D}.AppStore|ARM.Build.0 = Debug|Any CPU
		{56E12270-52FA-4C5E-B4C5-8C05596A283D}.AppStore|iPhone.ActiveCfg = Debug|Any CPU
		{56E12270-52FA-4C5E-B4C5-8C05596A283D}.AppStore|iPhone.Build.0 = Debug|Any CPU
		{56E12270-52FA-4C5E-B4C5-8C05596A283D}.AppStore|iPhoneSimulator.ActiveCfg = Debug|Any CPU
		{56E12270-52FA-4C5E-B4C5-8C05596A283D}.AppStore|iPhoneSimulator.Build.0 = Debug|Any CPU
		{56E12270-52FA-4C5E-B4C5-8C05596A283D}.AppStore|x64.ActiveCfg = Debug|Any CPU
		{56E12270-52FA-4C5E-B4C5-8C05596A283D}.AppStore|x64.Build.0 = Debug|Any CPU
		{56E12270-52FA-4C5E-B4C5-8C05596A283D}.AppStore|x86.ActiveCfg = Debug|Any CPU
		{56E12270-52FA-4C5E-B4C5-8C05596A283D}.AppStore|x86.Build.0 = Debug|Any CPU
		{56E12270-52FA-4C5E-B4C5-8C05596A283D}.Debug|Any CPU.ActiveCfg = Debug|Any CPU
		{56E12270-52FA-4C5E-B4C5-8C05596A283D}.Debug|Any CPU.Build.0 = Debug|Any CPU
		{56E12270-52FA-4C5E-B4C5-8C05596A283D}.Debug|ARM.ActiveCfg = Debug|Any CPU
		{56E12270-52FA-4C5E-B4C5-8C05596A283D}.Debug|ARM.Build.0 = Debug|Any CPU
		{56E12270-52FA-4C5E-B4C5-8C05596A283D}.Debug|iPhone.ActiveCfg = Debug|Any CPU
		{56E12270-52FA-4C5E-B4C5-8C05596A283D}.Debug|iPhone.Build.0 = Debug|Any CPU
		{56E12270-52FA-4C5E-B4C5-8C05596A283D}.Debug|iPhoneSimulator.ActiveCfg = Debug|Any CPU
		{56E12270-52FA-4C5E-B4C5-8C05596A283D}.Debug|iPhoneSimulator.Build.0 = Debug|Any CPU
		{56E12270-52FA-4C5E-B4C5-8C05596A283D}.Debug|x64.ActiveCfg = Debug|Any CPU
		{56E12270-52FA-4C5E-B4C5-8C05596A283D}.Debug|x64.Build.0 = Debug|Any CPU
		{56E12270-52FA-4C5E-B4C5-8C05596A283D}.Debug|x86.ActiveCfg = Debug|Any CPU
		{56E12270-52FA-4C5E-B4C5-8C05596A283D}.Debug|x86.Build.0 = Debug|Any CPU
		{56E12270-52FA-4C5E-B4C5-8C05596A283D}.Release|Any CPU.ActiveCfg = Release|Any CPU
		{56E12270-52FA-4C5E-B4C5-8C05596A283D}.Release|Any CPU.Build.0 = Release|Any CPU
		{56E12270-52FA-4C5E-B4C5-8C05596A283D}.Release|ARM.ActiveCfg = Release|Any CPU
		{56E12270-52FA-4C5E-B4C5-8C05596A283D}.Release|ARM.Build.0 = Release|Any CPU
		{56E12270-52FA-4C5E-B4C5-8C05596A283D}.Release|iPhone.ActiveCfg = Release|Any CPU
		{56E12270-52FA-4C5E-B4C5-8C05596A283D}.Release|iPhone.Build.0 = Release|Any CPU
		{56E12270-52FA-4C5E-B4C5-8C05596A283D}.Release|iPhoneSimulator.ActiveCfg = Release|Any CPU
		{56E12270-52FA-4C5E-B4C5-8C05596A283D}.Release|iPhoneSimulator.Build.0 = Release|Any CPU
		{56E12270-52FA-4C5E-B4C5-8C05596A283D}.Release|x64.ActiveCfg = Release|Any CPU
		{56E12270-52FA-4C5E-B4C5-8C05596A283D}.Release|x64.Build.0 = Release|Any CPU
		{56E12270-52FA-4C5E-B4C5-8C05596A283D}.Release|x86.ActiveCfg = Release|Any CPU
		{56E12270-52FA-4C5E-B4C5-8C05596A283D}.Release|x86.Build.0 = Release|Any CPU
		{57841E09-0699-4ED5-8835-DB64B650F437}.Ad-Hoc|Any CPU.ActiveCfg = Debug|Any CPU
		{57841E09-0699-4ED5-8835-DB64B650F437}.Ad-Hoc|Any CPU.Build.0 = Debug|Any CPU
		{57841E09-0699-4ED5-8835-DB64B650F437}.Ad-Hoc|ARM.ActiveCfg = Debug|Any CPU
		{57841E09-0699-4ED5-8835-DB64B650F437}.Ad-Hoc|ARM.Build.0 = Debug|Any CPU
		{57841E09-0699-4ED5-8835-DB64B650F437}.Ad-Hoc|iPhone.ActiveCfg = Debug|Any CPU
		{57841E09-0699-4ED5-8835-DB64B650F437}.Ad-Hoc|iPhone.Build.0 = Debug|Any CPU
		{57841E09-0699-4ED5-8835-DB64B650F437}.Ad-Hoc|iPhoneSimulator.ActiveCfg = Debug|Any CPU
		{57841E09-0699-4ED5-8835-DB64B650F437}.Ad-Hoc|iPhoneSimulator.Build.0 = Debug|Any CPU
		{57841E09-0699-4ED5-8835-DB64B650F437}.Ad-Hoc|x64.ActiveCfg = Debug|Any CPU
		{57841E09-0699-4ED5-8835-DB64B650F437}.Ad-Hoc|x64.Build.0 = Debug|Any CPU
		{57841E09-0699-4ED5-8835-DB64B650F437}.Ad-Hoc|x86.ActiveCfg = Debug|Any CPU
		{57841E09-0699-4ED5-8835-DB64B650F437}.Ad-Hoc|x86.Build.0 = Debug|Any CPU
		{57841E09-0699-4ED5-8835-DB64B650F437}.AppStore|Any CPU.ActiveCfg = Debug|Any CPU
		{57841E09-0699-4ED5-8835-DB64B650F437}.AppStore|Any CPU.Build.0 = Debug|Any CPU
		{57841E09-0699-4ED5-8835-DB64B650F437}.AppStore|ARM.ActiveCfg = Debug|Any CPU
		{57841E09-0699-4ED5-8835-DB64B650F437}.AppStore|ARM.Build.0 = Debug|Any CPU
		{57841E09-0699-4ED5-8835-DB64B650F437}.AppStore|iPhone.ActiveCfg = Debug|Any CPU
		{57841E09-0699-4ED5-8835-DB64B650F437}.AppStore|iPhone.Build.0 = Debug|Any CPU
		{57841E09-0699-4ED5-8835-DB64B650F437}.AppStore|iPhoneSimulator.ActiveCfg = Debug|Any CPU
		{57841E09-0699-4ED5-8835-DB64B650F437}.AppStore|iPhoneSimulator.Build.0 = Debug|Any CPU
		{57841E09-0699-4ED5-8835-DB64B650F437}.AppStore|x64.ActiveCfg = Debug|Any CPU
		{57841E09-0699-4ED5-8835-DB64B650F437}.AppStore|x64.Build.0 = Debug|Any CPU
		{57841E09-0699-4ED5-8835-DB64B650F437}.AppStore|x86.ActiveCfg = Debug|Any CPU
		{57841E09-0699-4ED5-8835-DB64B650F437}.AppStore|x86.Build.0 = Debug|Any CPU
		{57841E09-0699-4ED5-8835-DB64B650F437}.Debug|Any CPU.ActiveCfg = Debug|Any CPU
		{57841E09-0699-4ED5-8835-DB64B650F437}.Debug|Any CPU.Build.0 = Debug|Any CPU
		{57841E09-0699-4ED5-8835-DB64B650F437}.Debug|ARM.ActiveCfg = Debug|ARM
		{57841E09-0699-4ED5-8835-DB64B650F437}.Debug|ARM.Build.0 = Debug|ARM
		{57841E09-0699-4ED5-8835-DB64B650F437}.Debug|iPhone.ActiveCfg = Debug|Any CPU
		{57841E09-0699-4ED5-8835-DB64B650F437}.Debug|iPhone.Build.0 = Debug|Any CPU
		{57841E09-0699-4ED5-8835-DB64B650F437}.Debug|iPhoneSimulator.ActiveCfg = Debug|Any CPU
		{57841E09-0699-4ED5-8835-DB64B650F437}.Debug|iPhoneSimulator.Build.0 = Debug|Any CPU
		{57841E09-0699-4ED5-8835-DB64B650F437}.Debug|x64.ActiveCfg = Debug|x64
		{57841E09-0699-4ED5-8835-DB64B650F437}.Debug|x64.Build.0 = Debug|x64
		{57841E09-0699-4ED5-8835-DB64B650F437}.Debug|x86.ActiveCfg = Debug|x86
		{57841E09-0699-4ED5-8835-DB64B650F437}.Debug|x86.Build.0 = Debug|x86
		{57841E09-0699-4ED5-8835-DB64B650F437}.Release|Any CPU.ActiveCfg = Release|Any CPU
		{57841E09-0699-4ED5-8835-DB64B650F437}.Release|Any CPU.Build.0 = Release|Any CPU
		{57841E09-0699-4ED5-8835-DB64B650F437}.Release|ARM.ActiveCfg = Release|ARM
		{57841E09-0699-4ED5-8835-DB64B650F437}.Release|ARM.Build.0 = Release|ARM
		{57841E09-0699-4ED5-8835-DB64B650F437}.Release|iPhone.ActiveCfg = Release|Any CPU
		{57841E09-0699-4ED5-8835-DB64B650F437}.Release|iPhone.Build.0 = Release|Any CPU
		{57841E09-0699-4ED5-8835-DB64B650F437}.Release|iPhoneSimulator.ActiveCfg = Release|Any CPU
		{57841E09-0699-4ED5-8835-DB64B650F437}.Release|iPhoneSimulator.Build.0 = Release|Any CPU
		{57841E09-0699-4ED5-8835-DB64B650F437}.Release|x64.ActiveCfg = Release|x64
		{57841E09-0699-4ED5-8835-DB64B650F437}.Release|x64.Build.0 = Release|x64
		{57841E09-0699-4ED5-8835-DB64B650F437}.Release|x86.ActiveCfg = Release|x86
		{57841E09-0699-4ED5-8835-DB64B650F437}.Release|x86.Build.0 = Release|x86
		{6B29C330-D88A-4056-9917-832D30D806F7}.Ad-Hoc|Any CPU.ActiveCfg = Debug|Any CPU
		{6B29C330-D88A-4056-9917-832D30D806F7}.Ad-Hoc|Any CPU.Build.0 = Debug|Any CPU
		{6B29C330-D88A-4056-9917-832D30D806F7}.Ad-Hoc|ARM.ActiveCfg = Debug|Any CPU
		{6B29C330-D88A-4056-9917-832D30D806F7}.Ad-Hoc|ARM.Build.0 = Debug|Any CPU
		{6B29C330-D88A-4056-9917-832D30D806F7}.Ad-Hoc|iPhone.ActiveCfg = Debug|Any CPU
		{6B29C330-D88A-4056-9917-832D30D806F7}.Ad-Hoc|iPhone.Build.0 = Debug|Any CPU
		{6B29C330-D88A-4056-9917-832D30D806F7}.Ad-Hoc|iPhoneSimulator.ActiveCfg = Debug|Any CPU
		{6B29C330-D88A-4056-9917-832D30D806F7}.Ad-Hoc|iPhoneSimulator.Build.0 = Debug|Any CPU
		{6B29C330-D88A-4056-9917-832D30D806F7}.Ad-Hoc|x64.ActiveCfg = Debug|Any CPU
		{6B29C330-D88A-4056-9917-832D30D806F7}.Ad-Hoc|x64.Build.0 = Debug|Any CPU
		{6B29C330-D88A-4056-9917-832D30D806F7}.Ad-Hoc|x86.ActiveCfg = Debug|Any CPU
		{6B29C330-D88A-4056-9917-832D30D806F7}.Ad-Hoc|x86.Build.0 = Debug|Any CPU
		{6B29C330-D88A-4056-9917-832D30D806F7}.AppStore|Any CPU.ActiveCfg = Debug|Any CPU
		{6B29C330-D88A-4056-9917-832D30D806F7}.AppStore|Any CPU.Build.0 = Debug|Any CPU
		{6B29C330-D88A-4056-9917-832D30D806F7}.AppStore|ARM.ActiveCfg = Debug|Any CPU
		{6B29C330-D88A-4056-9917-832D30D806F7}.AppStore|ARM.Build.0 = Debug|Any CPU
		{6B29C330-D88A-4056-9917-832D30D806F7}.AppStore|iPhone.ActiveCfg = Debug|Any CPU
		{6B29C330-D88A-4056-9917-832D30D806F7}.AppStore|iPhone.Build.0 = Debug|Any CPU
		{6B29C330-D88A-4056-9917-832D30D806F7}.AppStore|iPhoneSimulator.ActiveCfg = Debug|Any CPU
		{6B29C330-D88A-4056-9917-832D30D806F7}.AppStore|iPhoneSimulator.Build.0 = Debug|Any CPU
		{6B29C330-D88A-4056-9917-832D30D806F7}.AppStore|x64.ActiveCfg = Debug|Any CPU
		{6B29C330-D88A-4056-9917-832D30D806F7}.AppStore|x64.Build.0 = Debug|Any CPU
		{6B29C330-D88A-4056-9917-832D30D806F7}.AppStore|x86.ActiveCfg = Debug|Any CPU
		{6B29C330-D88A-4056-9917-832D30D806F7}.AppStore|x86.Build.0 = Debug|Any CPU
		{6B29C330-D88A-4056-9917-832D30D806F7}.Debug|Any CPU.ActiveCfg = Debug|Any CPU
		{6B29C330-D88A-4056-9917-832D30D806F7}.Debug|Any CPU.Build.0 = Debug|Any CPU
		{6B29C330-D88A-4056-9917-832D30D806F7}.Debug|ARM.ActiveCfg = Debug|Any CPU
		{6B29C330-D88A-4056-9917-832D30D806F7}.Debug|ARM.Build.0 = Debug|Any CPU
		{6B29C330-D88A-4056-9917-832D30D806F7}.Debug|iPhone.ActiveCfg = Debug|Any CPU
		{6B29C330-D88A-4056-9917-832D30D806F7}.Debug|iPhone.Build.0 = Debug|Any CPU
		{6B29C330-D88A-4056-9917-832D30D806F7}.Debug|iPhoneSimulator.ActiveCfg = Debug|Any CPU
		{6B29C330-D88A-4056-9917-832D30D806F7}.Debug|iPhoneSimulator.Build.0 = Debug|Any CPU
		{6B29C330-D88A-4056-9917-832D30D806F7}.Debug|x64.ActiveCfg = Debug|Any CPU
		{6B29C330-D88A-4056-9917-832D30D806F7}.Debug|x64.Build.0 = Debug|Any CPU
		{6B29C330-D88A-4056-9917-832D30D806F7}.Debug|x86.ActiveCfg = Debug|Any CPU
		{6B29C330-D88A-4056-9917-832D30D806F7}.Debug|x86.Build.0 = Debug|Any CPU
		{6B29C330-D88A-4056-9917-832D30D806F7}.Release|Any CPU.ActiveCfg = Release|Any CPU
		{6B29C330-D88A-4056-9917-832D30D806F7}.Release|Any CPU.Build.0 = Release|Any CPU
		{6B29C330-D88A-4056-9917-832D30D806F7}.Release|ARM.ActiveCfg = Release|Any CPU
		{6B29C330-D88A-4056-9917-832D30D806F7}.Release|ARM.Build.0 = Release|Any CPU
		{6B29C330-D88A-4056-9917-832D30D806F7}.Release|iPhone.ActiveCfg = Release|Any CPU
		{6B29C330-D88A-4056-9917-832D30D806F7}.Release|iPhone.Build.0 = Release|Any CPU
		{6B29C330-D88A-4056-9917-832D30D806F7}.Release|iPhoneSimulator.ActiveCfg = Release|Any CPU
		{6B29C330-D88A-4056-9917-832D30D806F7}.Release|iPhoneSimulator.Build.0 = Release|Any CPU
		{6B29C330-D88A-4056-9917-832D30D806F7}.Release|x64.ActiveCfg = Release|Any CPU
		{6B29C330-D88A-4056-9917-832D30D806F7}.Release|x64.Build.0 = Release|Any CPU
		{6B29C330-D88A-4056-9917-832D30D806F7}.Release|x86.ActiveCfg = Release|Any CPU
		{6B29C330-D88A-4056-9917-832D30D806F7}.Release|x86.Build.0 = Release|Any CPU
		{91E5D594-A734-48AB-B0DA-CF63AC2BBBA8}.Ad-Hoc|Any CPU.ActiveCfg = Debug|Any CPU
		{91E5D594-A734-48AB-B0DA-CF63AC2BBBA8}.Ad-Hoc|Any CPU.Build.0 = Debug|Any CPU
		{91E5D594-A734-48AB-B0DA-CF63AC2BBBA8}.Ad-Hoc|ARM.ActiveCfg = Debug|Any CPU
		{91E5D594-A734-48AB-B0DA-CF63AC2BBBA8}.Ad-Hoc|ARM.Build.0 = Debug|Any CPU
		{91E5D594-A734-48AB-B0DA-CF63AC2BBBA8}.Ad-Hoc|iPhone.ActiveCfg = Debug|Any CPU
		{91E5D594-A734-48AB-B0DA-CF63AC2BBBA8}.Ad-Hoc|iPhone.Build.0 = Debug|Any CPU
		{91E5D594-A734-48AB-B0DA-CF63AC2BBBA8}.Ad-Hoc|iPhoneSimulator.ActiveCfg = Debug|Any CPU
		{91E5D594-A734-48AB-B0DA-CF63AC2BBBA8}.Ad-Hoc|iPhoneSimulator.Build.0 = Debug|Any CPU
		{91E5D594-A734-48AB-B0DA-CF63AC2BBBA8}.Ad-Hoc|x64.ActiveCfg = Debug|Any CPU
		{91E5D594-A734-48AB-B0DA-CF63AC2BBBA8}.Ad-Hoc|x64.Build.0 = Debug|Any CPU
		{91E5D594-A734-48AB-B0DA-CF63AC2BBBA8}.Ad-Hoc|x86.ActiveCfg = Debug|Any CPU
		{91E5D594-A734-48AB-B0DA-CF63AC2BBBA8}.Ad-Hoc|x86.Build.0 = Debug|Any CPU
		{91E5D594-A734-48AB-B0DA-CF63AC2BBBA8}.AppStore|Any CPU.ActiveCfg = Debug|Any CPU
		{91E5D594-A734-48AB-B0DA-CF63AC2BBBA8}.AppStore|Any CPU.Build.0 = Debug|Any CPU
		{91E5D594-A734-48AB-B0DA-CF63AC2BBBA8}.AppStore|ARM.ActiveCfg = Debug|Any CPU
		{91E5D594-A734-48AB-B0DA-CF63AC2BBBA8}.AppStore|ARM.Build.0 = Debug|Any CPU
		{91E5D594-A734-48AB-B0DA-CF63AC2BBBA8}.AppStore|iPhone.ActiveCfg = Debug|Any CPU
		{91E5D594-A734-48AB-B0DA-CF63AC2BBBA8}.AppStore|iPhone.Build.0 = Debug|Any CPU
		{91E5D594-A734-48AB-B0DA-CF63AC2BBBA8}.AppStore|iPhoneSimulator.ActiveCfg = Debug|Any CPU
		{91E5D594-A734-48AB-B0DA-CF63AC2BBBA8}.AppStore|iPhoneSimulator.Build.0 = Debug|Any CPU
		{91E5D594-A734-48AB-B0DA-CF63AC2BBBA8}.AppStore|x64.ActiveCfg = Debug|Any CPU
		{91E5D594-A734-48AB-B0DA-CF63AC2BBBA8}.AppStore|x64.Build.0 = Debug|Any CPU
		{91E5D594-A734-48AB-B0DA-CF63AC2BBBA8}.AppStore|x86.ActiveCfg = Debug|Any CPU
		{91E5D594-A734-48AB-B0DA-CF63AC2BBBA8}.AppStore|x86.Build.0 = Debug|Any CPU
		{91E5D594-A734-48AB-B0DA-CF63AC2BBBA8}.Debug|Any CPU.ActiveCfg = Debug|Any CPU
		{91E5D594-A734-48AB-B0DA-CF63AC2BBBA8}.Debug|Any CPU.Build.0 = Debug|Any CPU
		{91E5D594-A734-48AB-B0DA-CF63AC2BBBA8}.Debug|ARM.ActiveCfg = Debug|Any CPU
		{91E5D594-A734-48AB-B0DA-CF63AC2BBBA8}.Debug|ARM.Build.0 = Debug|Any CPU
		{91E5D594-A734-48AB-B0DA-CF63AC2BBBA8}.Debug|iPhone.ActiveCfg = Debug|Any CPU
		{91E5D594-A734-48AB-B0DA-CF63AC2BBBA8}.Debug|iPhone.Build.0 = Debug|Any CPU
		{91E5D594-A734-48AB-B0DA-CF63AC2BBBA8}.Debug|iPhoneSimulator.ActiveCfg = Debug|Any CPU
		{91E5D594-A734-48AB-B0DA-CF63AC2BBBA8}.Debug|iPhoneSimulator.Build.0 = Debug|Any CPU
		{91E5D594-A734-48AB-B0DA-CF63AC2BBBA8}.Debug|x64.ActiveCfg = Debug|Any CPU
		{91E5D594-A734-48AB-B0DA-CF63AC2BBBA8}.Debug|x64.Build.0 = Debug|Any CPU
		{91E5D594-A734-48AB-B0DA-CF63AC2BBBA8}.Debug|x86.ActiveCfg = Debug|Any CPU
		{91E5D594-A734-48AB-B0DA-CF63AC2BBBA8}.Debug|x86.Build.0 = Debug|Any CPU
		{91E5D594-A734-48AB-B0DA-CF63AC2BBBA8}.Release|Any CPU.ActiveCfg = Release|Any CPU
		{91E5D594-A734-48AB-B0DA-CF63AC2BBBA8}.Release|Any CPU.Build.0 = Release|Any CPU
		{91E5D594-A734-48AB-B0DA-CF63AC2BBBA8}.Release|ARM.ActiveCfg = Release|Any CPU
		{91E5D594-A734-48AB-B0DA-CF63AC2BBBA8}.Release|ARM.Build.0 = Release|Any CPU
		{91E5D594-A734-48AB-B0DA-CF63AC2BBBA8}.Release|iPhone.ActiveCfg = Release|Any CPU
		{91E5D594-A734-48AB-B0DA-CF63AC2BBBA8}.Release|iPhone.Build.0 = Release|Any CPU
		{91E5D594-A734-48AB-B0DA-CF63AC2BBBA8}.Release|iPhoneSimulator.ActiveCfg = Release|Any CPU
		{91E5D594-A734-48AB-B0DA-CF63AC2BBBA8}.Release|iPhoneSimulator.Build.0 = Release|Any CPU
		{91E5D594-A734-48AB-B0DA-CF63AC2BBBA8}.Release|x64.ActiveCfg = Release|Any CPU
		{91E5D594-A734-48AB-B0DA-CF63AC2BBBA8}.Release|x64.Build.0 = Release|Any CPU
		{91E5D594-A734-48AB-B0DA-CF63AC2BBBA8}.Release|x86.ActiveCfg = Release|Any CPU
		{91E5D594-A734-48AB-B0DA-CF63AC2BBBA8}.Release|x86.Build.0 = Release|Any CPU
		{AE393314-48CA-469B-9E4E-159EAE7F56D3}.Ad-Hoc|Any CPU.ActiveCfg = Debug|Any CPU
		{AE393314-48CA-469B-9E4E-159EAE7F56D3}.Ad-Hoc|Any CPU.Build.0 = Debug|Any CPU
		{AE393314-48CA-469B-9E4E-159EAE7F56D3}.Ad-Hoc|ARM.ActiveCfg = Debug|Any CPU
		{AE393314-48CA-469B-9E4E-159EAE7F56D3}.Ad-Hoc|ARM.Build.0 = Debug|Any CPU
		{AE393314-48CA-469B-9E4E-159EAE7F56D3}.Ad-Hoc|iPhone.ActiveCfg = Debug|Any CPU
		{AE393314-48CA-469B-9E4E-159EAE7F56D3}.Ad-Hoc|iPhone.Build.0 = Debug|Any CPU
		{AE393314-48CA-469B-9E4E-159EAE7F56D3}.Ad-Hoc|iPhoneSimulator.ActiveCfg = Debug|Any CPU
		{AE393314-48CA-469B-9E4E-159EAE7F56D3}.Ad-Hoc|iPhoneSimulator.Build.0 = Debug|Any CPU
		{AE393314-48CA-469B-9E4E-159EAE7F56D3}.Ad-Hoc|x64.ActiveCfg = Debug|Any CPU
		{AE393314-48CA-469B-9E4E-159EAE7F56D3}.Ad-Hoc|x64.Build.0 = Debug|Any CPU
		{AE393314-48CA-469B-9E4E-159EAE7F56D3}.Ad-Hoc|x86.ActiveCfg = Debug|Any CPU
		{AE393314-48CA-469B-9E4E-159EAE7F56D3}.Ad-Hoc|x86.Build.0 = Debug|Any CPU
		{AE393314-48CA-469B-9E4E-159EAE7F56D3}.AppStore|Any CPU.ActiveCfg = Debug|Any CPU
		{AE393314-48CA-469B-9E4E-159EAE7F56D3}.AppStore|Any CPU.Build.0 = Debug|Any CPU
		{AE393314-48CA-469B-9E4E-159EAE7F56D3}.AppStore|ARM.ActiveCfg = Debug|Any CPU
		{AE393314-48CA-469B-9E4E-159EAE7F56D3}.AppStore|ARM.Build.0 = Debug|Any CPU
		{AE393314-48CA-469B-9E4E-159EAE7F56D3}.AppStore|iPhone.ActiveCfg = Debug|Any CPU
		{AE393314-48CA-469B-9E4E-159EAE7F56D3}.AppStore|iPhone.Build.0 = Debug|Any CPU
		{AE393314-48CA-469B-9E4E-159EAE7F56D3}.AppStore|iPhoneSimulator.ActiveCfg = Debug|Any CPU
		{AE393314-48CA-469B-9E4E-159EAE7F56D3}.AppStore|iPhoneSimulator.Build.0 = Debug|Any CPU
		{AE393314-48CA-469B-9E4E-159EAE7F56D3}.AppStore|x64.ActiveCfg = Debug|Any CPU
		{AE393314-48CA-469B-9E4E-159EAE7F56D3}.AppStore|x64.Build.0 = Debug|Any CPU
		{AE393314-48CA-469B-9E4E-159EAE7F56D3}.AppStore|x86.ActiveCfg = Debug|Any CPU
		{AE393314-48CA-469B-9E4E-159EAE7F56D3}.AppStore|x86.Build.0 = Debug|Any CPU
		{AE393314-48CA-469B-9E4E-159EAE7F56D3}.Debug|Any CPU.ActiveCfg = Debug|Any CPU
		{AE393314-48CA-469B-9E4E-159EAE7F56D3}.Debug|Any CPU.Build.0 = Debug|Any CPU
		{AE393314-48CA-469B-9E4E-159EAE7F56D3}.Debug|ARM.ActiveCfg = Debug|Any CPU
		{AE393314-48CA-469B-9E4E-159EAE7F56D3}.Debug|ARM.Build.0 = Debug|Any CPU
		{AE393314-48CA-469B-9E4E-159EAE7F56D3}.Debug|iPhone.ActiveCfg = Debug|Any CPU
		{AE393314-48CA-469B-9E4E-159EAE7F56D3}.Debug|iPhone.Build.0 = Debug|Any CPU
		{AE393314-48CA-469B-9E4E-159EAE7F56D3}.Debug|iPhoneSimulator.ActiveCfg = Debug|Any CPU
		{AE393314-48CA-469B-9E4E-159EAE7F56D3}.Debug|iPhoneSimulator.Build.0 = Debug|Any CPU
		{AE393314-48CA-469B-9E4E-159EAE7F56D3}.Debug|x64.ActiveCfg = Debug|Any CPU
		{AE393314-48CA-469B-9E4E-159EAE7F56D3}.Debug|x64.Build.0 = Debug|Any CPU
		{AE393314-48CA-469B-9E4E-159EAE7F56D3}.Debug|x86.ActiveCfg = Debug|Any CPU
		{AE393314-48CA-469B-9E4E-159EAE7F56D3}.Debug|x86.Build.0 = Debug|Any CPU
		{AE393314-48CA-469B-9E4E-159EAE7F56D3}.Release|Any CPU.ActiveCfg = Release|Any CPU
		{AE393314-48CA-469B-9E4E-159EAE7F56D3}.Release|Any CPU.Build.0 = Release|Any CPU
		{AE393314-48CA-469B-9E4E-159EAE7F56D3}.Release|ARM.ActiveCfg = Release|Any CPU
		{AE393314-48CA-469B-9E4E-159EAE7F56D3}.Release|ARM.Build.0 = Release|Any CPU
		{AE393314-48CA-469B-9E4E-159EAE7F56D3}.Release|iPhone.ActiveCfg = Release|Any CPU
		{AE393314-48CA-469B-9E4E-159EAE7F56D3}.Release|iPhone.Build.0 = Release|Any CPU
		{AE393314-48CA-469B-9E4E-159EAE7F56D3}.Release|iPhoneSimulator.ActiveCfg = Release|Any CPU
		{AE393314-48CA-469B-9E4E-159EAE7F56D3}.Release|iPhoneSimulator.Build.0 = Release|Any CPU
		{AE393314-48CA-469B-9E4E-159EAE7F56D3}.Release|x64.ActiveCfg = Release|Any CPU
		{AE393314-48CA-469B-9E4E-159EAE7F56D3}.Release|x64.Build.0 = Release|Any CPU
		{AE393314-48CA-469B-9E4E-159EAE7F56D3}.Release|x86.ActiveCfg = Release|Any CPU
		{AE393314-48CA-469B-9E4E-159EAE7F56D3}.Release|x86.Build.0 = Release|Any CPU
		{B733030B-0EF3-49FB-B32A-8C70ADD96B34}.Ad-Hoc|Any CPU.ActiveCfg = Debug|Any CPU
		{B733030B-0EF3-49FB-B32A-8C70ADD96B34}.Ad-Hoc|Any CPU.Build.0 = Debug|Any CPU
		{B733030B-0EF3-49FB-B32A-8C70ADD96B34}.Ad-Hoc|ARM.ActiveCfg = Debug|Any CPU
		{B733030B-0EF3-49FB-B32A-8C70ADD96B34}.Ad-Hoc|ARM.Build.0 = Debug|Any CPU
		{B733030B-0EF3-49FB-B32A-8C70ADD96B34}.Ad-Hoc|iPhone.ActiveCfg = Debug|Any CPU
		{B733030B-0EF3-49FB-B32A-8C70ADD96B34}.Ad-Hoc|iPhone.Build.0 = Debug|Any CPU
		{B733030B-0EF3-49FB-B32A-8C70ADD96B34}.Ad-Hoc|iPhoneSimulator.ActiveCfg = Debug|Any CPU
		{B733030B-0EF3-49FB-B32A-8C70ADD96B34}.Ad-Hoc|iPhoneSimulator.Build.0 = Debug|Any CPU
		{B733030B-0EF3-49FB-B32A-8C70ADD96B34}.Ad-Hoc|x64.ActiveCfg = Debug|Any CPU
		{B733030B-0EF3-49FB-B32A-8C70ADD96B34}.Ad-Hoc|x64.Build.0 = Debug|Any CPU
		{B733030B-0EF3-49FB-B32A-8C70ADD96B34}.Ad-Hoc|x86.ActiveCfg = Debug|Any CPU
		{B733030B-0EF3-49FB-B32A-8C70ADD96B34}.Ad-Hoc|x86.Build.0 = Debug|Any CPU
		{B733030B-0EF3-49FB-B32A-8C70ADD96B34}.AppStore|Any CPU.ActiveCfg = Debug|Any CPU
		{B733030B-0EF3-49FB-B32A-8C70ADD96B34}.AppStore|Any CPU.Build.0 = Debug|Any CPU
		{B733030B-0EF3-49FB-B32A-8C70ADD96B34}.AppStore|ARM.ActiveCfg = Debug|Any CPU
		{B733030B-0EF3-49FB-B32A-8C70ADD96B34}.AppStore|ARM.Build.0 = Debug|Any CPU
		{B733030B-0EF3-49FB-B32A-8C70ADD96B34}.AppStore|iPhone.ActiveCfg = Debug|Any CPU
		{B733030B-0EF3-49FB-B32A-8C70ADD96B34}.AppStore|iPhone.Build.0 = Debug|Any CPU
		{B733030B-0EF3-49FB-B32A-8C70ADD96B34}.AppStore|iPhoneSimulator.ActiveCfg = Debug|Any CPU
		{B733030B-0EF3-49FB-B32A-8C70ADD96B34}.AppStore|iPhoneSimulator.Build.0 = Debug|Any CPU
		{B733030B-0EF3-49FB-B32A-8C70ADD96B34}.AppStore|x64.ActiveCfg = Debug|Any CPU
		{B733030B-0EF3-49FB-B32A-8C70ADD96B34}.AppStore|x64.Build.0 = Debug|Any CPU
		{B733030B-0EF3-49FB-B32A-8C70ADD96B34}.AppStore|x86.ActiveCfg = Debug|Any CPU
		{B733030B-0EF3-49FB-B32A-8C70ADD96B34}.AppStore|x86.Build.0 = Debug|Any CPU
		{B733030B-0EF3-49FB-B32A-8C70ADD96B34}.Debug|Any CPU.ActiveCfg = Debug|Any CPU
		{B733030B-0EF3-49FB-B32A-8C70ADD96B34}.Debug|Any CPU.Build.0 = Debug|Any CPU
		{B733030B-0EF3-49FB-B32A-8C70ADD96B34}.Debug|ARM.ActiveCfg = Debug|Any CPU
		{B733030B-0EF3-49FB-B32A-8C70ADD96B34}.Debug|ARM.Build.0 = Debug|Any CPU
		{B733030B-0EF3-49FB-B32A-8C70ADD96B34}.Debug|iPhone.ActiveCfg = Debug|Any CPU
		{B733030B-0EF3-49FB-B32A-8C70ADD96B34}.Debug|iPhone.Build.0 = Debug|Any CPU
		{B733030B-0EF3-49FB-B32A-8C70ADD96B34}.Debug|iPhoneSimulator.ActiveCfg = Debug|Any CPU
		{B733030B-0EF3-49FB-B32A-8C70ADD96B34}.Debug|iPhoneSimulator.Build.0 = Debug|Any CPU
		{B733030B-0EF3-49FB-B32A-8C70ADD96B34}.Debug|x64.ActiveCfg = Debug|Any CPU
		{B733030B-0EF3-49FB-B32A-8C70ADD96B34}.Debug|x64.Build.0 = Debug|Any CPU
		{B733030B-0EF3-49FB-B32A-8C70ADD96B34}.Debug|x86.ActiveCfg = Debug|Any CPU
		{B733030B-0EF3-49FB-B32A-8C70ADD96B34}.Debug|x86.Build.0 = Debug|Any CPU
		{B733030B-0EF3-49FB-B32A-8C70ADD96B34}.Release|Any CPU.ActiveCfg = Release|Any CPU
		{B733030B-0EF3-49FB-B32A-8C70ADD96B34}.Release|Any CPU.Build.0 = Release|Any CPU
		{B733030B-0EF3-49FB-B32A-8C70ADD96B34}.Release|ARM.ActiveCfg = Release|Any CPU
		{B733030B-0EF3-49FB-B32A-8C70ADD96B34}.Release|ARM.Build.0 = Release|Any CPU
		{B733030B-0EF3-49FB-B32A-8C70ADD96B34}.Release|iPhone.ActiveCfg = Release|Any CPU
		{B733030B-0EF3-49FB-B32A-8C70ADD96B34}.Release|iPhone.Build.0 = Release|Any CPU
		{B733030B-0EF3-49FB-B32A-8C70ADD96B34}.Release|iPhoneSimulator.ActiveCfg = Release|Any CPU
		{B733030B-0EF3-49FB-B32A-8C70ADD96B34}.Release|iPhoneSimulator.Build.0 = Release|Any CPU
		{B733030B-0EF3-49FB-B32A-8C70ADD96B34}.Release|x64.ActiveCfg = Release|Any CPU
		{B733030B-0EF3-49FB-B32A-8C70ADD96B34}.Release|x64.Build.0 = Release|Any CPU
		{B733030B-0EF3-49FB-B32A-8C70ADD96B34}.Release|x86.ActiveCfg = Release|Any CPU
		{B733030B-0EF3-49FB-B32A-8C70ADD96B34}.Release|x86.Build.0 = Release|Any CPU
		{EC561B45-F896-4D19-BBF0-4B3CE9A2E190}.Ad-Hoc|Any CPU.ActiveCfg = Debug|Any CPU
		{EC561B45-F896-4D19-BBF0-4B3CE9A2E190}.Ad-Hoc|Any CPU.Build.0 = Debug|Any CPU
		{EC561B45-F896-4D19-BBF0-4B3CE9A2E190}.Ad-Hoc|ARM.ActiveCfg = Debug|Any CPU
		{EC561B45-F896-4D19-BBF0-4B3CE9A2E190}.Ad-Hoc|ARM.Build.0 = Debug|Any CPU
		{EC561B45-F896-4D19-BBF0-4B3CE9A2E190}.Ad-Hoc|iPhone.ActiveCfg = Debug|Any CPU
		{EC561B45-F896-4D19-BBF0-4B3CE9A2E190}.Ad-Hoc|iPhone.Build.0 = Debug|Any CPU
		{EC561B45-F896-4D19-BBF0-4B3CE9A2E190}.Ad-Hoc|iPhoneSimulator.ActiveCfg = Debug|Any CPU
		{EC561B45-F896-4D19-BBF0-4B3CE9A2E190}.Ad-Hoc|iPhoneSimulator.Build.0 = Debug|Any CPU
		{EC561B45-F896-4D19-BBF0-4B3CE9A2E190}.Ad-Hoc|x64.ActiveCfg = Debug|Any CPU
		{EC561B45-F896-4D19-BBF0-4B3CE9A2E190}.Ad-Hoc|x64.Build.0 = Debug|Any CPU
		{EC561B45-F896-4D19-BBF0-4B3CE9A2E190}.Ad-Hoc|x86.ActiveCfg = Debug|Any CPU
		{EC561B45-F896-4D19-BBF0-4B3CE9A2E190}.Ad-Hoc|x86.Build.0 = Debug|Any CPU
		{EC561B45-F896-4D19-BBF0-4B3CE9A2E190}.AppStore|Any CPU.ActiveCfg = Debug|Any CPU
		{EC561B45-F896-4D19-BBF0-4B3CE9A2E190}.AppStore|Any CPU.Build.0 = Debug|Any CPU
		{EC561B45-F896-4D19-BBF0-4B3CE9A2E190}.AppStore|ARM.ActiveCfg = Debug|Any CPU
		{EC561B45-F896-4D19-BBF0-4B3CE9A2E190}.AppStore|ARM.Build.0 = Debug|Any CPU
		{EC561B45-F896-4D19-BBF0-4B3CE9A2E190}.AppStore|iPhone.ActiveCfg = Debug|Any CPU
		{EC561B45-F896-4D19-BBF0-4B3CE9A2E190}.AppStore|iPhone.Build.0 = Debug|Any CPU
		{EC561B45-F896-4D19-BBF0-4B3CE9A2E190}.AppStore|iPhoneSimulator.ActiveCfg = Debug|Any CPU
		{EC561B45-F896-4D19-BBF0-4B3CE9A2E190}.AppStore|iPhoneSimulator.Build.0 = Debug|Any CPU
		{EC561B45-F896-4D19-BBF0-4B3CE9A2E190}.AppStore|x64.ActiveCfg = Debug|Any CPU
		{EC561B45-F896-4D19-BBF0-4B3CE9A2E190}.AppStore|x64.Build.0 = Debug|Any CPU
		{EC561B45-F896-4D19-BBF0-4B3CE9A2E190}.AppStore|x86.ActiveCfg = Debug|Any CPU
		{EC561B45-F896-4D19-BBF0-4B3CE9A2E190}.AppStore|x86.Build.0 = Debug|Any CPU
		{EC561B45-F896-4D19-BBF0-4B3CE9A2E190}.Debug|Any CPU.ActiveCfg = Debug|Any CPU
		{EC561B45-F896-4D19-BBF0-4B3CE9A2E190}.Debug|Any CPU.Build.0 = Debug|Any CPU
		{EC561B45-F896-4D19-BBF0-4B3CE9A2E190}.Debug|ARM.ActiveCfg = Debug|Any CPU
		{EC561B45-F896-4D19-BBF0-4B3CE9A2E190}.Debug|ARM.Build.0 = Debug|Any CPU
		{EC561B45-F896-4D19-BBF0-4B3CE9A2E190}.Debug|iPhone.ActiveCfg = Debug|Any CPU
		{EC561B45-F896-4D19-BBF0-4B3CE9A2E190}.Debug|iPhone.Build.0 = Debug|Any CPU
		{EC561B45-F896-4D19-BBF0-4B3CE9A2E190}.Debug|iPhoneSimulator.ActiveCfg = Debug|Any CPU
		{EC561B45-F896-4D19-BBF0-4B3CE9A2E190}.Debug|iPhoneSimulator.Build.0 = Debug|Any CPU
		{EC561B45-F896-4D19-BBF0-4B3CE9A2E190}.Debug|x64.ActiveCfg = Debug|Any CPU
		{EC561B45-F896-4D19-BBF0-4B3CE9A2E190}.Debug|x64.Build.0 = Debug|Any CPU
		{EC561B45-F896-4D19-BBF0-4B3CE9A2E190}.Debug|x86.ActiveCfg = Debug|Any CPU
		{EC561B45-F896-4D19-BBF0-4B3CE9A2E190}.Debug|x86.Build.0 = Debug|Any CPU
		{EC561B45-F896-4D19-BBF0-4B3CE9A2E190}.Release|Any CPU.ActiveCfg = Release|Any CPU
		{EC561B45-F896-4D19-BBF0-4B3CE9A2E190}.Release|Any CPU.Build.0 = Release|Any CPU
		{EC561B45-F896-4D19-BBF0-4B3CE9A2E190}.Release|ARM.ActiveCfg = Release|Any CPU
		{EC561B45-F896-4D19-BBF0-4B3CE9A2E190}.Release|ARM.Build.0 = Release|Any CPU
		{EC561B45-F896-4D19-BBF0-4B3CE9A2E190}.Release|iPhone.ActiveCfg = Release|Any CPU
		{EC561B45-F896-4D19-BBF0-4B3CE9A2E190}.Release|iPhone.Build.0 = Release|Any CPU
		{EC561B45-F896-4D19-BBF0-4B3CE9A2E190}.Release|iPhoneSimulator.ActiveCfg = Release|Any CPU
		{EC561B45-F896-4D19-BBF0-4B3CE9A2E190}.Release|iPhoneSimulator.Build.0 = Release|Any CPU
		{EC561B45-F896-4D19-BBF0-4B3CE9A2E190}.Release|x64.ActiveCfg = Release|Any CPU
		{EC561B45-F896-4D19-BBF0-4B3CE9A2E190}.Release|x64.Build.0 = Release|Any CPU
		{EC561B45-F896-4D19-BBF0-4B3CE9A2E190}.Release|x86.ActiveCfg = Release|Any CPU
		{EC561B45-F896-4D19-BBF0-4B3CE9A2E190}.Release|x86.Build.0 = Release|Any CPU
	EndGlobalSection
	GlobalSection(NestedProjects) = preSolution
		{333354FC-B2EB-42D3-96F0-08D1276CE891} = {CB9A1F83-D567-4C1B-B577-5AD410D9BF97}
		{3464274E-A31C-413B-ADAE-EC6F2AA58FE7} = {CB9A1F83-D567-4C1B-B577-5AD410D9BF97}
		{AE393314-48CA-469B-9E4E-159EAE7F56D3} = {CB9A1F83-D567-4C1B-B577-5AD410D9BF97}
		{56E12270-52FA-4C5E-B4C5-8C05596A283D} = {CB9A1F83-D567-4C1B-B577-5AD410D9BF97}
		{57841E09-0699-4ED5-8835-DB64B650F437} = {CB9A1F83-D567-4C1B-B577-5AD410D9BF97}
		{481798A7-D1A2-4984-83D1-B82F93C91469} = {ED2DC51E-FB6A-4492-9C22-C80F5C811CAD}
		{D34D6343-5AB2-40BD-8E2A-117D6ABE1095} = {C93BFA30-C110-4637-B8C5-1E654589167D}
		{BF2A4B75-5E3C-4D01-8CDA-B5BD1337BDA4} = {C93BFA30-C110-4637-B8C5-1E654589167D}
		{EC561B45-F896-4D19-BBF0-4B3CE9A2E190} = {D34D6343-5AB2-40BD-8E2A-117D6ABE1095}
		{3DCE5F2C-9F87-4977-A885-4CBB675B63E3} = {D34D6343-5AB2-40BD-8E2A-117D6ABE1095}
		{B733030B-0EF3-49FB-B32A-8C70ADD96B34} = {D34D6343-5AB2-40BD-8E2A-117D6ABE1095}
		{6B29C330-D88A-4056-9917-832D30D806F7} = {BF2A4B75-5E3C-4D01-8CDA-B5BD1337BDA4}
		{36678AA1-8E72-4623-A852-D6C56500BFA4} = {BF2A4B75-5E3C-4D01-8CDA-B5BD1337BDA4}
	EndGlobalSection
	GlobalSection(SolutionProperties) = preSolution
		HideSolutionNode = FALSE
	EndGlobalSection
EndGlobal
