
Microsoft Visual Studio Solution File, Format Version 12.00
# Visual Studio 2012
VisualStudioVersion = 14.0.23107.0
MinimumVisualStudioVersion = 10.0.40219.1
Project("{2150E333-8FDC-42A3-9474-1A3956D46DE8}") = "Core", "Core", "{341E6385-8235-4D3E-9334-C86268B1F73A}"
EndProject
Project("{FAE04EC0-301F-11D3-BF4B-00C04F79EFBC}") = "MasDev.Common.Core", "Core\MasDev.Common.Core\MasDev.Common.Core.csproj", "{91E5D594-A734-48AB-B0DA-CF63AC2BBBA8}"
EndProject
Project("{FAE04EC0-301F-11D3-BF4B-00C04F79EFBC}") = "MasDev.Common.Core.Droid", "Core\MasDev.Common.Core.Droid\MasDev.Common.Core.Droid.csproj", "{3464274E-A31C-413B-ADAE-EC6F2AA58FE7}"
EndProject
Project("{FAE04EC0-301F-11D3-BF4B-00C04F79EFBC}") = "MasDev.Common.Core.IOS", "Core\MasDev.Common.Core.iOS\MasDev.Common.Core.IOS.csproj", "{AE393314-48CA-469B-9E4E-159EAE7F56D3}"
EndProject
Project("{FAE04EC0-301F-11D3-BF4B-00C04F79EFBC}") = "MasDev.Common.Core.Mono", "Core\MasDev.Common.Core.Mono\MasDev.Common.Core.Mono.csproj", "{56E12270-52FA-4C5E-B4C5-8C05596A283D}"
EndProject
Project("{FAE04EC0-301F-11D3-BF4B-00C04F79EFBC}") = "MasDev.Common.Core.Azure", "Core\MasDev.Common.Core.Azure\MasDev.Common.Core.Azure.csproj", "{EE0585DC-751F-4F42-B338-23BC56DC71C7}"
EndProject
Project("{2150E333-8FDC-42A3-9474-1A3956D46DE8}") = "Data", "Data", "{7802F108-5D80-4279-B0B4-B95962A614FC}"
EndProject
Project("{FAE04EC0-301F-11D3-BF4B-00C04F79EFBC}") = "MasDev.Common.Data.Core", "Data\MasDev.Common.Data.Core\MasDev.Common.Data.Core.csproj", "{5097969B-9FB8-4A79-92BE-43F41051C7F9}"
EndProject
Project("{2150E333-8FDC-42A3-9474-1A3956D46DE8}") = "NHibernate", "NHibernate", "{A0A86B9F-A62E-45ED-B638-8EAFAB73CCC2}"
EndProject
Project("{FAE04EC0-301F-11D3-BF4B-00C04F79EFBC}") = "MasDev.Common.Data.NHibernate.Core", "Data\NHibernate\MasDev.Common.Data.NHibernate.Core\MasDev.Common.Data.NHibernate.Core.csproj", "{802F388E-91DE-4147-B7FE-CE3334F37758}"
EndProject
Project("{FAE04EC0-301F-11D3-BF4B-00C04F79EFBC}") = "MasDev.Common.Data.NHibernate.Mono", "Data\NHibernate\MasDev.Common.Data.NHibernate.Mono\MasDev.Common.Data.NHibernate.Mono.csproj", "{481798A7-D1A2-4984-83D1-B82F93C91469}"
EndProject
Project("{FAE04EC0-301F-11D3-BF4B-00C04F79EFBC}") = "MasDev.Common.Data.Mono", "Data\MasDev.Common.Data.Mono\MasDev.Common.Data.Mono.csproj", "{23EF5F04-D278-4D8F-9EAA-E0080469D1FE}"
EndProject
Project("{2150E333-8FDC-42A3-9474-1A3956D46DE8}") = "Push", "Push", "{3F9EFC78-736D-45EC-BD8C-1D344563786D}"
EndProject
Project("{FAE04EC0-301F-11D3-BF4B-00C04F79EFBC}") = "MasDev.Common.Push.PushSharp", "Push\MasDev.Common.Push.Mono\MasDev.Common.Push.PushSharp.csproj", "{60F3FA38-7F80-42CB-AD41-F1E15A98EE50}"
EndProject
Project("{FAE04EC0-301F-11D3-BF4B-00C04F79EFBC}") = "MasDev.Common.Push.Core", "Push\MasDev.Common.Push.Core\MasDev.Common.Push.Core.csproj", "{A5DFD927-A154-4460-B1B1-3A20B92243B1}"
EndProject
Project("{2150E333-8FDC-42A3-9474-1A3956D46DE8}") = "Services", "Services", "{DAD70847-039C-4A18-8598-23E2123FBB14}"
EndProject
Project("{FAE04EC0-301F-11D3-BF4B-00C04F79EFBC}") = "MasDev.Services.Core", "Services\MasDev.Services.Core\MasDev.Services.Core.csproj", "{2CD2F19D-CF87-434D-BB4E-73308D7F4AD5}"
EndProject
Project("{FAE04EC0-301F-11D3-BF4B-00C04F79EFBC}") = "MasDev.Services.Owin", "Services\MasDev.Services.Owin\MasDev.Services.Owin.csproj", "{8B6A9125-DA4A-49E2-BA9F-1FB3BF6AAADB}"
EndProject
Project("{FAE04EC0-301F-11D3-BF4B-00C04F79EFBC}") = "MasDev.Services.Owin.WebApi", "Services\MasDev.Services.Owin.WebApi\MasDev.Services.Owin.WebApi.csproj", "{BD676F78-4479-4721-B47C-643818956418}"
EndProject
Project("{FAE04EC0-301F-11D3-BF4B-00C04F79EFBC}") = "MasDev.Common.Test", "MasDev.Common.Test\MasDev.Common.Test.csproj", "{6F4D67A2-D340-4B95-8D62-99870ECFCB9B}"
EndProject
Global
	GlobalSection(SolutionConfigurationPlatforms) = preSolution
		Ad-Hoc|Any CPU = Ad-Hoc|Any CPU
		Ad-Hoc|ARM = Ad-Hoc|ARM
		Ad-Hoc|iPhone = Ad-Hoc|iPhone
		Ad-Hoc|iPhoneSimulator = Ad-Hoc|iPhoneSimulator
		Ad-Hoc|x64 = Ad-Hoc|x64
		Ad-Hoc|x86 = Ad-Hoc|x86
		AppStore|Any CPU = AppStore|Any CPU
		AppStore|ARM = AppStore|ARM
		AppStore|iPhone = AppStore|iPhone
		AppStore|iPhoneSimulator = AppStore|iPhoneSimulator
		AppStore|x64 = AppStore|x64
		AppStore|x86 = AppStore|x86
		Debug|Any CPU = Debug|Any CPU
		Debug|ARM = Debug|ARM
		Debug|iPhone = Debug|iPhone
		Debug|iPhoneSimulator = Debug|iPhoneSimulator
		Debug|x64 = Debug|x64
		Debug|x86 = Debug|x86
		Release|Any CPU = Release|Any CPU
		Release|ARM = Release|ARM
		Release|iPhone = Release|iPhone
		Release|iPhoneSimulator = Release|iPhoneSimulator
		Release|x64 = Release|x64
		Release|x86 = Release|x86
	EndGlobalSection
	GlobalSection(ProjectConfigurationPlatforms) = postSolution
		{23EF5F04-D278-4D8F-9EAA-E0080469D1FE}.Ad-Hoc|Any CPU.ActiveCfg = Debug|Any CPU
		{23EF5F04-D278-4D8F-9EAA-E0080469D1FE}.Ad-Hoc|Any CPU.Build.0 = Debug|Any CPU
		{23EF5F04-D278-4D8F-9EAA-E0080469D1FE}.Ad-Hoc|ARM.ActiveCfg = Debug|Any CPU
		{23EF5F04-D278-4D8F-9EAA-E0080469D1FE}.Ad-Hoc|ARM.Build.0 = Debug|Any CPU
		{23EF5F04-D278-4D8F-9EAA-E0080469D1FE}.Ad-Hoc|iPhone.ActiveCfg = Debug|Any CPU
		{23EF5F04-D278-4D8F-9EAA-E0080469D1FE}.Ad-Hoc|iPhone.Build.0 = Debug|Any CPU
		{23EF5F04-D278-4D8F-9EAA-E0080469D1FE}.Ad-Hoc|iPhoneSimulator.ActiveCfg = Debug|Any CPU
		{23EF5F04-D278-4D8F-9EAA-E0080469D1FE}.Ad-Hoc|iPhoneSimulator.Build.0 = Debug|Any CPU
		{23EF5F04-D278-4D8F-9EAA-E0080469D1FE}.Ad-Hoc|x64.ActiveCfg = Debug|Any CPU
		{23EF5F04-D278-4D8F-9EAA-E0080469D1FE}.Ad-Hoc|x64.Build.0 = Debug|Any CPU
		{23EF5F04-D278-4D8F-9EAA-E0080469D1FE}.Ad-Hoc|x86.ActiveCfg = Debug|Any CPU
		{23EF5F04-D278-4D8F-9EAA-E0080469D1FE}.Ad-Hoc|x86.Build.0 = Debug|Any CPU
		{23EF5F04-D278-4D8F-9EAA-E0080469D1FE}.AppStore|Any CPU.ActiveCfg = Debug|Any CPU
		{23EF5F04-D278-4D8F-9EAA-E0080469D1FE}.AppStore|Any CPU.Build.0 = Debug|Any CPU
		{23EF5F04-D278-4D8F-9EAA-E0080469D1FE}.AppStore|ARM.ActiveCfg = Debug|Any CPU
		{23EF5F04-D278-4D8F-9EAA-E0080469D1FE}.AppStore|ARM.Build.0 = Debug|Any CPU
		{23EF5F04-D278-4D8F-9EAA-E0080469D1FE}.AppStore|iPhone.ActiveCfg = Debug|Any CPU
		{23EF5F04-D278-4D8F-9EAA-E0080469D1FE}.AppStore|iPhone.Build.0 = Debug|Any CPU
		{23EF5F04-D278-4D8F-9EAA-E0080469D1FE}.AppStore|iPhoneSimulator.ActiveCfg = Debug|Any CPU
		{23EF5F04-D278-4D8F-9EAA-E0080469D1FE}.AppStore|iPhoneSimulator.Build.0 = Debug|Any CPU
		{23EF5F04-D278-4D8F-9EAA-E0080469D1FE}.AppStore|x64.ActiveCfg = Debug|Any CPU
		{23EF5F04-D278-4D8F-9EAA-E0080469D1FE}.AppStore|x64.Build.0 = Debug|Any CPU
		{23EF5F04-D278-4D8F-9EAA-E0080469D1FE}.AppStore|x86.ActiveCfg = Debug|Any CPU
		{23EF5F04-D278-4D8F-9EAA-E0080469D1FE}.AppStore|x86.Build.0 = Debug|Any CPU
		{23EF5F04-D278-4D8F-9EAA-E0080469D1FE}.Debug|Any CPU.ActiveCfg = Debug|Any CPU
		{23EF5F04-D278-4D8F-9EAA-E0080469D1FE}.Debug|Any CPU.Build.0 = Debug|Any CPU
		{23EF5F04-D278-4D8F-9EAA-E0080469D1FE}.Debug|ARM.ActiveCfg = Debug|Any CPU
		{23EF5F04-D278-4D8F-9EAA-E0080469D1FE}.Debug|ARM.Build.0 = Debug|Any CPU
		{23EF5F04-D278-4D8F-9EAA-E0080469D1FE}.Debug|iPhone.ActiveCfg = Debug|Any CPU
		{23EF5F04-D278-4D8F-9EAA-E0080469D1FE}.Debug|iPhone.Build.0 = Debug|Any CPU
		{23EF5F04-D278-4D8F-9EAA-E0080469D1FE}.Debug|iPhoneSimulator.ActiveCfg = Debug|Any CPU
		{23EF5F04-D278-4D8F-9EAA-E0080469D1FE}.Debug|iPhoneSimulator.Build.0 = Debug|Any CPU
		{23EF5F04-D278-4D8F-9EAA-E0080469D1FE}.Debug|x64.ActiveCfg = Debug|Any CPU
		{23EF5F04-D278-4D8F-9EAA-E0080469D1FE}.Debug|x64.Build.0 = Debug|Any CPU
		{23EF5F04-D278-4D8F-9EAA-E0080469D1FE}.Debug|x86.ActiveCfg = Debug|Any CPU
		{23EF5F04-D278-4D8F-9EAA-E0080469D1FE}.Debug|x86.Build.0 = Debug|Any CPU
		{23EF5F04-D278-4D8F-9EAA-E0080469D1FE}.Release|Any CPU.ActiveCfg = Release|Any CPU
		{23EF5F04-D278-4D8F-9EAA-E0080469D1FE}.Release|Any CPU.Build.0 = Release|Any CPU
		{23EF5F04-D278-4D8F-9EAA-E0080469D1FE}.Release|ARM.ActiveCfg = Release|Any CPU
		{23EF5F04-D278-4D8F-9EAA-E0080469D1FE}.Release|ARM.Build.0 = Release|Any CPU
		{23EF5F04-D278-4D8F-9EAA-E0080469D1FE}.Release|iPhone.ActiveCfg = Release|Any CPU
		{23EF5F04-D278-4D8F-9EAA-E0080469D1FE}.Release|iPhone.Build.0 = Release|Any CPU
		{23EF5F04-D278-4D8F-9EAA-E0080469D1FE}.Release|iPhoneSimulator.ActiveCfg = Release|Any CPU
		{23EF5F04-D278-4D8F-9EAA-E0080469D1FE}.Release|iPhoneSimulator.Build.0 = Release|Any CPU
		{23EF5F04-D278-4D8F-9EAA-E0080469D1FE}.Release|x64.ActiveCfg = Release|Any CPU
		{23EF5F04-D278-4D8F-9EAA-E0080469D1FE}.Release|x64.Build.0 = Release|Any CPU
		{23EF5F04-D278-4D8F-9EAA-E0080469D1FE}.Release|x86.ActiveCfg = Release|Any CPU
		{23EF5F04-D278-4D8F-9EAA-E0080469D1FE}.Release|x86.Build.0 = Release|Any CPU
		{2CD2F19D-CF87-434D-BB4E-73308D7F4AD5}.Ad-Hoc|Any CPU.ActiveCfg = Debug|Any CPU
		{2CD2F19D-CF87-434D-BB4E-73308D7F4AD5}.Ad-Hoc|Any CPU.Build.0 = Debug|Any CPU
		{2CD2F19D-CF87-434D-BB4E-73308D7F4AD5}.Ad-Hoc|ARM.ActiveCfg = Debug|Any CPU
		{2CD2F19D-CF87-434D-BB4E-73308D7F4AD5}.Ad-Hoc|ARM.Build.0 = Debug|Any CPU
		{2CD2F19D-CF87-434D-BB4E-73308D7F4AD5}.Ad-Hoc|iPhone.ActiveCfg = Debug|Any CPU
		{2CD2F19D-CF87-434D-BB4E-73308D7F4AD5}.Ad-Hoc|iPhone.Build.0 = Debug|Any CPU
		{2CD2F19D-CF87-434D-BB4E-73308D7F4AD5}.Ad-Hoc|iPhoneSimulator.ActiveCfg = Debug|Any CPU
		{2CD2F19D-CF87-434D-BB4E-73308D7F4AD5}.Ad-Hoc|iPhoneSimulator.Build.0 = Debug|Any CPU
		{2CD2F19D-CF87-434D-BB4E-73308D7F4AD5}.Ad-Hoc|x64.ActiveCfg = Debug|Any CPU
		{2CD2F19D-CF87-434D-BB4E-73308D7F4AD5}.Ad-Hoc|x64.Build.0 = Debug|Any CPU
		{2CD2F19D-CF87-434D-BB4E-73308D7F4AD5}.Ad-Hoc|x86.ActiveCfg = Debug|Any CPU
		{2CD2F19D-CF87-434D-BB4E-73308D7F4AD5}.Ad-Hoc|x86.Build.0 = Debug|Any CPU
		{2CD2F19D-CF87-434D-BB4E-73308D7F4AD5}.AppStore|Any CPU.ActiveCfg = Debug|Any CPU
		{2CD2F19D-CF87-434D-BB4E-73308D7F4AD5}.AppStore|Any CPU.Build.0 = Debug|Any CPU
		{2CD2F19D-CF87-434D-BB4E-73308D7F4AD5}.AppStore|ARM.ActiveCfg = Debug|Any CPU
		{2CD2F19D-CF87-434D-BB4E-73308D7F4AD5}.AppStore|ARM.Build.0 = Debug|Any CPU
		{2CD2F19D-CF87-434D-BB4E-73308D7F4AD5}.AppStore|iPhone.ActiveCfg = Debug|Any CPU
		{2CD2F19D-CF87-434D-BB4E-73308D7F4AD5}.AppStore|iPhone.Build.0 = Debug|Any CPU
		{2CD2F19D-CF87-434D-BB4E-73308D7F4AD5}.AppStore|iPhoneSimulator.ActiveCfg = Debug|Any CPU
		{2CD2F19D-CF87-434D-BB4E-73308D7F4AD5}.AppStore|iPhoneSimulator.Build.0 = Debug|Any CPU
		{2CD2F19D-CF87-434D-BB4E-73308D7F4AD5}.AppStore|x64.ActiveCfg = Debug|Any CPU
		{2CD2F19D-CF87-434D-BB4E-73308D7F4AD5}.AppStore|x64.Build.0 = Debug|Any CPU
		{2CD2F19D-CF87-434D-BB4E-73308D7F4AD5}.AppStore|x86.ActiveCfg = Debug|Any CPU
		{2CD2F19D-CF87-434D-BB4E-73308D7F4AD5}.AppStore|x86.Build.0 = Debug|Any CPU
		{2CD2F19D-CF87-434D-BB4E-73308D7F4AD5}.Debug|Any CPU.ActiveCfg = Debug|Any CPU
		{2CD2F19D-CF87-434D-BB4E-73308D7F4AD5}.Debug|Any CPU.Build.0 = Debug|Any CPU
		{2CD2F19D-CF87-434D-BB4E-73308D7F4AD5}.Debug|ARM.ActiveCfg = Debug|Any CPU
		{2CD2F19D-CF87-434D-BB4E-73308D7F4AD5}.Debug|ARM.Build.0 = Debug|Any CPU
		{2CD2F19D-CF87-434D-BB4E-73308D7F4AD5}.Debug|iPhone.ActiveCfg = Debug|Any CPU
		{2CD2F19D-CF87-434D-BB4E-73308D7F4AD5}.Debug|iPhone.Build.0 = Debug|Any CPU
		{2CD2F19D-CF87-434D-BB4E-73308D7F4AD5}.Debug|iPhoneSimulator.ActiveCfg = Debug|Any CPU
		{2CD2F19D-CF87-434D-BB4E-73308D7F4AD5}.Debug|iPhoneSimulator.Build.0 = Debug|Any CPU
		{2CD2F19D-CF87-434D-BB4E-73308D7F4AD5}.Debug|x64.ActiveCfg = Debug|Any CPU
		{2CD2F19D-CF87-434D-BB4E-73308D7F4AD5}.Debug|x64.Build.0 = Debug|Any CPU
		{2CD2F19D-CF87-434D-BB4E-73308D7F4AD5}.Debug|x86.ActiveCfg = Debug|Any CPU
		{2CD2F19D-CF87-434D-BB4E-73308D7F4AD5}.Debug|x86.Build.0 = Debug|Any CPU
		{2CD2F19D-CF87-434D-BB4E-73308D7F4AD5}.Release|Any CPU.ActiveCfg = Release|Any CPU
		{2CD2F19D-CF87-434D-BB4E-73308D7F4AD5}.Release|Any CPU.Build.0 = Release|Any CPU
		{2CD2F19D-CF87-434D-BB4E-73308D7F4AD5}.Release|ARM.ActiveCfg = Release|Any CPU
		{2CD2F19D-CF87-434D-BB4E-73308D7F4AD5}.Release|ARM.Build.0 = Release|Any CPU
		{2CD2F19D-CF87-434D-BB4E-73308D7F4AD5}.Release|iPhone.ActiveCfg = Release|Any CPU
		{2CD2F19D-CF87-434D-BB4E-73308D7F4AD5}.Release|iPhone.Build.0 = Release|Any CPU
		{2CD2F19D-CF87-434D-BB4E-73308D7F4AD5}.Release|iPhoneSimulator.ActiveCfg = Release|Any CPU
		{2CD2F19D-CF87-434D-BB4E-73308D7F4AD5}.Release|iPhoneSimulator.Build.0 = Release|Any CPU
		{2CD2F19D-CF87-434D-BB4E-73308D7F4AD5}.Release|x64.ActiveCfg = Release|Any CPU
		{2CD2F19D-CF87-434D-BB4E-73308D7F4AD5}.Release|x64.Build.0 = Release|Any CPU
		{2CD2F19D-CF87-434D-BB4E-73308D7F4AD5}.Release|x86.ActiveCfg = Release|Any CPU
		{2CD2F19D-CF87-434D-BB4E-73308D7F4AD5}.Release|x86.Build.0 = Release|Any CPU
		{3464274E-A31C-413B-ADAE-EC6F2AA58FE7}.Ad-Hoc|Any CPU.ActiveCfg = Debug|Any CPU
		{3464274E-A31C-413B-ADAE-EC6F2AA58FE7}.Ad-Hoc|Any CPU.Build.0 = Debug|Any CPU
		{3464274E-A31C-413B-ADAE-EC6F2AA58FE7}.Ad-Hoc|ARM.ActiveCfg = Debug|Any CPU
		{3464274E-A31C-413B-ADAE-EC6F2AA58FE7}.Ad-Hoc|ARM.Build.0 = Debug|Any CPU
		{3464274E-A31C-413B-ADAE-EC6F2AA58FE7}.Ad-Hoc|iPhone.ActiveCfg = Debug|Any CPU
		{3464274E-A31C-413B-ADAE-EC6F2AA58FE7}.Ad-Hoc|iPhone.Build.0 = Debug|Any CPU
		{3464274E-A31C-413B-ADAE-EC6F2AA58FE7}.Ad-Hoc|iPhoneSimulator.ActiveCfg = Debug|Any CPU
		{3464274E-A31C-413B-ADAE-EC6F2AA58FE7}.Ad-Hoc|iPhoneSimulator.Build.0 = Debug|Any CPU
		{3464274E-A31C-413B-ADAE-EC6F2AA58FE7}.Ad-Hoc|x64.ActiveCfg = Debug|Any CPU
		{3464274E-A31C-413B-ADAE-EC6F2AA58FE7}.Ad-Hoc|x64.Build.0 = Debug|Any CPU
		{3464274E-A31C-413B-ADAE-EC6F2AA58FE7}.Ad-Hoc|x86.ActiveCfg = Debug|Any CPU
		{3464274E-A31C-413B-ADAE-EC6F2AA58FE7}.Ad-Hoc|x86.Build.0 = Debug|Any CPU
		{3464274E-A31C-413B-ADAE-EC6F2AA58FE7}.AppStore|Any CPU.ActiveCfg = Debug|Any CPU
		{3464274E-A31C-413B-ADAE-EC6F2AA58FE7}.AppStore|Any CPU.Build.0 = Debug|Any CPU
		{3464274E-A31C-413B-ADAE-EC6F2AA58FE7}.AppStore|ARM.ActiveCfg = Debug|Any CPU
		{3464274E-A31C-413B-ADAE-EC6F2AA58FE7}.AppStore|ARM.Build.0 = Debug|Any CPU
		{3464274E-A31C-413B-ADAE-EC6F2AA58FE7}.AppStore|iPhone.ActiveCfg = Debug|Any CPU
		{3464274E-A31C-413B-ADAE-EC6F2AA58FE7}.AppStore|iPhone.Build.0 = Debug|Any CPU
		{3464274E-A31C-413B-ADAE-EC6F2AA58FE7}.AppStore|iPhoneSimulator.ActiveCfg = Debug|Any CPU
		{3464274E-A31C-413B-ADAE-EC6F2AA58FE7}.AppStore|iPhoneSimulator.Build.0 = Debug|Any CPU
		{3464274E-A31C-413B-ADAE-EC6F2AA58FE7}.AppStore|x64.ActiveCfg = Debug|Any CPU
		{3464274E-A31C-413B-ADAE-EC6F2AA58FE7}.AppStore|x64.Build.0 = Debug|Any CPU
		{3464274E-A31C-413B-ADAE-EC6F2AA58FE7}.AppStore|x86.ActiveCfg = Debug|Any CPU
		{3464274E-A31C-413B-ADAE-EC6F2AA58FE7}.AppStore|x86.Build.0 = Debug|Any CPU
		{3464274E-A31C-413B-ADAE-EC6F2AA58FE7}.Debug|Any CPU.ActiveCfg = Debug|Any CPU
		{3464274E-A31C-413B-ADAE-EC6F2AA58FE7}.Debug|Any CPU.Build.0 = Debug|Any CPU
		{3464274E-A31C-413B-ADAE-EC6F2AA58FE7}.Debug|ARM.ActiveCfg = Debug|Any CPU
		{3464274E-A31C-413B-ADAE-EC6F2AA58FE7}.Debug|ARM.Build.0 = Debug|Any CPU
		{3464274E-A31C-413B-ADAE-EC6F2AA58FE7}.Debug|iPhone.ActiveCfg = Debug|Any CPU
		{3464274E-A31C-413B-ADAE-EC6F2AA58FE7}.Debug|iPhone.Build.0 = Debug|Any CPU
		{3464274E-A31C-413B-ADAE-EC6F2AA58FE7}.Debug|iPhoneSimulator.ActiveCfg = Debug|Any CPU
		{3464274E-A31C-413B-ADAE-EC6F2AA58FE7}.Debug|iPhoneSimulator.Build.0 = Debug|Any CPU
		{3464274E-A31C-413B-ADAE-EC6F2AA58FE7}.Debug|x64.ActiveCfg = Debug|Any CPU
		{3464274E-A31C-413B-ADAE-EC6F2AA58FE7}.Debug|x64.Build.0 = Debug|Any CPU
		{3464274E-A31C-413B-ADAE-EC6F2AA58FE7}.Debug|x86.ActiveCfg = Debug|Any CPU
		{3464274E-A31C-413B-ADAE-EC6F2AA58FE7}.Debug|x86.Build.0 = Debug|Any CPU
		{3464274E-A31C-413B-ADAE-EC6F2AA58FE7}.Release|Any CPU.ActiveCfg = Release|Any CPU
		{3464274E-A31C-413B-ADAE-EC6F2AA58FE7}.Release|Any CPU.Build.0 = Release|Any CPU
		{3464274E-A31C-413B-ADAE-EC6F2AA58FE7}.Release|ARM.ActiveCfg = Release|Any CPU
		{3464274E-A31C-413B-ADAE-EC6F2AA58FE7}.Release|ARM.Build.0 = Release|Any CPU
		{3464274E-A31C-413B-ADAE-EC6F2AA58FE7}.Release|iPhone.ActiveCfg = Release|Any CPU
		{3464274E-A31C-413B-ADAE-EC6F2AA58FE7}.Release|iPhone.Build.0 = Release|Any CPU
		{3464274E-A31C-413B-ADAE-EC6F2AA58FE7}.Release|iPhoneSimulator.ActiveCfg = Release|Any CPU
		{3464274E-A31C-413B-ADAE-EC6F2AA58FE7}.Release|iPhoneSimulator.Build.0 = Release|Any CPU
		{3464274E-A31C-413B-ADAE-EC6F2AA58FE7}.Release|x64.ActiveCfg = Release|Any CPU
		{3464274E-A31C-413B-ADAE-EC6F2AA58FE7}.Release|x64.Build.0 = Release|Any CPU
		{3464274E-A31C-413B-ADAE-EC6F2AA58FE7}.Release|x86.ActiveCfg = Release|Any CPU
		{3464274E-A31C-413B-ADAE-EC6F2AA58FE7}.Release|x86.Build.0 = Release|Any CPU
		{481798A7-D1A2-4984-83D1-B82F93C91469}.Ad-Hoc|Any CPU.ActiveCfg = Debug|Any CPU
		{481798A7-D1A2-4984-83D1-B82F93C91469}.Ad-Hoc|Any CPU.Build.0 = Debug|Any CPU
		{481798A7-D1A2-4984-83D1-B82F93C91469}.Ad-Hoc|ARM.ActiveCfg = Debug|Any CPU
		{481798A7-D1A2-4984-83D1-B82F93C91469}.Ad-Hoc|ARM.Build.0 = Debug|Any CPU
		{481798A7-D1A2-4984-83D1-B82F93C91469}.Ad-Hoc|iPhone.ActiveCfg = Debug|Any CPU
		{481798A7-D1A2-4984-83D1-B82F93C91469}.Ad-Hoc|iPhone.Build.0 = Debug|Any CPU
		{481798A7-D1A2-4984-83D1-B82F93C91469}.Ad-Hoc|iPhoneSimulator.ActiveCfg = Debug|Any CPU
		{481798A7-D1A2-4984-83D1-B82F93C91469}.Ad-Hoc|iPhoneSimulator.Build.0 = Debug|Any CPU
		{481798A7-D1A2-4984-83D1-B82F93C91469}.Ad-Hoc|x64.ActiveCfg = Debug|Any CPU
		{481798A7-D1A2-4984-83D1-B82F93C91469}.Ad-Hoc|x64.Build.0 = Debug|Any CPU
		{481798A7-D1A2-4984-83D1-B82F93C91469}.Ad-Hoc|x86.ActiveCfg = Debug|Any CPU
		{481798A7-D1A2-4984-83D1-B82F93C91469}.Ad-Hoc|x86.Build.0 = Debug|Any CPU
		{481798A7-D1A2-4984-83D1-B82F93C91469}.AppStore|Any CPU.ActiveCfg = Debug|Any CPU
		{481798A7-D1A2-4984-83D1-B82F93C91469}.AppStore|Any CPU.Build.0 = Debug|Any CPU
		{481798A7-D1A2-4984-83D1-B82F93C91469}.AppStore|ARM.ActiveCfg = Debug|Any CPU
		{481798A7-D1A2-4984-83D1-B82F93C91469}.AppStore|ARM.Build.0 = Debug|Any CPU
		{481798A7-D1A2-4984-83D1-B82F93C91469}.AppStore|iPhone.ActiveCfg = Debug|Any CPU
		{481798A7-D1A2-4984-83D1-B82F93C91469}.AppStore|iPhone.Build.0 = Debug|Any CPU
		{481798A7-D1A2-4984-83D1-B82F93C91469}.AppStore|iPhoneSimulator.ActiveCfg = Debug|Any CPU
		{481798A7-D1A2-4984-83D1-B82F93C91469}.AppStore|iPhoneSimulator.Build.0 = Debug|Any CPU
		{481798A7-D1A2-4984-83D1-B82F93C91469}.AppStore|x64.ActiveCfg = Debug|Any CPU
		{481798A7-D1A2-4984-83D1-B82F93C91469}.AppStore|x64.Build.0 = Debug|Any CPU
		{481798A7-D1A2-4984-83D1-B82F93C91469}.AppStore|x86.ActiveCfg = Debug|Any CPU
		{481798A7-D1A2-4984-83D1-B82F93C91469}.AppStore|x86.Build.0 = Debug|Any CPU
		{481798A7-D1A2-4984-83D1-B82F93C91469}.Debug|Any CPU.ActiveCfg = Debug|Any CPU
		{481798A7-D1A2-4984-83D1-B82F93C91469}.Debug|Any CPU.Build.0 = Debug|Any CPU
		{481798A7-D1A2-4984-83D1-B82F93C91469}.Debug|ARM.ActiveCfg = Debug|Any CPU
		{481798A7-D1A2-4984-83D1-B82F93C91469}.Debug|ARM.Build.0 = Debug|Any CPU
		{481798A7-D1A2-4984-83D1-B82F93C91469}.Debug|iPhone.ActiveCfg = Debug|Any CPU
		{481798A7-D1A2-4984-83D1-B82F93C91469}.Debug|iPhone.Build.0 = Debug|Any CPU
		{481798A7-D1A2-4984-83D1-B82F93C91469}.Debug|iPhoneSimulator.ActiveCfg = Debug|Any CPU
		{481798A7-D1A2-4984-83D1-B82F93C91469}.Debug|iPhoneSimulator.Build.0 = Debug|Any CPU
		{481798A7-D1A2-4984-83D1-B82F93C91469}.Debug|x64.ActiveCfg = Debug|Any CPU
		{481798A7-D1A2-4984-83D1-B82F93C91469}.Debug|x64.Build.0 = Debug|Any CPU
		{481798A7-D1A2-4984-83D1-B82F93C91469}.Debug|x86.ActiveCfg = Debug|Any CPU
		{481798A7-D1A2-4984-83D1-B82F93C91469}.Debug|x86.Build.0 = Debug|Any CPU
		{481798A7-D1A2-4984-83D1-B82F93C91469}.Release|Any CPU.ActiveCfg = Release|Any CPU
		{481798A7-D1A2-4984-83D1-B82F93C91469}.Release|Any CPU.Build.0 = Release|Any CPU
		{481798A7-D1A2-4984-83D1-B82F93C91469}.Release|ARM.ActiveCfg = Release|Any CPU
		{481798A7-D1A2-4984-83D1-B82F93C91469}.Release|ARM.Build.0 = Release|Any CPU
		{481798A7-D1A2-4984-83D1-B82F93C91469}.Release|iPhone.ActiveCfg = Release|Any CPU
		{481798A7-D1A2-4984-83D1-B82F93C91469}.Release|iPhone.Build.0 = Release|Any CPU
		{481798A7-D1A2-4984-83D1-B82F93C91469}.Release|iPhoneSimulator.ActiveCfg = Release|Any CPU
		{481798A7-D1A2-4984-83D1-B82F93C91469}.Release|iPhoneSimulator.Build.0 = Release|Any CPU
		{481798A7-D1A2-4984-83D1-B82F93C91469}.Release|x64.ActiveCfg = Release|Any CPU
		{481798A7-D1A2-4984-83D1-B82F93C91469}.Release|x64.Build.0 = Release|Any CPU
		{481798A7-D1A2-4984-83D1-B82F93C91469}.Release|x86.ActiveCfg = Release|Any CPU
		{481798A7-D1A2-4984-83D1-B82F93C91469}.Release|x86.Build.0 = Release|Any CPU
		{5097969B-9FB8-4A79-92BE-43F41051C7F9}.Ad-Hoc|Any CPU.ActiveCfg = Debug|Any CPU
		{5097969B-9FB8-4A79-92BE-43F41051C7F9}.Ad-Hoc|Any CPU.Build.0 = Debug|Any CPU
		{5097969B-9FB8-4A79-92BE-43F41051C7F9}.Ad-Hoc|ARM.ActiveCfg = Debug|Any CPU
		{5097969B-9FB8-4A79-92BE-43F41051C7F9}.Ad-Hoc|ARM.Build.0 = Debug|Any CPU
		{5097969B-9FB8-4A79-92BE-43F41051C7F9}.Ad-Hoc|iPhone.ActiveCfg = Debug|Any CPU
		{5097969B-9FB8-4A79-92BE-43F41051C7F9}.Ad-Hoc|iPhone.Build.0 = Debug|Any CPU
		{5097969B-9FB8-4A79-92BE-43F41051C7F9}.Ad-Hoc|iPhoneSimulator.ActiveCfg = Debug|Any CPU
		{5097969B-9FB8-4A79-92BE-43F41051C7F9}.Ad-Hoc|iPhoneSimulator.Build.0 = Debug|Any CPU
		{5097969B-9FB8-4A79-92BE-43F41051C7F9}.Ad-Hoc|x64.ActiveCfg = Debug|Any CPU
		{5097969B-9FB8-4A79-92BE-43F41051C7F9}.Ad-Hoc|x64.Build.0 = Debug|Any CPU
		{5097969B-9FB8-4A79-92BE-43F41051C7F9}.Ad-Hoc|x86.ActiveCfg = Debug|Any CPU
		{5097969B-9FB8-4A79-92BE-43F41051C7F9}.Ad-Hoc|x86.Build.0 = Debug|Any CPU
		{5097969B-9FB8-4A79-92BE-43F41051C7F9}.AppStore|Any CPU.ActiveCfg = Debug|Any CPU
		{5097969B-9FB8-4A79-92BE-43F41051C7F9}.AppStore|Any CPU.Build.0 = Debug|Any CPU
		{5097969B-9FB8-4A79-92BE-43F41051C7F9}.AppStore|ARM.ActiveCfg = Debug|Any CPU
		{5097969B-9FB8-4A79-92BE-43F41051C7F9}.AppStore|ARM.Build.0 = Debug|Any CPU
		{5097969B-9FB8-4A79-92BE-43F41051C7F9}.AppStore|iPhone.ActiveCfg = Debug|Any CPU
		{5097969B-9FB8-4A79-92BE-43F41051C7F9}.AppStore|iPhone.Build.0 = Debug|Any CPU
		{5097969B-9FB8-4A79-92BE-43F41051C7F9}.AppStore|iPhoneSimulator.ActiveCfg = Debug|Any CPU
		{5097969B-9FB8-4A79-92BE-43F41051C7F9}.AppStore|iPhoneSimulator.Build.0 = Debug|Any CPU
		{5097969B-9FB8-4A79-92BE-43F41051C7F9}.AppStore|x64.ActiveCfg = Debug|Any CPU
		{5097969B-9FB8-4A79-92BE-43F41051C7F9}.AppStore|x64.Build.0 = Debug|Any CPU
		{5097969B-9FB8-4A79-92BE-43F41051C7F9}.AppStore|x86.ActiveCfg = Debug|Any CPU
		{5097969B-9FB8-4A79-92BE-43F41051C7F9}.AppStore|x86.Build.0 = Debug|Any CPU
		{5097969B-9FB8-4A79-92BE-43F41051C7F9}.Debug|Any CPU.ActiveCfg = Debug|Any CPU
		{5097969B-9FB8-4A79-92BE-43F41051C7F9}.Debug|Any CPU.Build.0 = Debug|Any CPU
		{5097969B-9FB8-4A79-92BE-43F41051C7F9}.Debug|ARM.ActiveCfg = Debug|Any CPU
		{5097969B-9FB8-4A79-92BE-43F41051C7F9}.Debug|ARM.Build.0 = Debug|Any CPU
		{5097969B-9FB8-4A79-92BE-43F41051C7F9}.Debug|iPhone.ActiveCfg = Debug|Any CPU
		{5097969B-9FB8-4A79-92BE-43F41051C7F9}.Debug|iPhone.Build.0 = Debug|Any CPU
		{5097969B-9FB8-4A79-92BE-43F41051C7F9}.Debug|iPhoneSimulator.ActiveCfg = Debug|Any CPU
		{5097969B-9FB8-4A79-92BE-43F41051C7F9}.Debug|iPhoneSimulator.Build.0 = Debug|Any CPU
		{5097969B-9FB8-4A79-92BE-43F41051C7F9}.Debug|x64.ActiveCfg = Debug|Any CPU
		{5097969B-9FB8-4A79-92BE-43F41051C7F9}.Debug|x64.Build.0 = Debug|Any CPU
		{5097969B-9FB8-4A79-92BE-43F41051C7F9}.Debug|x86.ActiveCfg = Debug|Any CPU
		{5097969B-9FB8-4A79-92BE-43F41051C7F9}.Debug|x86.Build.0 = Debug|Any CPU
		{5097969B-9FB8-4A79-92BE-43F41051C7F9}.Release|Any CPU.ActiveCfg = Release|Any CPU
		{5097969B-9FB8-4A79-92BE-43F41051C7F9}.Release|Any CPU.Build.0 = Release|Any CPU
		{5097969B-9FB8-4A79-92BE-43F41051C7F9}.Release|ARM.ActiveCfg = Release|Any CPU
		{5097969B-9FB8-4A79-92BE-43F41051C7F9}.Release|ARM.Build.0 = Release|Any CPU
		{5097969B-9FB8-4A79-92BE-43F41051C7F9}.Release|iPhone.ActiveCfg = Release|Any CPU
		{5097969B-9FB8-4A79-92BE-43F41051C7F9}.Release|iPhone.Build.0 = Release|Any CPU
		{5097969B-9FB8-4A79-92BE-43F41051C7F9}.Release|iPhoneSimulator.ActiveCfg = Release|Any CPU
		{5097969B-9FB8-4A79-92BE-43F41051C7F9}.Release|iPhoneSimulator.Build.0 = Release|Any CPU
		{5097969B-9FB8-4A79-92BE-43F41051C7F9}.Release|x64.ActiveCfg = Release|Any CPU
		{5097969B-9FB8-4A79-92BE-43F41051C7F9}.Release|x64.Build.0 = Release|Any CPU
		{5097969B-9FB8-4A79-92BE-43F41051C7F9}.Release|x86.ActiveCfg = Release|Any CPU
		{5097969B-9FB8-4A79-92BE-43F41051C7F9}.Release|x86.Build.0 = Release|Any CPU
		{56E12270-52FA-4C5E-B4C5-8C05596A283D}.Ad-Hoc|Any CPU.ActiveCfg = Debug|Any CPU
		{56E12270-52FA-4C5E-B4C5-8C05596A283D}.Ad-Hoc|Any CPU.Build.0 = Debug|Any CPU
		{56E12270-52FA-4C5E-B4C5-8C05596A283D}.Ad-Hoc|ARM.ActiveCfg = Debug|Any CPU
		{56E12270-52FA-4C5E-B4C5-8C05596A283D}.Ad-Hoc|ARM.Build.0 = Debug|Any CPU
		{56E12270-52FA-4C5E-B4C5-8C05596A283D}.Ad-Hoc|iPhone.ActiveCfg = Debug|Any CPU
		{56E12270-52FA-4C5E-B4C5-8C05596A283D}.Ad-Hoc|iPhone.Build.0 = Debug|Any CPU
		{56E12270-52FA-4C5E-B4C5-8C05596A283D}.Ad-Hoc|iPhoneSimulator.ActiveCfg = Debug|Any CPU
		{56E12270-52FA-4C5E-B4C5-8C05596A283D}.Ad-Hoc|iPhoneSimulator.Build.0 = Debug|Any CPU
		{56E12270-52FA-4C5E-B4C5-8C05596A283D}.Ad-Hoc|x64.ActiveCfg = Debug|Any CPU
		{56E12270-52FA-4C5E-B4C5-8C05596A283D}.Ad-Hoc|x64.Build.0 = Debug|Any CPU
		{56E12270-52FA-4C5E-B4C5-8C05596A283D}.Ad-Hoc|x86.ActiveCfg = Debug|Any CPU
		{56E12270-52FA-4C5E-B4C5-8C05596A283D}.Ad-Hoc|x86.Build.0 = Debug|Any CPU
		{56E12270-52FA-4C5E-B4C5-8C05596A283D}.AppStore|Any CPU.ActiveCfg = Debug|Any CPU
		{56E12270-52FA-4C5E-B4C5-8C05596A283D}.AppStore|Any CPU.Build.0 = Debug|Any CPU
		{56E12270-52FA-4C5E-B4C5-8C05596A283D}.AppStore|ARM.ActiveCfg = Debug|Any CPU
		{56E12270-52FA-4C5E-B4C5-8C05596A283D}.AppStore|ARM.Build.0 = Debug|Any CPU
		{56E12270-52FA-4C5E-B4C5-8C05596A283D}.AppStore|iPhone.ActiveCfg = Debug|Any CPU
		{56E12270-52FA-4C5E-B4C5-8C05596A283D}.AppStore|iPhone.Build.0 = Debug|Any CPU
		{56E12270-52FA-4C5E-B4C5-8C05596A283D}.AppStore|iPhoneSimulator.ActiveCfg = Debug|Any CPU
		{56E12270-52FA-4C5E-B4C5-8C05596A283D}.AppStore|iPhoneSimulator.Build.0 = Debug|Any CPU
		{56E12270-52FA-4C5E-B4C5-8C05596A283D}.AppStore|x64.ActiveCfg = Debug|Any CPU
		{56E12270-52FA-4C5E-B4C5-8C05596A283D}.AppStore|x64.Build.0 = Debug|Any CPU
		{56E12270-52FA-4C5E-B4C5-8C05596A283D}.AppStore|x86.ActiveCfg = Debug|Any CPU
		{56E12270-52FA-4C5E-B4C5-8C05596A283D}.AppStore|x86.Build.0 = Debug|Any CPU
		{56E12270-52FA-4C5E-B4C5-8C05596A283D}.Debug|Any CPU.ActiveCfg = Debug|Any CPU
		{56E12270-52FA-4C5E-B4C5-8C05596A283D}.Debug|Any CPU.Build.0 = Debug|Any CPU
		{56E12270-52FA-4C5E-B4C5-8C05596A283D}.Debug|ARM.ActiveCfg = Debug|Any CPU
		{56E12270-52FA-4C5E-B4C5-8C05596A283D}.Debug|ARM.Build.0 = Debug|Any CPU
		{56E12270-52FA-4C5E-B4C5-8C05596A283D}.Debug|iPhone.ActiveCfg = Debug|Any CPU
		{56E12270-52FA-4C5E-B4C5-8C05596A283D}.Debug|iPhone.Build.0 = Debug|Any CPU
		{56E12270-52FA-4C5E-B4C5-8C05596A283D}.Debug|iPhoneSimulator.ActiveCfg = Debug|Any CPU
		{56E12270-52FA-4C5E-B4C5-8C05596A283D}.Debug|iPhoneSimulator.Build.0 = Debug|Any CPU
		{56E12270-52FA-4C5E-B4C5-8C05596A283D}.Debug|x64.ActiveCfg = Debug|Any CPU
		{56E12270-52FA-4C5E-B4C5-8C05596A283D}.Debug|x64.Build.0 = Debug|Any CPU
		{56E12270-52FA-4C5E-B4C5-8C05596A283D}.Debug|x86.ActiveCfg = Debug|Any CPU
		{56E12270-52FA-4C5E-B4C5-8C05596A283D}.Debug|x86.Build.0 = Debug|Any CPU
		{56E12270-52FA-4C5E-B4C5-8C05596A283D}.Release|Any CPU.ActiveCfg = Release|Any CPU
		{56E12270-52FA-4C5E-B4C5-8C05596A283D}.Release|Any CPU.Build.0 = Release|Any CPU
		{56E12270-52FA-4C5E-B4C5-8C05596A283D}.Release|ARM.ActiveCfg = Release|Any CPU
		{56E12270-52FA-4C5E-B4C5-8C05596A283D}.Release|ARM.Build.0 = Release|Any CPU
		{56E12270-52FA-4C5E-B4C5-8C05596A283D}.Release|iPhone.ActiveCfg = Release|Any CPU
		{56E12270-52FA-4C5E-B4C5-8C05596A283D}.Release|iPhone.Build.0 = Release|Any CPU
		{56E12270-52FA-4C5E-B4C5-8C05596A283D}.Release|iPhoneSimulator.ActiveCfg = Release|Any CPU
		{56E12270-52FA-4C5E-B4C5-8C05596A283D}.Release|iPhoneSimulator.Build.0 = Release|Any CPU
		{56E12270-52FA-4C5E-B4C5-8C05596A283D}.Release|x64.ActiveCfg = Release|Any CPU
		{56E12270-52FA-4C5E-B4C5-8C05596A283D}.Release|x64.Build.0 = Release|Any CPU
		{56E12270-52FA-4C5E-B4C5-8C05596A283D}.Release|x86.ActiveCfg = Release|Any CPU
		{56E12270-52FA-4C5E-B4C5-8C05596A283D}.Release|x86.Build.0 = Release|Any CPU
		{60F3FA38-7F80-42CB-AD41-F1E15A98EE50}.Ad-Hoc|Any CPU.ActiveCfg = Release|Any CPU
		{60F3FA38-7F80-42CB-AD41-F1E15A98EE50}.Ad-Hoc|Any CPU.Build.0 = Release|Any CPU
		{60F3FA38-7F80-42CB-AD41-F1E15A98EE50}.Ad-Hoc|ARM.ActiveCfg = Release|Any CPU
		{60F3FA38-7F80-42CB-AD41-F1E15A98EE50}.Ad-Hoc|iPhone.ActiveCfg = Release|Any CPU
		{60F3FA38-7F80-42CB-AD41-F1E15A98EE50}.Ad-Hoc|iPhoneSimulator.ActiveCfg = Release|Any CPU
		{60F3FA38-7F80-42CB-AD41-F1E15A98EE50}.Ad-Hoc|x64.ActiveCfg = Release|Any CPU
		{60F3FA38-7F80-42CB-AD41-F1E15A98EE50}.Ad-Hoc|x86.ActiveCfg = Release|Any CPU
		{60F3FA38-7F80-42CB-AD41-F1E15A98EE50}.AppStore|Any CPU.ActiveCfg = Release|Any CPU
		{60F3FA38-7F80-42CB-AD41-F1E15A98EE50}.AppStore|Any CPU.Build.0 = Release|Any CPU
		{60F3FA38-7F80-42CB-AD41-F1E15A98EE50}.AppStore|ARM.ActiveCfg = Release|Any CPU
		{60F3FA38-7F80-42CB-AD41-F1E15A98EE50}.AppStore|iPhone.ActiveCfg = Release|Any CPU
		{60F3FA38-7F80-42CB-AD41-F1E15A98EE50}.AppStore|iPhoneSimulator.ActiveCfg = Release|Any CPU
		{60F3FA38-7F80-42CB-AD41-F1E15A98EE50}.AppStore|x64.ActiveCfg = Release|Any CPU
		{60F3FA38-7F80-42CB-AD41-F1E15A98EE50}.AppStore|x86.ActiveCfg = Release|Any CPU
		{60F3FA38-7F80-42CB-AD41-F1E15A98EE50}.Debug|Any CPU.ActiveCfg = Debug|Any CPU
		{60F3FA38-7F80-42CB-AD41-F1E15A98EE50}.Debug|Any CPU.Build.0 = Debug|Any CPU
		{60F3FA38-7F80-42CB-AD41-F1E15A98EE50}.Debug|ARM.ActiveCfg = Debug|Any CPU
		{60F3FA38-7F80-42CB-AD41-F1E15A98EE50}.Debug|iPhone.ActiveCfg = Debug|Any CPU
		{60F3FA38-7F80-42CB-AD41-F1E15A98EE50}.Debug|iPhoneSimulator.ActiveCfg = Debug|Any CPU
		{60F3FA38-7F80-42CB-AD41-F1E15A98EE50}.Debug|x64.ActiveCfg = Debug|Any CPU
		{60F3FA38-7F80-42CB-AD41-F1E15A98EE50}.Debug|x86.ActiveCfg = Debug|Any CPU
		{60F3FA38-7F80-42CB-AD41-F1E15A98EE50}.Release|Any CPU.ActiveCfg = Release|Any CPU
		{60F3FA38-7F80-42CB-AD41-F1E15A98EE50}.Release|Any CPU.Build.0 = Release|Any CPU
		{60F3FA38-7F80-42CB-AD41-F1E15A98EE50}.Release|ARM.ActiveCfg = Release|Any CPU
		{60F3FA38-7F80-42CB-AD41-F1E15A98EE50}.Release|iPhone.ActiveCfg = Release|Any CPU
		{60F3FA38-7F80-42CB-AD41-F1E15A98EE50}.Release|iPhoneSimulator.ActiveCfg = Release|Any CPU
		{60F3FA38-7F80-42CB-AD41-F1E15A98EE50}.Release|x64.ActiveCfg = Release|Any CPU
		{60F3FA38-7F80-42CB-AD41-F1E15A98EE50}.Release|x86.ActiveCfg = Release|Any CPU
		{6F4D67A2-D340-4B95-8D62-99870ECFCB9B}.Ad-Hoc|Any CPU.ActiveCfg = Release|Any CPU
		{6F4D67A2-D340-4B95-8D62-99870ECFCB9B}.Ad-Hoc|Any CPU.Build.0 = Release|Any CPU
		{6F4D67A2-D340-4B95-8D62-99870ECFCB9B}.Ad-Hoc|ARM.ActiveCfg = Release|Any CPU
		{6F4D67A2-D340-4B95-8D62-99870ECFCB9B}.Ad-Hoc|ARM.Build.0 = Release|Any CPU
		{6F4D67A2-D340-4B95-8D62-99870ECFCB9B}.Ad-Hoc|iPhone.ActiveCfg = Release|Any CPU
		{6F4D67A2-D340-4B95-8D62-99870ECFCB9B}.Ad-Hoc|iPhone.Build.0 = Release|Any CPU
		{6F4D67A2-D340-4B95-8D62-99870ECFCB9B}.Ad-Hoc|iPhoneSimulator.ActiveCfg = Release|Any CPU
		{6F4D67A2-D340-4B95-8D62-99870ECFCB9B}.Ad-Hoc|iPhoneSimulator.Build.0 = Release|Any CPU
		{6F4D67A2-D340-4B95-8D62-99870ECFCB9B}.Ad-Hoc|x64.ActiveCfg = Release|Any CPU
		{6F4D67A2-D340-4B95-8D62-99870ECFCB9B}.Ad-Hoc|x64.Build.0 = Release|Any CPU
		{6F4D67A2-D340-4B95-8D62-99870ECFCB9B}.Ad-Hoc|x86.ActiveCfg = Release|Any CPU
		{6F4D67A2-D340-4B95-8D62-99870ECFCB9B}.Ad-Hoc|x86.Build.0 = Release|Any CPU
		{6F4D67A2-D340-4B95-8D62-99870ECFCB9B}.AppStore|Any CPU.ActiveCfg = Release|Any CPU
		{6F4D67A2-D340-4B95-8D62-99870ECFCB9B}.AppStore|Any CPU.Build.0 = Release|Any CPU
		{6F4D67A2-D340-4B95-8D62-99870ECFCB9B}.AppStore|ARM.ActiveCfg = Release|Any CPU
		{6F4D67A2-D340-4B95-8D62-99870ECFCB9B}.AppStore|ARM.Build.0 = Release|Any CPU
		{6F4D67A2-D340-4B95-8D62-99870ECFCB9B}.AppStore|iPhone.ActiveCfg = Release|Any CPU
		{6F4D67A2-D340-4B95-8D62-99870ECFCB9B}.AppStore|iPhone.Build.0 = Release|Any CPU
		{6F4D67A2-D340-4B95-8D62-99870ECFCB9B}.AppStore|iPhoneSimulator.ActiveCfg = Release|Any CPU
		{6F4D67A2-D340-4B95-8D62-99870ECFCB9B}.AppStore|iPhoneSimulator.Build.0 = Release|Any CPU
		{6F4D67A2-D340-4B95-8D62-99870ECFCB9B}.AppStore|x64.ActiveCfg = Release|Any CPU
		{6F4D67A2-D340-4B95-8D62-99870ECFCB9B}.AppStore|x64.Build.0 = Release|Any CPU
		{6F4D67A2-D340-4B95-8D62-99870ECFCB9B}.AppStore|x86.ActiveCfg = Release|Any CPU
		{6F4D67A2-D340-4B95-8D62-99870ECFCB9B}.AppStore|x86.Build.0 = Release|Any CPU
		{6F4D67A2-D340-4B95-8D62-99870ECFCB9B}.Debug|Any CPU.ActiveCfg = Debug|Any CPU
		{6F4D67A2-D340-4B95-8D62-99870ECFCB9B}.Debug|Any CPU.Build.0 = Debug|Any CPU
		{6F4D67A2-D340-4B95-8D62-99870ECFCB9B}.Debug|ARM.ActiveCfg = Debug|Any CPU
		{6F4D67A2-D340-4B95-8D62-99870ECFCB9B}.Debug|ARM.Build.0 = Debug|Any CPU
		{6F4D67A2-D340-4B95-8D62-99870ECFCB9B}.Debug|iPhone.ActiveCfg = Debug|Any CPU
		{6F4D67A2-D340-4B95-8D62-99870ECFCB9B}.Debug|iPhone.Build.0 = Debug|Any CPU
		{6F4D67A2-D340-4B95-8D62-99870ECFCB9B}.Debug|iPhoneSimulator.ActiveCfg = Debug|Any CPU
		{6F4D67A2-D340-4B95-8D62-99870ECFCB9B}.Debug|iPhoneSimulator.Build.0 = Debug|Any CPU
		{6F4D67A2-D340-4B95-8D62-99870ECFCB9B}.Debug|x64.ActiveCfg = Debug|Any CPU
		{6F4D67A2-D340-4B95-8D62-99870ECFCB9B}.Debug|x64.Build.0 = Debug|Any CPU
		{6F4D67A2-D340-4B95-8D62-99870ECFCB9B}.Debug|x86.ActiveCfg = Debug|Any CPU
		{6F4D67A2-D340-4B95-8D62-99870ECFCB9B}.Debug|x86.Build.0 = Debug|Any CPU
		{6F4D67A2-D340-4B95-8D62-99870ECFCB9B}.Release|Any CPU.ActiveCfg = Release|Any CPU
		{6F4D67A2-D340-4B95-8D62-99870ECFCB9B}.Release|Any CPU.Build.0 = Release|Any CPU
		{6F4D67A2-D340-4B95-8D62-99870ECFCB9B}.Release|ARM.ActiveCfg = Release|Any CPU
		{6F4D67A2-D340-4B95-8D62-99870ECFCB9B}.Release|ARM.Build.0 = Release|Any CPU
		{6F4D67A2-D340-4B95-8D62-99870ECFCB9B}.Release|iPhone.ActiveCfg = Release|Any CPU
		{6F4D67A2-D340-4B95-8D62-99870ECFCB9B}.Release|iPhone.Build.0 = Release|Any CPU
		{6F4D67A2-D340-4B95-8D62-99870ECFCB9B}.Release|iPhoneSimulator.ActiveCfg = Release|Any CPU
		{6F4D67A2-D340-4B95-8D62-99870ECFCB9B}.Release|iPhoneSimulator.Build.0 = Release|Any CPU
		{6F4D67A2-D340-4B95-8D62-99870ECFCB9B}.Release|x64.ActiveCfg = Release|Any CPU
		{6F4D67A2-D340-4B95-8D62-99870ECFCB9B}.Release|x64.Build.0 = Release|Any CPU
		{6F4D67A2-D340-4B95-8D62-99870ECFCB9B}.Release|x86.ActiveCfg = Release|Any CPU
		{6F4D67A2-D340-4B95-8D62-99870ECFCB9B}.Release|x86.Build.0 = Release|Any CPU
		{802F388E-91DE-4147-B7FE-CE3334F37758}.Ad-Hoc|Any CPU.ActiveCfg = Debug|Any CPU
		{802F388E-91DE-4147-B7FE-CE3334F37758}.Ad-Hoc|Any CPU.Build.0 = Debug|Any CPU
		{802F388E-91DE-4147-B7FE-CE3334F37758}.Ad-Hoc|ARM.ActiveCfg = Debug|Any CPU
		{802F388E-91DE-4147-B7FE-CE3334F37758}.Ad-Hoc|ARM.Build.0 = Debug|Any CPU
		{802F388E-91DE-4147-B7FE-CE3334F37758}.Ad-Hoc|iPhone.ActiveCfg = Debug|Any CPU
		{802F388E-91DE-4147-B7FE-CE3334F37758}.Ad-Hoc|iPhone.Build.0 = Debug|Any CPU
		{802F388E-91DE-4147-B7FE-CE3334F37758}.Ad-Hoc|iPhoneSimulator.ActiveCfg = Debug|Any CPU
		{802F388E-91DE-4147-B7FE-CE3334F37758}.Ad-Hoc|iPhoneSimulator.Build.0 = Debug|Any CPU
		{802F388E-91DE-4147-B7FE-CE3334F37758}.Ad-Hoc|x64.ActiveCfg = Debug|Any CPU
		{802F388E-91DE-4147-B7FE-CE3334F37758}.Ad-Hoc|x64.Build.0 = Debug|Any CPU
		{802F388E-91DE-4147-B7FE-CE3334F37758}.Ad-Hoc|x86.ActiveCfg = Debug|Any CPU
		{802F388E-91DE-4147-B7FE-CE3334F37758}.Ad-Hoc|x86.Build.0 = Debug|Any CPU
		{802F388E-91DE-4147-B7FE-CE3334F37758}.AppStore|Any CPU.ActiveCfg = Debug|Any CPU
		{802F388E-91DE-4147-B7FE-CE3334F37758}.AppStore|Any CPU.Build.0 = Debug|Any CPU
		{802F388E-91DE-4147-B7FE-CE3334F37758}.AppStore|ARM.ActiveCfg = Debug|Any CPU
		{802F388E-91DE-4147-B7FE-CE3334F37758}.AppStore|ARM.Build.0 = Debug|Any CPU
		{802F388E-91DE-4147-B7FE-CE3334F37758}.AppStore|iPhone.ActiveCfg = Debug|Any CPU
		{802F388E-91DE-4147-B7FE-CE3334F37758}.AppStore|iPhone.Build.0 = Debug|Any CPU
		{802F388E-91DE-4147-B7FE-CE3334F37758}.AppStore|iPhoneSimulator.ActiveCfg = Debug|Any CPU
		{802F388E-91DE-4147-B7FE-CE3334F37758}.AppStore|iPhoneSimulator.Build.0 = Debug|Any CPU
		{802F388E-91DE-4147-B7FE-CE3334F37758}.AppStore|x64.ActiveCfg = Debug|Any CPU
		{802F388E-91DE-4147-B7FE-CE3334F37758}.AppStore|x64.Build.0 = Debug|Any CPU
		{802F388E-91DE-4147-B7FE-CE3334F37758}.AppStore|x86.ActiveCfg = Debug|Any CPU
		{802F388E-91DE-4147-B7FE-CE3334F37758}.AppStore|x86.Build.0 = Debug|Any CPU
		{802F388E-91DE-4147-B7FE-CE3334F37758}.Debug|Any CPU.ActiveCfg = Debug|Any CPU
		{802F388E-91DE-4147-B7FE-CE3334F37758}.Debug|Any CPU.Build.0 = Debug|Any CPU
		{802F388E-91DE-4147-B7FE-CE3334F37758}.Debug|ARM.ActiveCfg = Debug|Any CPU
		{802F388E-91DE-4147-B7FE-CE3334F37758}.Debug|ARM.Build.0 = Debug|Any CPU
		{802F388E-91DE-4147-B7FE-CE3334F37758}.Debug|iPhone.ActiveCfg = Debug|Any CPU
		{802F388E-91DE-4147-B7FE-CE3334F37758}.Debug|iPhone.Build.0 = Debug|Any CPU
		{802F388E-91DE-4147-B7FE-CE3334F37758}.Debug|iPhoneSimulator.ActiveCfg = Debug|Any CPU
		{802F388E-91DE-4147-B7FE-CE3334F37758}.Debug|iPhoneSimulator.Build.0 = Debug|Any CPU
		{802F388E-91DE-4147-B7FE-CE3334F37758}.Debug|x64.ActiveCfg = Debug|Any CPU
		{802F388E-91DE-4147-B7FE-CE3334F37758}.Debug|x64.Build.0 = Debug|Any CPU
		{802F388E-91DE-4147-B7FE-CE3334F37758}.Debug|x86.ActiveCfg = Debug|Any CPU
		{802F388E-91DE-4147-B7FE-CE3334F37758}.Debug|x86.Build.0 = Debug|Any CPU
		{802F388E-91DE-4147-B7FE-CE3334F37758}.Release|Any CPU.ActiveCfg = Release|Any CPU
		{802F388E-91DE-4147-B7FE-CE3334F37758}.Release|Any CPU.Build.0 = Release|Any CPU
		{802F388E-91DE-4147-B7FE-CE3334F37758}.Release|ARM.ActiveCfg = Release|Any CPU
		{802F388E-91DE-4147-B7FE-CE3334F37758}.Release|ARM.Build.0 = Release|Any CPU
		{802F388E-91DE-4147-B7FE-CE3334F37758}.Release|iPhone.ActiveCfg = Release|Any CPU
		{802F388E-91DE-4147-B7FE-CE3334F37758}.Release|iPhone.Build.0 = Release|Any CPU
		{802F388E-91DE-4147-B7FE-CE3334F37758}.Release|iPhoneSimulator.ActiveCfg = Release|Any CPU
		{802F388E-91DE-4147-B7FE-CE3334F37758}.Release|iPhoneSimulator.Build.0 = Release|Any CPU
		{802F388E-91DE-4147-B7FE-CE3334F37758}.Release|x64.ActiveCfg = Release|Any CPU
		{802F388E-91DE-4147-B7FE-CE3334F37758}.Release|x64.Build.0 = Release|Any CPU
		{802F388E-91DE-4147-B7FE-CE3334F37758}.Release|x86.ActiveCfg = Release|Any CPU
		{802F388E-91DE-4147-B7FE-CE3334F37758}.Release|x86.Build.0 = Release|Any CPU
		{8B6A9125-DA4A-49E2-BA9F-1FB3BF6AAADB}.Ad-Hoc|Any CPU.ActiveCfg = Debug|Any CPU
		{8B6A9125-DA4A-49E2-BA9F-1FB3BF6AAADB}.Ad-Hoc|Any CPU.Build.0 = Debug|Any CPU
		{8B6A9125-DA4A-49E2-BA9F-1FB3BF6AAADB}.Ad-Hoc|ARM.ActiveCfg = Debug|Any CPU
		{8B6A9125-DA4A-49E2-BA9F-1FB3BF6AAADB}.Ad-Hoc|ARM.Build.0 = Debug|Any CPU
		{8B6A9125-DA4A-49E2-BA9F-1FB3BF6AAADB}.Ad-Hoc|iPhone.ActiveCfg = Debug|Any CPU
		{8B6A9125-DA4A-49E2-BA9F-1FB3BF6AAADB}.Ad-Hoc|iPhone.Build.0 = Debug|Any CPU
		{8B6A9125-DA4A-49E2-BA9F-1FB3BF6AAADB}.Ad-Hoc|iPhoneSimulator.ActiveCfg = Debug|Any CPU
		{8B6A9125-DA4A-49E2-BA9F-1FB3BF6AAADB}.Ad-Hoc|iPhoneSimulator.Build.0 = Debug|Any CPU
		{8B6A9125-DA4A-49E2-BA9F-1FB3BF6AAADB}.Ad-Hoc|x64.ActiveCfg = Debug|Any CPU
		{8B6A9125-DA4A-49E2-BA9F-1FB3BF6AAADB}.Ad-Hoc|x64.Build.0 = Debug|Any CPU
		{8B6A9125-DA4A-49E2-BA9F-1FB3BF6AAADB}.Ad-Hoc|x86.ActiveCfg = Debug|Any CPU
		{8B6A9125-DA4A-49E2-BA9F-1FB3BF6AAADB}.Ad-Hoc|x86.Build.0 = Debug|Any CPU
		{8B6A9125-DA4A-49E2-BA9F-1FB3BF6AAADB}.AppStore|Any CPU.ActiveCfg = Debug|Any CPU
		{8B6A9125-DA4A-49E2-BA9F-1FB3BF6AAADB}.AppStore|Any CPU.Build.0 = Debug|Any CPU
		{8B6A9125-DA4A-49E2-BA9F-1FB3BF6AAADB}.AppStore|ARM.ActiveCfg = Debug|Any CPU
		{8B6A9125-DA4A-49E2-BA9F-1FB3BF6AAADB}.AppStore|ARM.Build.0 = Debug|Any CPU
		{8B6A9125-DA4A-49E2-BA9F-1FB3BF6AAADB}.AppStore|iPhone.ActiveCfg = Debug|Any CPU
		{8B6A9125-DA4A-49E2-BA9F-1FB3BF6AAADB}.AppStore|iPhone.Build.0 = Debug|Any CPU
		{8B6A9125-DA4A-49E2-BA9F-1FB3BF6AAADB}.AppStore|iPhoneSimulator.ActiveCfg = Debug|Any CPU
		{8B6A9125-DA4A-49E2-BA9F-1FB3BF6AAADB}.AppStore|iPhoneSimulator.Build.0 = Debug|Any CPU
		{8B6A9125-DA4A-49E2-BA9F-1FB3BF6AAADB}.AppStore|x64.ActiveCfg = Debug|Any CPU
		{8B6A9125-DA4A-49E2-BA9F-1FB3BF6AAADB}.AppStore|x64.Build.0 = Debug|Any CPU
		{8B6A9125-DA4A-49E2-BA9F-1FB3BF6AAADB}.AppStore|x86.ActiveCfg = Debug|Any CPU
		{8B6A9125-DA4A-49E2-BA9F-1FB3BF6AAADB}.AppStore|x86.Build.0 = Debug|Any CPU
		{8B6A9125-DA4A-49E2-BA9F-1FB3BF6AAADB}.Debug|Any CPU.ActiveCfg = Debug|Any CPU
		{8B6A9125-DA4A-49E2-BA9F-1FB3BF6AAADB}.Debug|Any CPU.Build.0 = Debug|Any CPU
		{8B6A9125-DA4A-49E2-BA9F-1FB3BF6AAADB}.Debug|ARM.ActiveCfg = Debug|Any CPU
		{8B6A9125-DA4A-49E2-BA9F-1FB3BF6AAADB}.Debug|ARM.Build.0 = Debug|Any CPU
		{8B6A9125-DA4A-49E2-BA9F-1FB3BF6AAADB}.Debug|iPhone.ActiveCfg = Debug|Any CPU
		{8B6A9125-DA4A-49E2-BA9F-1FB3BF6AAADB}.Debug|iPhone.Build.0 = Debug|Any CPU
		{8B6A9125-DA4A-49E2-BA9F-1FB3BF6AAADB}.Debug|iPhoneSimulator.ActiveCfg = Debug|Any CPU
		{8B6A9125-DA4A-49E2-BA9F-1FB3BF6AAADB}.Debug|iPhoneSimulator.Build.0 = Debug|Any CPU
		{8B6A9125-DA4A-49E2-BA9F-1FB3BF6AAADB}.Debug|x64.ActiveCfg = Debug|Any CPU
		{8B6A9125-DA4A-49E2-BA9F-1FB3BF6AAADB}.Debug|x64.Build.0 = Debug|Any CPU
		{8B6A9125-DA4A-49E2-BA9F-1FB3BF6AAADB}.Debug|x86.ActiveCfg = Debug|Any CPU
		{8B6A9125-DA4A-49E2-BA9F-1FB3BF6AAADB}.Debug|x86.Build.0 = Debug|Any CPU
		{8B6A9125-DA4A-49E2-BA9F-1FB3BF6AAADB}.Release|Any CPU.ActiveCfg = Release|Any CPU
		{8B6A9125-DA4A-49E2-BA9F-1FB3BF6AAADB}.Release|Any CPU.Build.0 = Release|Any CPU
		{8B6A9125-DA4A-49E2-BA9F-1FB3BF6AAADB}.Release|ARM.ActiveCfg = Release|Any CPU
		{8B6A9125-DA4A-49E2-BA9F-1FB3BF6AAADB}.Release|ARM.Build.0 = Release|Any CPU
		{8B6A9125-DA4A-49E2-BA9F-1FB3BF6AAADB}.Release|iPhone.ActiveCfg = Release|Any CPU
		{8B6A9125-DA4A-49E2-BA9F-1FB3BF6AAADB}.Release|iPhone.Build.0 = Release|Any CPU
		{8B6A9125-DA4A-49E2-BA9F-1FB3BF6AAADB}.Release|iPhoneSimulator.ActiveCfg = Release|Any CPU
		{8B6A9125-DA4A-49E2-BA9F-1FB3BF6AAADB}.Release|iPhoneSimulator.Build.0 = Release|Any CPU
		{8B6A9125-DA4A-49E2-BA9F-1FB3BF6AAADB}.Release|x64.ActiveCfg = Release|Any CPU
		{8B6A9125-DA4A-49E2-BA9F-1FB3BF6AAADB}.Release|x64.Build.0 = Release|Any CPU
		{8B6A9125-DA4A-49E2-BA9F-1FB3BF6AAADB}.Release|x86.ActiveCfg = Release|Any CPU
		{8B6A9125-DA4A-49E2-BA9F-1FB3BF6AAADB}.Release|x86.Build.0 = Release|Any CPU
		{91E5D594-A734-48AB-B0DA-CF63AC2BBBA8}.Ad-Hoc|Any CPU.ActiveCfg = Debug|Any CPU
		{91E5D594-A734-48AB-B0DA-CF63AC2BBBA8}.Ad-Hoc|Any CPU.Build.0 = Debug|Any CPU
		{91E5D594-A734-48AB-B0DA-CF63AC2BBBA8}.Ad-Hoc|ARM.ActiveCfg = Debug|Any CPU
		{91E5D594-A734-48AB-B0DA-CF63AC2BBBA8}.Ad-Hoc|ARM.Build.0 = Debug|Any CPU
		{91E5D594-A734-48AB-B0DA-CF63AC2BBBA8}.Ad-Hoc|iPhone.ActiveCfg = Debug|Any CPU
		{91E5D594-A734-48AB-B0DA-CF63AC2BBBA8}.Ad-Hoc|iPhone.Build.0 = Debug|Any CPU
		{91E5D594-A734-48AB-B0DA-CF63AC2BBBA8}.Ad-Hoc|iPhoneSimulator.ActiveCfg = Debug|Any CPU
		{91E5D594-A734-48AB-B0DA-CF63AC2BBBA8}.Ad-Hoc|iPhoneSimulator.Build.0 = Debug|Any CPU
		{91E5D594-A734-48AB-B0DA-CF63AC2BBBA8}.Ad-Hoc|x64.ActiveCfg = Debug|Any CPU
		{91E5D594-A734-48AB-B0DA-CF63AC2BBBA8}.Ad-Hoc|x64.Build.0 = Debug|Any CPU
		{91E5D594-A734-48AB-B0DA-CF63AC2BBBA8}.Ad-Hoc|x86.ActiveCfg = Debug|Any CPU
		{91E5D594-A734-48AB-B0DA-CF63AC2BBBA8}.Ad-Hoc|x86.Build.0 = Debug|Any CPU
		{91E5D594-A734-48AB-B0DA-CF63AC2BBBA8}.AppStore|Any CPU.ActiveCfg = Debug|Any CPU
		{91E5D594-A734-48AB-B0DA-CF63AC2BBBA8}.AppStore|Any CPU.Build.0 = Debug|Any CPU
		{91E5D594-A734-48AB-B0DA-CF63AC2BBBA8}.AppStore|ARM.ActiveCfg = Debug|Any CPU
		{91E5D594-A734-48AB-B0DA-CF63AC2BBBA8}.AppStore|ARM.Build.0 = Debug|Any CPU
		{91E5D594-A734-48AB-B0DA-CF63AC2BBBA8}.AppStore|iPhone.ActiveCfg = Debug|Any CPU
		{91E5D594-A734-48AB-B0DA-CF63AC2BBBA8}.AppStore|iPhone.Build.0 = Debug|Any CPU
		{91E5D594-A734-48AB-B0DA-CF63AC2BBBA8}.AppStore|iPhoneSimulator.ActiveCfg = Debug|Any CPU
		{91E5D594-A734-48AB-B0DA-CF63AC2BBBA8}.AppStore|iPhoneSimulator.Build.0 = Debug|Any CPU
		{91E5D594-A734-48AB-B0DA-CF63AC2BBBA8}.AppStore|x64.ActiveCfg = Debug|Any CPU
		{91E5D594-A734-48AB-B0DA-CF63AC2BBBA8}.AppStore|x64.Build.0 = Debug|Any CPU
		{91E5D594-A734-48AB-B0DA-CF63AC2BBBA8}.AppStore|x86.ActiveCfg = Debug|Any CPU
		{91E5D594-A734-48AB-B0DA-CF63AC2BBBA8}.AppStore|x86.Build.0 = Debug|Any CPU
		{91E5D594-A734-48AB-B0DA-CF63AC2BBBA8}.Debug|Any CPU.ActiveCfg = Debug|Any CPU
		{91E5D594-A734-48AB-B0DA-CF63AC2BBBA8}.Debug|Any CPU.Build.0 = Debug|Any CPU
		{91E5D594-A734-48AB-B0DA-CF63AC2BBBA8}.Debug|ARM.ActiveCfg = Debug|Any CPU
		{91E5D594-A734-48AB-B0DA-CF63AC2BBBA8}.Debug|ARM.Build.0 = Debug|Any CPU
		{91E5D594-A734-48AB-B0DA-CF63AC2BBBA8}.Debug|iPhone.ActiveCfg = Debug|Any CPU
		{91E5D594-A734-48AB-B0DA-CF63AC2BBBA8}.Debug|iPhone.Build.0 = Debug|Any CPU
		{91E5D594-A734-48AB-B0DA-CF63AC2BBBA8}.Debug|iPhoneSimulator.ActiveCfg = Debug|Any CPU
		{91E5D594-A734-48AB-B0DA-CF63AC2BBBA8}.Debug|iPhoneSimulator.Build.0 = Debug|Any CPU
		{91E5D594-A734-48AB-B0DA-CF63AC2BBBA8}.Debug|x64.ActiveCfg = Debug|Any CPU
		{91E5D594-A734-48AB-B0DA-CF63AC2BBBA8}.Debug|x64.Build.0 = Debug|Any CPU
		{91E5D594-A734-48AB-B0DA-CF63AC2BBBA8}.Debug|x86.ActiveCfg = Debug|Any CPU
		{91E5D594-A734-48AB-B0DA-CF63AC2BBBA8}.Debug|x86.Build.0 = Debug|Any CPU
		{91E5D594-A734-48AB-B0DA-CF63AC2BBBA8}.Release|Any CPU.ActiveCfg = Release|Any CPU
		{91E5D594-A734-48AB-B0DA-CF63AC2BBBA8}.Release|Any CPU.Build.0 = Release|Any CPU
		{91E5D594-A734-48AB-B0DA-CF63AC2BBBA8}.Release|ARM.ActiveCfg = Release|Any CPU
		{91E5D594-A734-48AB-B0DA-CF63AC2BBBA8}.Release|ARM.Build.0 = Release|Any CPU
		{91E5D594-A734-48AB-B0DA-CF63AC2BBBA8}.Release|iPhone.ActiveCfg = Release|Any CPU
		{91E5D594-A734-48AB-B0DA-CF63AC2BBBA8}.Release|iPhone.Build.0 = Release|Any CPU
		{91E5D594-A734-48AB-B0DA-CF63AC2BBBA8}.Release|iPhoneSimulator.ActiveCfg = Release|Any CPU
		{91E5D594-A734-48AB-B0DA-CF63AC2BBBA8}.Release|iPhoneSimulator.Build.0 = Release|Any CPU
		{91E5D594-A734-48AB-B0DA-CF63AC2BBBA8}.Release|x64.ActiveCfg = Release|Any CPU
		{91E5D594-A734-48AB-B0DA-CF63AC2BBBA8}.Release|x64.Build.0 = Release|Any CPU
		{91E5D594-A734-48AB-B0DA-CF63AC2BBBA8}.Release|x86.ActiveCfg = Release|Any CPU
		{91E5D594-A734-48AB-B0DA-CF63AC2BBBA8}.Release|x86.Build.0 = Release|Any CPU
		{A5DFD927-A154-4460-B1B1-3A20B92243B1}.Ad-Hoc|Any CPU.ActiveCfg = Release|Any CPU
		{A5DFD927-A154-4460-B1B1-3A20B92243B1}.Ad-Hoc|Any CPU.Build.0 = Release|Any CPU
		{A5DFD927-A154-4460-B1B1-3A20B92243B1}.Ad-Hoc|ARM.ActiveCfg = Release|Any CPU
		{A5DFD927-A154-4460-B1B1-3A20B92243B1}.Ad-Hoc|iPhone.ActiveCfg = Release|Any CPU
		{A5DFD927-A154-4460-B1B1-3A20B92243B1}.Ad-Hoc|iPhoneSimulator.ActiveCfg = Release|Any CPU
		{A5DFD927-A154-4460-B1B1-3A20B92243B1}.Ad-Hoc|x64.ActiveCfg = Release|Any CPU
		{A5DFD927-A154-4460-B1B1-3A20B92243B1}.Ad-Hoc|x86.ActiveCfg = Release|Any CPU
		{A5DFD927-A154-4460-B1B1-3A20B92243B1}.AppStore|Any CPU.ActiveCfg = Release|Any CPU
		{A5DFD927-A154-4460-B1B1-3A20B92243B1}.AppStore|Any CPU.Build.0 = Release|Any CPU
		{A5DFD927-A154-4460-B1B1-3A20B92243B1}.AppStore|ARM.ActiveCfg = Release|Any CPU
		{A5DFD927-A154-4460-B1B1-3A20B92243B1}.AppStore|iPhone.ActiveCfg = Release|Any CPU
		{A5DFD927-A154-4460-B1B1-3A20B92243B1}.AppStore|iPhoneSimulator.ActiveCfg = Release|Any CPU
		{A5DFD927-A154-4460-B1B1-3A20B92243B1}.AppStore|x64.ActiveCfg = Release|Any CPU
		{A5DFD927-A154-4460-B1B1-3A20B92243B1}.AppStore|x86.ActiveCfg = Release|Any CPU
		{A5DFD927-A154-4460-B1B1-3A20B92243B1}.Debug|Any CPU.ActiveCfg = Debug|Any CPU
		{A5DFD927-A154-4460-B1B1-3A20B92243B1}.Debug|Any CPU.Build.0 = Debug|Any CPU
		{A5DFD927-A154-4460-B1B1-3A20B92243B1}.Debug|ARM.ActiveCfg = Debug|Any CPU
		{A5DFD927-A154-4460-B1B1-3A20B92243B1}.Debug|iPhone.ActiveCfg = Debug|Any CPU
		{A5DFD927-A154-4460-B1B1-3A20B92243B1}.Debug|iPhoneSimulator.ActiveCfg = Debug|Any CPU
		{A5DFD927-A154-4460-B1B1-3A20B92243B1}.Debug|x64.ActiveCfg = Debug|Any CPU
		{A5DFD927-A154-4460-B1B1-3A20B92243B1}.Debug|x86.ActiveCfg = Debug|Any CPU
		{A5DFD927-A154-4460-B1B1-3A20B92243B1}.Release|Any CPU.ActiveCfg = Release|Any CPU
		{A5DFD927-A154-4460-B1B1-3A20B92243B1}.Release|Any CPU.Build.0 = Release|Any CPU
		{A5DFD927-A154-4460-B1B1-3A20B92243B1}.Release|ARM.ActiveCfg = Release|Any CPU
		{A5DFD927-A154-4460-B1B1-3A20B92243B1}.Release|iPhone.ActiveCfg = Release|Any CPU
		{A5DFD927-A154-4460-B1B1-3A20B92243B1}.Release|iPhoneSimulator.ActiveCfg = Release|Any CPU
		{A5DFD927-A154-4460-B1B1-3A20B92243B1}.Release|x64.ActiveCfg = Release|Any CPU
		{A5DFD927-A154-4460-B1B1-3A20B92243B1}.Release|x86.ActiveCfg = Release|Any CPU
		{AE393314-48CA-469B-9E4E-159EAE7F56D3}.Ad-Hoc|Any CPU.ActiveCfg = Debug|Any CPU
		{AE393314-48CA-469B-9E4E-159EAE7F56D3}.Ad-Hoc|Any CPU.Build.0 = Debug|Any CPU
		{AE393314-48CA-469B-9E4E-159EAE7F56D3}.Ad-Hoc|ARM.ActiveCfg = Debug|Any CPU
		{AE393314-48CA-469B-9E4E-159EAE7F56D3}.Ad-Hoc|ARM.Build.0 = Debug|Any CPU
		{AE393314-48CA-469B-9E4E-159EAE7F56D3}.Ad-Hoc|iPhone.ActiveCfg = Debug|Any CPU
		{AE393314-48CA-469B-9E4E-159EAE7F56D3}.Ad-Hoc|iPhone.Build.0 = Debug|Any CPU
		{AE393314-48CA-469B-9E4E-159EAE7F56D3}.Ad-Hoc|iPhoneSimulator.ActiveCfg = Debug|Any CPU
		{AE393314-48CA-469B-9E4E-159EAE7F56D3}.Ad-Hoc|iPhoneSimulator.Build.0 = Debug|Any CPU
		{AE393314-48CA-469B-9E4E-159EAE7F56D3}.Ad-Hoc|x64.ActiveCfg = Debug|Any CPU
		{AE393314-48CA-469B-9E4E-159EAE7F56D3}.Ad-Hoc|x64.Build.0 = Debug|Any CPU
		{AE393314-48CA-469B-9E4E-159EAE7F56D3}.Ad-Hoc|x86.ActiveCfg = Debug|Any CPU
		{AE393314-48CA-469B-9E4E-159EAE7F56D3}.Ad-Hoc|x86.Build.0 = Debug|Any CPU
		{AE393314-48CA-469B-9E4E-159EAE7F56D3}.AppStore|Any CPU.ActiveCfg = Debug|Any CPU
		{AE393314-48CA-469B-9E4E-159EAE7F56D3}.AppStore|Any CPU.Build.0 = Debug|Any CPU
		{AE393314-48CA-469B-9E4E-159EAE7F56D3}.AppStore|ARM.ActiveCfg = Debug|Any CPU
		{AE393314-48CA-469B-9E4E-159EAE7F56D3}.AppStore|ARM.Build.0 = Debug|Any CPU
		{AE393314-48CA-469B-9E4E-159EAE7F56D3}.AppStore|iPhone.ActiveCfg = Debug|Any CPU
		{AE393314-48CA-469B-9E4E-159EAE7F56D3}.AppStore|iPhone.Build.0 = Debug|Any CPU
		{AE393314-48CA-469B-9E4E-159EAE7F56D3}.AppStore|iPhoneSimulator.ActiveCfg = Debug|Any CPU
		{AE393314-48CA-469B-9E4E-159EAE7F56D3}.AppStore|iPhoneSimulator.Build.0 = Debug|Any CPU
		{AE393314-48CA-469B-9E4E-159EAE7F56D3}.AppStore|x64.ActiveCfg = Debug|Any CPU
		{AE393314-48CA-469B-9E4E-159EAE7F56D3}.AppStore|x64.Build.0 = Debug|Any CPU
		{AE393314-48CA-469B-9E4E-159EAE7F56D3}.AppStore|x86.ActiveCfg = Debug|Any CPU
		{AE393314-48CA-469B-9E4E-159EAE7F56D3}.AppStore|x86.Build.0 = Debug|Any CPU
		{AE393314-48CA-469B-9E4E-159EAE7F56D3}.Debug|Any CPU.ActiveCfg = Debug|Any CPU
		{AE393314-48CA-469B-9E4E-159EAE7F56D3}.Debug|Any CPU.Build.0 = Debug|Any CPU
		{AE393314-48CA-469B-9E4E-159EAE7F56D3}.Debug|ARM.ActiveCfg = Debug|Any CPU
		{AE393314-48CA-469B-9E4E-159EAE7F56D3}.Debug|ARM.Build.0 = Debug|Any CPU
		{AE393314-48CA-469B-9E4E-159EAE7F56D3}.Debug|iPhone.ActiveCfg = Debug|Any CPU
		{AE393314-48CA-469B-9E4E-159EAE7F56D3}.Debug|iPhone.Build.0 = Debug|Any CPU
		{AE393314-48CA-469B-9E4E-159EAE7F56D3}.Debug|iPhoneSimulator.ActiveCfg = Debug|Any CPU
		{AE393314-48CA-469B-9E4E-159EAE7F56D3}.Debug|iPhoneSimulator.Build.0 = Debug|Any CPU
		{AE393314-48CA-469B-9E4E-159EAE7F56D3}.Debug|x64.ActiveCfg = Debug|Any CPU
		{AE393314-48CA-469B-9E4E-159EAE7F56D3}.Debug|x64.Build.0 = Debug|Any CPU
		{AE393314-48CA-469B-9E4E-159EAE7F56D3}.Debug|x86.ActiveCfg = Debug|Any CPU
		{AE393314-48CA-469B-9E4E-159EAE7F56D3}.Debug|x86.Build.0 = Debug|Any CPU
		{AE393314-48CA-469B-9E4E-159EAE7F56D3}.Release|Any CPU.ActiveCfg = Release|Any CPU
		{AE393314-48CA-469B-9E4E-159EAE7F56D3}.Release|Any CPU.Build.0 = Release|Any CPU
		{AE393314-48CA-469B-9E4E-159EAE7F56D3}.Release|ARM.ActiveCfg = Release|Any CPU
		{AE393314-48CA-469B-9E4E-159EAE7F56D3}.Release|ARM.Build.0 = Release|Any CPU
		{AE393314-48CA-469B-9E4E-159EAE7F56D3}.Release|iPhone.ActiveCfg = Release|Any CPU
		{AE393314-48CA-469B-9E4E-159EAE7F56D3}.Release|iPhone.Build.0 = Release|Any CPU
		{AE393314-48CA-469B-9E4E-159EAE7F56D3}.Release|iPhoneSimulator.ActiveCfg = Release|Any CPU
		{AE393314-48CA-469B-9E4E-159EAE7F56D3}.Release|iPhoneSimulator.Build.0 = Release|Any CPU
		{AE393314-48CA-469B-9E4E-159EAE7F56D3}.Release|x64.ActiveCfg = Release|Any CPU
		{AE393314-48CA-469B-9E4E-159EAE7F56D3}.Release|x64.Build.0 = Release|Any CPU
		{AE393314-48CA-469B-9E4E-159EAE7F56D3}.Release|x86.ActiveCfg = Release|Any CPU
		{AE393314-48CA-469B-9E4E-159EAE7F56D3}.Release|x86.Build.0 = Release|Any CPU
		{BD676F78-4479-4721-B47C-643818956418}.Ad-Hoc|Any CPU.ActiveCfg = Debug|Any CPU
		{BD676F78-4479-4721-B47C-643818956418}.Ad-Hoc|Any CPU.Build.0 = Debug|Any CPU
		{BD676F78-4479-4721-B47C-643818956418}.Ad-Hoc|ARM.ActiveCfg = Debug|Any CPU
		{BD676F78-4479-4721-B47C-643818956418}.Ad-Hoc|ARM.Build.0 = Debug|Any CPU
		{BD676F78-4479-4721-B47C-643818956418}.Ad-Hoc|iPhone.ActiveCfg = Debug|Any CPU
		{BD676F78-4479-4721-B47C-643818956418}.Ad-Hoc|iPhone.Build.0 = Debug|Any CPU
		{BD676F78-4479-4721-B47C-643818956418}.Ad-Hoc|iPhoneSimulator.ActiveCfg = Debug|Any CPU
		{BD676F78-4479-4721-B47C-643818956418}.Ad-Hoc|iPhoneSimulator.Build.0 = Debug|Any CPU
		{BD676F78-4479-4721-B47C-643818956418}.Ad-Hoc|x64.ActiveCfg = Debug|Any CPU
		{BD676F78-4479-4721-B47C-643818956418}.Ad-Hoc|x64.Build.0 = Debug|Any CPU
		{BD676F78-4479-4721-B47C-643818956418}.Ad-Hoc|x86.ActiveCfg = Debug|Any CPU
		{BD676F78-4479-4721-B47C-643818956418}.Ad-Hoc|x86.Build.0 = Debug|Any CPU
		{BD676F78-4479-4721-B47C-643818956418}.AppStore|Any CPU.ActiveCfg = Debug|Any CPU
		{BD676F78-4479-4721-B47C-643818956418}.AppStore|Any CPU.Build.0 = Debug|Any CPU
		{BD676F78-4479-4721-B47C-643818956418}.AppStore|ARM.ActiveCfg = Debug|Any CPU
		{BD676F78-4479-4721-B47C-643818956418}.AppStore|ARM.Build.0 = Debug|Any CPU
		{BD676F78-4479-4721-B47C-643818956418}.AppStore|iPhone.ActiveCfg = Debug|Any CPU
		{BD676F78-4479-4721-B47C-643818956418}.AppStore|iPhone.Build.0 = Debug|Any CPU
		{BD676F78-4479-4721-B47C-643818956418}.AppStore|iPhoneSimulator.ActiveCfg = Debug|Any CPU
		{BD676F78-4479-4721-B47C-643818956418}.AppStore|iPhoneSimulator.Build.0 = Debug|Any CPU
		{BD676F78-4479-4721-B47C-643818956418}.AppStore|x64.ActiveCfg = Debug|Any CPU
		{BD676F78-4479-4721-B47C-643818956418}.AppStore|x64.Build.0 = Debug|Any CPU
		{BD676F78-4479-4721-B47C-643818956418}.AppStore|x86.ActiveCfg = Debug|Any CPU
		{BD676F78-4479-4721-B47C-643818956418}.AppStore|x86.Build.0 = Debug|Any CPU
		{BD676F78-4479-4721-B47C-643818956418}.Debug|Any CPU.ActiveCfg = Debug|Any CPU
		{BD676F78-4479-4721-B47C-643818956418}.Debug|Any CPU.Build.0 = Debug|Any CPU
		{BD676F78-4479-4721-B47C-643818956418}.Debug|ARM.ActiveCfg = Debug|Any CPU
		{BD676F78-4479-4721-B47C-643818956418}.Debug|ARM.Build.0 = Debug|Any CPU
		{BD676F78-4479-4721-B47C-643818956418}.Debug|iPhone.ActiveCfg = Debug|Any CPU
		{BD676F78-4479-4721-B47C-643818956418}.Debug|iPhone.Build.0 = Debug|Any CPU
		{BD676F78-4479-4721-B47C-643818956418}.Debug|iPhoneSimulator.ActiveCfg = Debug|Any CPU
		{BD676F78-4479-4721-B47C-643818956418}.Debug|iPhoneSimulator.Build.0 = Debug|Any CPU
		{BD676F78-4479-4721-B47C-643818956418}.Debug|x64.ActiveCfg = Debug|Any CPU
		{BD676F78-4479-4721-B47C-643818956418}.Debug|x64.Build.0 = Debug|Any CPU
		{BD676F78-4479-4721-B47C-643818956418}.Debug|x86.ActiveCfg = Debug|Any CPU
		{BD676F78-4479-4721-B47C-643818956418}.Debug|x86.Build.0 = Debug|Any CPU
		{BD676F78-4479-4721-B47C-643818956418}.Release|Any CPU.ActiveCfg = Release|Any CPU
		{BD676F78-4479-4721-B47C-643818956418}.Release|Any CPU.Build.0 = Release|Any CPU
		{BD676F78-4479-4721-B47C-643818956418}.Release|ARM.ActiveCfg = Release|Any CPU
		{BD676F78-4479-4721-B47C-643818956418}.Release|ARM.Build.0 = Release|Any CPU
		{BD676F78-4479-4721-B47C-643818956418}.Release|iPhone.ActiveCfg = Release|Any CPU
		{BD676F78-4479-4721-B47C-643818956418}.Release|iPhone.Build.0 = Release|Any CPU
		{BD676F78-4479-4721-B47C-643818956418}.Release|iPhoneSimulator.ActiveCfg = Release|Any CPU
		{BD676F78-4479-4721-B47C-643818956418}.Release|iPhoneSimulator.Build.0 = Release|Any CPU
		{BD676F78-4479-4721-B47C-643818956418}.Release|x64.ActiveCfg = Release|Any CPU
		{BD676F78-4479-4721-B47C-643818956418}.Release|x64.Build.0 = Release|Any CPU
		{BD676F78-4479-4721-B47C-643818956418}.Release|x86.ActiveCfg = Release|Any CPU
		{BD676F78-4479-4721-B47C-643818956418}.Release|x86.Build.0 = Release|Any CPU
		{EE0585DC-751F-4F42-B338-23BC56DC71C7}.Ad-Hoc|Any CPU.ActiveCfg = Release|Any CPU
		{EE0585DC-751F-4F42-B338-23BC56DC71C7}.Ad-Hoc|Any CPU.Build.0 = Release|Any CPU
		{EE0585DC-751F-4F42-B338-23BC56DC71C7}.Ad-Hoc|ARM.ActiveCfg = Release|Any CPU
		{EE0585DC-751F-4F42-B338-23BC56DC71C7}.Ad-Hoc|ARM.Build.0 = Release|Any CPU
		{EE0585DC-751F-4F42-B338-23BC56DC71C7}.Ad-Hoc|iPhone.ActiveCfg = Release|Any CPU
		{EE0585DC-751F-4F42-B338-23BC56DC71C7}.Ad-Hoc|iPhone.Build.0 = Release|Any CPU
		{EE0585DC-751F-4F42-B338-23BC56DC71C7}.Ad-Hoc|iPhoneSimulator.ActiveCfg = Release|Any CPU
		{EE0585DC-751F-4F42-B338-23BC56DC71C7}.Ad-Hoc|iPhoneSimulator.Build.0 = Release|Any CPU
		{EE0585DC-751F-4F42-B338-23BC56DC71C7}.Ad-Hoc|x64.ActiveCfg = Release|Any CPU
		{EE0585DC-751F-4F42-B338-23BC56DC71C7}.Ad-Hoc|x64.Build.0 = Release|Any CPU
		{EE0585DC-751F-4F42-B338-23BC56DC71C7}.Ad-Hoc|x86.ActiveCfg = Release|Any CPU
		{EE0585DC-751F-4F42-B338-23BC56DC71C7}.Ad-Hoc|x86.Build.0 = Release|Any CPU
		{EE0585DC-751F-4F42-B338-23BC56DC71C7}.AppStore|Any CPU.ActiveCfg = Release|Any CPU
		{EE0585DC-751F-4F42-B338-23BC56DC71C7}.AppStore|Any CPU.Build.0 = Release|Any CPU
		{EE0585DC-751F-4F42-B338-23BC56DC71C7}.AppStore|ARM.ActiveCfg = Release|Any CPU
		{EE0585DC-751F-4F42-B338-23BC56DC71C7}.AppStore|ARM.Build.0 = Release|Any CPU
		{EE0585DC-751F-4F42-B338-23BC56DC71C7}.AppStore|iPhone.ActiveCfg = Release|Any CPU
		{EE0585DC-751F-4F42-B338-23BC56DC71C7}.AppStore|iPhone.Build.0 = Release|Any CPU
		{EE0585DC-751F-4F42-B338-23BC56DC71C7}.AppStore|iPhoneSimulator.ActiveCfg = Release|Any CPU
		{EE0585DC-751F-4F42-B338-23BC56DC71C7}.AppStore|iPhoneSimulator.Build.0 = Release|Any CPU
		{EE0585DC-751F-4F42-B338-23BC56DC71C7}.AppStore|x64.ActiveCfg = Release|Any CPU
		{EE0585DC-751F-4F42-B338-23BC56DC71C7}.AppStore|x64.Build.0 = Release|Any CPU
		{EE0585DC-751F-4F42-B338-23BC56DC71C7}.AppStore|x86.ActiveCfg = Release|Any CPU
		{EE0585DC-751F-4F42-B338-23BC56DC71C7}.AppStore|x86.Build.0 = Release|Any CPU
		{EE0585DC-751F-4F42-B338-23BC56DC71C7}.Debug|Any CPU.ActiveCfg = Debug|Any CPU
		{EE0585DC-751F-4F42-B338-23BC56DC71C7}.Debug|Any CPU.Build.0 = Debug|Any CPU
		{EE0585DC-751F-4F42-B338-23BC56DC71C7}.Debug|ARM.ActiveCfg = Debug|Any CPU
		{EE0585DC-751F-4F42-B338-23BC56DC71C7}.Debug|ARM.Build.0 = Debug|Any CPU
		{EE0585DC-751F-4F42-B338-23BC56DC71C7}.Debug|iPhone.ActiveCfg = Debug|Any CPU
		{EE0585DC-751F-4F42-B338-23BC56DC71C7}.Debug|iPhone.Build.0 = Debug|Any CPU
		{EE0585DC-751F-4F42-B338-23BC56DC71C7}.Debug|iPhoneSimulator.ActiveCfg = Debug|Any CPU
		{EE0585DC-751F-4F42-B338-23BC56DC71C7}.Debug|iPhoneSimulator.Build.0 = Debug|Any CPU
		{EE0585DC-751F-4F42-B338-23BC56DC71C7}.Debug|x64.ActiveCfg = Debug|Any CPU
		{EE0585DC-751F-4F42-B338-23BC56DC71C7}.Debug|x64.Build.0 = Debug|Any CPU
		{EE0585DC-751F-4F42-B338-23BC56DC71C7}.Debug|x86.ActiveCfg = Debug|Any CPU
		{EE0585DC-751F-4F42-B338-23BC56DC71C7}.Debug|x86.Build.0 = Debug|Any CPU
		{EE0585DC-751F-4F42-B338-23BC56DC71C7}.Release|Any CPU.ActiveCfg = Release|Any CPU
		{EE0585DC-751F-4F42-B338-23BC56DC71C7}.Release|Any CPU.Build.0 = Release|Any CPU
		{EE0585DC-751F-4F42-B338-23BC56DC71C7}.Release|ARM.ActiveCfg = Release|Any CPU
		{EE0585DC-751F-4F42-B338-23BC56DC71C7}.Release|ARM.Build.0 = Release|Any CPU
		{EE0585DC-751F-4F42-B338-23BC56DC71C7}.Release|iPhone.ActiveCfg = Release|Any CPU
		{EE0585DC-751F-4F42-B338-23BC56DC71C7}.Release|iPhone.Build.0 = Release|Any CPU
		{EE0585DC-751F-4F42-B338-23BC56DC71C7}.Release|iPhoneSimulator.ActiveCfg = Release|Any CPU
		{EE0585DC-751F-4F42-B338-23BC56DC71C7}.Release|iPhoneSimulator.Build.0 = Release|Any CPU
		{EE0585DC-751F-4F42-B338-23BC56DC71C7}.Release|x64.ActiveCfg = Release|Any CPU
		{EE0585DC-751F-4F42-B338-23BC56DC71C7}.Release|x64.Build.0 = Release|Any CPU
		{EE0585DC-751F-4F42-B338-23BC56DC71C7}.Release|x86.ActiveCfg = Release|Any CPU
		{EE0585DC-751F-4F42-B338-23BC56DC71C7}.Release|x86.Build.0 = Release|Any CPU
	EndGlobalSection
	GlobalSection(NestedProjects) = preSolution
		{91E5D594-A734-48AB-B0DA-CF63AC2BBBA8} = {341E6385-8235-4D3E-9334-C86268B1F73A}
		{3464274E-A31C-413B-ADAE-EC6F2AA58FE7} = {341E6385-8235-4D3E-9334-C86268B1F73A}
		{AE393314-48CA-469B-9E4E-159EAE7F56D3} = {341E6385-8235-4D3E-9334-C86268B1F73A}
		{56E12270-52FA-4C5E-B4C5-8C05596A283D} = {341E6385-8235-4D3E-9334-C86268B1F73A}
		{EE0585DC-751F-4F42-B338-23BC56DC71C7} = {341E6385-8235-4D3E-9334-C86268B1F73A}
		{5097969B-9FB8-4A79-92BE-43F41051C7F9} = {7802F108-5D80-4279-B0B4-B95962A614FC}
		{A0A86B9F-A62E-45ED-B638-8EAFAB73CCC2} = {7802F108-5D80-4279-B0B4-B95962A614FC}
		{23EF5F04-D278-4D8F-9EAA-E0080469D1FE} = {7802F108-5D80-4279-B0B4-B95962A614FC}
		{802F388E-91DE-4147-B7FE-CE3334F37758} = {A0A86B9F-A62E-45ED-B638-8EAFAB73CCC2}
		{481798A7-D1A2-4984-83D1-B82F93C91469} = {A0A86B9F-A62E-45ED-B638-8EAFAB73CCC2}
		{60F3FA38-7F80-42CB-AD41-F1E15A98EE50} = {3F9EFC78-736D-45EC-BD8C-1D344563786D}
		{A5DFD927-A154-4460-B1B1-3A20B92243B1} = {3F9EFC78-736D-45EC-BD8C-1D344563786D}
		{2CD2F19D-CF87-434D-BB4E-73308D7F4AD5} = {DAD70847-039C-4A18-8598-23E2123FBB14}
		{8B6A9125-DA4A-49E2-BA9F-1FB3BF6AAADB} = {DAD70847-039C-4A18-8598-23E2123FBB14}
		{BD676F78-4479-4721-B47C-643818956418} = {DAD70847-039C-4A18-8598-23E2123FBB14}
	EndGlobalSection
	GlobalSection(SolutionProperties) = preSolution
		HideSolutionNode = FALSE
	EndGlobalSection
EndGlobal
