
Microsoft Visual Studio Solution File, Format Version 12.00
# Visual Studio 2012
VisualStudioVersion = 12.0.30501.0
MinimumVisualStudioVersion = 10.0.40219.1
Project("{2150E333-8FDC-42A3-9474-1A3956D46DE8}") = "Core", "Core", "{341E6385-8235-4D3E-9334-C86268B1F73A}"
EndProject
Project("{FAE04EC0-301F-11D3-BF4B-00C04F79EFBC}") = "MasDev.Common.Core", "Core\MasDev.Common.Core\MasDev.Common.Core.csproj", "{91E5D594-A734-48AB-B0DA-CF63AC2BBBA8}"
EndProject
Project("{FAE04EC0-301F-11D3-BF4B-00C04F79EFBC}") = "MasDev.Common.Core.Azure", "Core\MasDev.Common.Core.Azure\MasDev.Common.Core.Azure.csproj", "{333354FC-B2EB-42D3-96F0-08D1276CE891}"
EndProject
Project("{FAE04EC0-301F-11D3-BF4B-00C04F79EFBC}") = "MasDev.Common.Core.Droid", "Core\MasDev.Common.Core.Droid\MasDev.Common.Core.Droid.csproj", "{3464274E-A31C-413B-ADAE-EC6F2AA58FE7}"
EndProject
Project("{FAE04EC0-301F-11D3-BF4B-00C04F79EFBC}") = "MasDev.Common.Core.IOS", "Core\MasDev.Common.Core.iOS\MasDev.Common.Core.IOS.csproj", "{AE393314-48CA-469B-9E4E-159EAE7F56D3}"
EndProject
Project("{FAE04EC0-301F-11D3-BF4B-00C04F79EFBC}") = "MasDev.Common.Core.Mono", "Core\MasDev.Common.Core.Mono\MasDev.Common.Core.Mono.csproj", "{56E12270-52FA-4C5E-B4C5-8C05596A283D}"
EndProject
Project("{2150E333-8FDC-42A3-9474-1A3956D46DE8}") = "Data", "Data", "{7802F108-5D80-4279-B0B4-B95962A614FC}"
EndProject
Project("{FAE04EC0-301F-11D3-BF4B-00C04F79EFBC}") = "MasDev.Common.Data.Core", "Data\MasDev.Common.Data.Core\MasDev.Common.Data.Core.csproj", "{5097969B-9FB8-4A79-92BE-43F41051C7F9}"
EndProject
Project("{2150E333-8FDC-42A3-9474-1A3956D46DE8}") = "NHibernate", "NHibernate", "{A0A86B9F-A62E-45ED-B638-8EAFAB73CCC2}"
EndProject
Project("{FAE04EC0-301F-11D3-BF4B-00C04F79EFBC}") = "MasDev.Common.Data.NHibernate.Core", "Data\NHibernate\MasDev.Common.Data.NHibernate.Core\MasDev.Common.Data.NHibernate.Core.csproj", "{802F388E-91DE-4147-B7FE-CE3334F37758}"
EndProject
Project("{FAE04EC0-301F-11D3-BF4B-00C04F79EFBC}") = "MasDev.Common.Data.NHibernate.Mono", "Data\NHibernate\MasDev.Common.Data.NHibernate.Mono\MasDev.Common.Data.NHibernate.Mono.csproj", "{481798A7-D1A2-4984-83D1-B82F93C91469}"
EndProject
Project("{FAE04EC0-301F-11D3-BF4B-00C04F79EFBC}") = "MasDev.Common.Data.Mono", "Data\MasDev.Common.Data.Mono\MasDev.Common.Data.Mono.csproj", "{23EF5F04-D278-4D8F-9EAA-E0080469D1FE}"
EndProject
Project("{2150E333-8FDC-42A3-9474-1A3956D46DE8}") = "Rest", "Rest", "{6CDBCAA2-6549-4F1B-A38D-E6662C74F367}"
EndProject
Project("{FAE04EC0-301F-11D3-BF4B-00C04F79EFBC}") = "MasDev.Common.Rest.SignalR", "Rest\MasDev.Common.Rest.SignalR\MasDev.Common.Rest.SignalR.csproj", "{B733030B-0EF3-49FB-B32A-8C70ADD96B34}"
EndProject
Project("{FAE04EC0-301F-11D3-BF4B-00C04F79EFBC}") = "MasDev.Common.Rest.WebApi", "Rest\MasDev.Common.Rest.WebApi\MasDev.Common.Rest.WebApi.csproj", "{3DCE5F2C-9F87-4977-A885-4CBB675B63E3}"
EndProject
Project("{FAE04EC0-301F-11D3-BF4B-00C04F79EFBC}") = "MasDev.Common.Rest.Mono", "Rest\MasDev.Common.Rest.Mono\MasDev.Common.Rest.Mono.csproj", "{EC561B45-F896-4D19-BBF0-4B3CE9A2E190}"
EndProject
Global
	GlobalSection(SolutionConfigurationPlatforms) = preSolution
		Ad-Hoc|Any CPU = Ad-Hoc|Any CPU
		Ad-Hoc|ARM = Ad-Hoc|ARM
		Ad-Hoc|iPhone = Ad-Hoc|iPhone
		Ad-Hoc|iPhoneSimulator = Ad-Hoc|iPhoneSimulator
		Ad-Hoc|x64 = Ad-Hoc|x64
		Ad-Hoc|x86 = Ad-Hoc|x86
		AppStore|Any CPU = AppStore|Any CPU
		AppStore|ARM = AppStore|ARM
		AppStore|iPhone = AppStore|iPhone
		AppStore|iPhoneSimulator = AppStore|iPhoneSimulator
		AppStore|x64 = AppStore|x64
		AppStore|x86 = AppStore|x86
		Debug|Any CPU = Debug|Any CPU
		Debug|ARM = Debug|ARM
		Debug|iPhone = Debug|iPhone
		Debug|iPhoneSimulator = Debug|iPhoneSimulator
		Debug|x64 = Debug|x64
		Debug|x86 = Debug|x86
		Release|Any CPU = Release|Any CPU
		Release|ARM = Release|ARM
		Release|iPhone = Release|iPhone
		Release|iPhoneSimulator = Release|iPhoneSimulator
		Release|x64 = Release|x64
		Release|x86 = Release|x86
	EndGlobalSection
	GlobalSection(ProjectConfigurationPlatforms) = postSolution
		{23EF5F04-D278-4D8F-9EAA-E0080469D1FE}.Ad-Hoc|Any CPU.ActiveCfg = Debug|Any CPU
		{23EF5F04-D278-4D8F-9EAA-E0080469D1FE}.Ad-Hoc|Any CPU.Build.0 = Debug|Any CPU
		{23EF5F04-D278-4D8F-9EAA-E0080469D1FE}.Ad-Hoc|ARM.ActiveCfg = Debug|Any CPU
		{23EF5F04-D278-4D8F-9EAA-E0080469D1FE}.Ad-Hoc|ARM.Build.0 = Debug|Any CPU
		{23EF5F04-D278-4D8F-9EAA-E0080469D1FE}.Ad-Hoc|iPhone.ActiveCfg = Debug|Any CPU
		{23EF5F04-D278-4D8F-9EAA-E0080469D1FE}.Ad-Hoc|iPhone.Build.0 = Debug|Any CPU
		{23EF5F04-D278-4D8F-9EAA-E0080469D1FE}.Ad-Hoc|iPhoneSimulator.ActiveCfg = Debug|Any CPU
		{23EF5F04-D278-4D8F-9EAA-E0080469D1FE}.Ad-Hoc|iPhoneSimulator.Build.0 = Debug|Any CPU
		{23EF5F04-D278-4D8F-9EAA-E0080469D1FE}.Ad-Hoc|x64.ActiveCfg = Debug|Any CPU
		{23EF5F04-D278-4D8F-9EAA-E0080469D1FE}.Ad-Hoc|x64.Build.0 = Debug|Any CPU
		{23EF5F04-D278-4D8F-9EAA-E0080469D1FE}.Ad-Hoc|x86.ActiveCfg = Debug|Any CPU
		{23EF5F04-D278-4D8F-9EAA-E0080469D1FE}.Ad-Hoc|x86.Build.0 = Debug|Any CPU
		{23EF5F04-D278-4D8F-9EAA-E0080469D1FE}.AppStore|Any CPU.ActiveCfg = Debug|Any CPU
		{23EF5F04-D278-4D8F-9EAA-E0080469D1FE}.AppStore|Any CPU.Build.0 = Debug|Any CPU
		{23EF5F04-D278-4D8F-9EAA-E0080469D1FE}.AppStore|ARM.ActiveCfg = Debug|Any CPU
		{23EF5F04-D278-4D8F-9EAA-E0080469D1FE}.AppStore|ARM.Build.0 = Debug|Any CPU
		{23EF5F04-D278-4D8F-9EAA-E0080469D1FE}.AppStore|iPhone.ActiveCfg = Debug|Any CPU
		{23EF5F04-D278-4D8F-9EAA-E0080469D1FE}.AppStore|iPhone.Build.0 = Debug|Any CPU
		{23EF5F04-D278-4D8F-9EAA-E0080469D1FE}.AppStore|iPhoneSimulator.ActiveCfg = Debug|Any CPU
		{23EF5F04-D278-4D8F-9EAA-E0080469D1FE}.AppStore|iPhoneSimulator.Build.0 = Debug|Any CPU
		{23EF5F04-D278-4D8F-9EAA-E0080469D1FE}.AppStore|x64.ActiveCfg = Debug|Any CPU
		{23EF5F04-D278-4D8F-9EAA-E0080469D1FE}.AppStore|x64.Build.0 = Debug|Any CPU
		{23EF5F04-D278-4D8F-9EAA-E0080469D1FE}.AppStore|x86.ActiveCfg = Debug|Any CPU
		{23EF5F04-D278-4D8F-9EAA-E0080469D1FE}.AppStore|x86.Build.0 = Debug|Any CPU
		{23EF5F04-D278-4D8F-9EAA-E0080469D1FE}.Debug|Any CPU.ActiveCfg = Debug|Any CPU
		{23EF5F04-D278-4D8F-9EAA-E0080469D1FE}.Debug|Any CPU.Build.0 = Debug|Any CPU
		{23EF5F04-D278-4D8F-9EAA-E0080469D1FE}.Debug|ARM.ActiveCfg = Debug|Any CPU
		{23EF5F04-D278-4D8F-9EAA-E0080469D1FE}.Debug|ARM.Build.0 = Debug|Any CPU
		{23EF5F04-D278-4D8F-9EAA-E0080469D1FE}.Debug|iPhone.ActiveCfg = Debug|Any CPU
		{23EF5F04-D278-4D8F-9EAA-E0080469D1FE}.Debug|iPhone.Build.0 = Debug|Any CPU
		{23EF5F04-D278-4D8F-9EAA-E0080469D1FE}.Debug|iPhoneSimulator.ActiveCfg = Debug|Any CPU
		{23EF5F04-D278-4D8F-9EAA-E0080469D1FE}.Debug|iPhoneSimulator.Build.0 = Debug|Any CPU
		{23EF5F04-D278-4D8F-9EAA-E0080469D1FE}.Debug|x64.ActiveCfg = Debug|Any CPU
		{23EF5F04-D278-4D8F-9EAA-E0080469D1FE}.Debug|x64.Build.0 = Debug|Any CPU
		{23EF5F04-D278-4D8F-9EAA-E0080469D1FE}.Debug|x86.ActiveCfg = Debug|Any CPU
		{23EF5F04-D278-4D8F-9EAA-E0080469D1FE}.Debug|x86.Build.0 = Debug|Any CPU
		{23EF5F04-D278-4D8F-9EAA-E0080469D1FE}.Release|Any CPU.ActiveCfg = Release|Any CPU
		{23EF5F04-D278-4D8F-9EAA-E0080469D1FE}.Release|Any CPU.Build.0 = Release|Any CPU
		{23EF5F04-D278-4D8F-9EAA-E0080469D1FE}.Release|ARM.ActiveCfg = Release|Any CPU
		{23EF5F04-D278-4D8F-9EAA-E0080469D1FE}.Release|ARM.Build.0 = Release|Any CPU
		{23EF5F04-D278-4D8F-9EAA-E0080469D1FE}.Release|iPhone.ActiveCfg = Release|Any CPU
		{23EF5F04-D278-4D8F-9EAA-E0080469D1FE}.Release|iPhone.Build.0 = Release|Any CPU
		{23EF5F04-D278-4D8F-9EAA-E0080469D1FE}.Release|iPhoneSimulator.ActiveCfg = Release|Any CPU
		{23EF5F04-D278-4D8F-9EAA-E0080469D1FE}.Release|iPhoneSimulator.Build.0 = Release|Any CPU
		{23EF5F04-D278-4D8F-9EAA-E0080469D1FE}.Release|x64.ActiveCfg = Release|Any CPU
		{23EF5F04-D278-4D8F-9EAA-E0080469D1FE}.Release|x64.Build.0 = Release|Any CPU
		{23EF5F04-D278-4D8F-9EAA-E0080469D1FE}.Release|x86.ActiveCfg = Release|Any CPU
		{23EF5F04-D278-4D8F-9EAA-E0080469D1FE}.Release|x86.Build.0 = Release|Any CPU
		{333354FC-B2EB-42D3-96F0-08D1276CE891}.Ad-Hoc|Any CPU.ActiveCfg = Debug|Any CPU
		{333354FC-B2EB-42D3-96F0-08D1276CE891}.Ad-Hoc|Any CPU.Build.0 = Debug|Any CPU
		{333354FC-B2EB-42D3-96F0-08D1276CE891}.Ad-Hoc|ARM.ActiveCfg = Debug|Any CPU
		{333354FC-B2EB-42D3-96F0-08D1276CE891}.Ad-Hoc|ARM.Build.0 = Debug|Any CPU
		{333354FC-B2EB-42D3-96F0-08D1276CE891}.Ad-Hoc|iPhone.ActiveCfg = Debug|Any CPU
		{333354FC-B2EB-42D3-96F0-08D1276CE891}.Ad-Hoc|iPhone.Build.0 = Debug|Any CPU
		{333354FC-B2EB-42D3-96F0-08D1276CE891}.Ad-Hoc|iPhoneSimulator.ActiveCfg = Debug|Any CPU
		{333354FC-B2EB-42D3-96F0-08D1276CE891}.Ad-Hoc|iPhoneSimulator.Build.0 = Debug|Any CPU
		{333354FC-B2EB-42D3-96F0-08D1276CE891}.Ad-Hoc|x64.ActiveCfg = Debug|Any CPU
		{333354FC-B2EB-42D3-96F0-08D1276CE891}.Ad-Hoc|x64.Build.0 = Debug|Any CPU
		{333354FC-B2EB-42D3-96F0-08D1276CE891}.Ad-Hoc|x86.ActiveCfg = Debug|Any CPU
		{333354FC-B2EB-42D3-96F0-08D1276CE891}.Ad-Hoc|x86.Build.0 = Debug|Any CPU
		{333354FC-B2EB-42D3-96F0-08D1276CE891}.AppStore|Any CPU.ActiveCfg = Debug|Any CPU
		{333354FC-B2EB-42D3-96F0-08D1276CE891}.AppStore|Any CPU.Build.0 = Debug|Any CPU
		{333354FC-B2EB-42D3-96F0-08D1276CE891}.AppStore|ARM.ActiveCfg = Debug|Any CPU
		{333354FC-B2EB-42D3-96F0-08D1276CE891}.AppStore|ARM.Build.0 = Debug|Any CPU
		{333354FC-B2EB-42D3-96F0-08D1276CE891}.AppStore|iPhone.ActiveCfg = Debug|Any CPU
		{333354FC-B2EB-42D3-96F0-08D1276CE891}.AppStore|iPhone.Build.0 = Debug|Any CPU
		{333354FC-B2EB-42D3-96F0-08D1276CE891}.AppStore|iPhoneSimulator.ActiveCfg = Debug|Any CPU
		{333354FC-B2EB-42D3-96F0-08D1276CE891}.AppStore|iPhoneSimulator.Build.0 = Debug|Any CPU
		{333354FC-B2EB-42D3-96F0-08D1276CE891}.AppStore|x64.ActiveCfg = Debug|Any CPU
		{333354FC-B2EB-42D3-96F0-08D1276CE891}.AppStore|x64.Build.0 = Debug|Any CPU
		{333354FC-B2EB-42D3-96F0-08D1276CE891}.AppStore|x86.ActiveCfg = Debug|Any CPU
		{333354FC-B2EB-42D3-96F0-08D1276CE891}.AppStore|x86.Build.0 = Debug|Any CPU
		{333354FC-B2EB-42D3-96F0-08D1276CE891}.Debug|Any CPU.ActiveCfg = Debug|Any CPU
		{333354FC-B2EB-42D3-96F0-08D1276CE891}.Debug|Any CPU.Build.0 = Debug|Any CPU
		{333354FC-B2EB-42D3-96F0-08D1276CE891}.Debug|ARM.ActiveCfg = Debug|Any CPU
		{333354FC-B2EB-42D3-96F0-08D1276CE891}.Debug|ARM.Build.0 = Debug|Any CPU
		{333354FC-B2EB-42D3-96F0-08D1276CE891}.Debug|iPhone.ActiveCfg = Debug|Any CPU
		{333354FC-B2EB-42D3-96F0-08D1276CE891}.Debug|iPhone.Build.0 = Debug|Any CPU
		{333354FC-B2EB-42D3-96F0-08D1276CE891}.Debug|iPhoneSimulator.ActiveCfg = Debug|Any CPU
		{333354FC-B2EB-42D3-96F0-08D1276CE891}.Debug|iPhoneSimulator.Build.0 = Debug|Any CPU
		{333354FC-B2EB-42D3-96F0-08D1276CE891}.Debug|x64.ActiveCfg = Debug|Any CPU
		{333354FC-B2EB-42D3-96F0-08D1276CE891}.Debug|x64.Build.0 = Debug|Any CPU
		{333354FC-B2EB-42D3-96F0-08D1276CE891}.Debug|x86.ActiveCfg = Debug|Any CPU
		{333354FC-B2EB-42D3-96F0-08D1276CE891}.Debug|x86.Build.0 = Debug|Any CPU
		{333354FC-B2EB-42D3-96F0-08D1276CE891}.Release|Any CPU.ActiveCfg = Release|Any CPU
		{333354FC-B2EB-42D3-96F0-08D1276CE891}.Release|Any CPU.Build.0 = Release|Any CPU
		{333354FC-B2EB-42D3-96F0-08D1276CE891}.Release|ARM.ActiveCfg = Release|Any CPU
		{333354FC-B2EB-42D3-96F0-08D1276CE891}.Release|ARM.Build.0 = Release|Any CPU
		{333354FC-B2EB-42D3-96F0-08D1276CE891}.Release|iPhone.ActiveCfg = Release|Any CPU
		{333354FC-B2EB-42D3-96F0-08D1276CE891}.Release|iPhone.Build.0 = Release|Any CPU
		{333354FC-B2EB-42D3-96F0-08D1276CE891}.Release|iPhoneSimulator.ActiveCfg = Release|Any CPU
		{333354FC-B2EB-42D3-96F0-08D1276CE891}.Release|iPhoneSimulator.Build.0 = Release|Any CPU
		{333354FC-B2EB-42D3-96F0-08D1276CE891}.Release|x64.ActiveCfg = Release|Any CPU
		{333354FC-B2EB-42D3-96F0-08D1276CE891}.Release|x64.Build.0 = Release|Any CPU
		{333354FC-B2EB-42D3-96F0-08D1276CE891}.Release|x86.ActiveCfg = Release|Any CPU
		{333354FC-B2EB-42D3-96F0-08D1276CE891}.Release|x86.Build.0 = Release|Any CPU
		{3464274E-A31C-413B-ADAE-EC6F2AA58FE7}.Ad-Hoc|Any CPU.ActiveCfg = Debug|Any CPU
		{3464274E-A31C-413B-ADAE-EC6F2AA58FE7}.Ad-Hoc|Any CPU.Build.0 = Debug|Any CPU
		{3464274E-A31C-413B-ADAE-EC6F2AA58FE7}.Ad-Hoc|ARM.ActiveCfg = Debug|Any CPU
		{3464274E-A31C-413B-ADAE-EC6F2AA58FE7}.Ad-Hoc|ARM.Build.0 = Debug|Any CPU
		{3464274E-A31C-413B-ADAE-EC6F2AA58FE7}.Ad-Hoc|iPhone.ActiveCfg = Debug|Any CPU
		{3464274E-A31C-413B-ADAE-EC6F2AA58FE7}.Ad-Hoc|iPhone.Build.0 = Debug|Any CPU
		{3464274E-A31C-413B-ADAE-EC6F2AA58FE7}.Ad-Hoc|iPhoneSimulator.ActiveCfg = Debug|Any CPU
		{3464274E-A31C-413B-ADAE-EC6F2AA58FE7}.Ad-Hoc|iPhoneSimulator.Build.0 = Debug|Any CPU
		{3464274E-A31C-413B-ADAE-EC6F2AA58FE7}.Ad-Hoc|x64.ActiveCfg = Debug|Any CPU
		{3464274E-A31C-413B-ADAE-EC6F2AA58FE7}.Ad-Hoc|x64.Build.0 = Debug|Any CPU
		{3464274E-A31C-413B-ADAE-EC6F2AA58FE7}.Ad-Hoc|x86.ActiveCfg = Debug|Any CPU
		{3464274E-A31C-413B-ADAE-EC6F2AA58FE7}.Ad-Hoc|x86.Build.0 = Debug|Any CPU
		{3464274E-A31C-413B-ADAE-EC6F2AA58FE7}.AppStore|Any CPU.ActiveCfg = Debug|Any CPU
		{3464274E-A31C-413B-ADAE-EC6F2AA58FE7}.AppStore|Any CPU.Build.0 = Debug|Any CPU
		{3464274E-A31C-413B-ADAE-EC6F2AA58FE7}.AppStore|ARM.ActiveCfg = Debug|Any CPU
		{3464274E-A31C-413B-ADAE-EC6F2AA58FE7}.AppStore|ARM.Build.0 = Debug|Any CPU
		{3464274E-A31C-413B-ADAE-EC6F2AA58FE7}.AppStore|iPhone.ActiveCfg = Debug|Any CPU
		{3464274E-A31C-413B-ADAE-EC6F2AA58FE7}.AppStore|iPhone.Build.0 = Debug|Any CPU
		{3464274E-A31C-413B-ADAE-EC6F2AA58FE7}.AppStore|iPhoneSimulator.ActiveCfg = Debug|Any CPU
		{3464274E-A31C-413B-ADAE-EC6F2AA58FE7}.AppStore|iPhoneSimulator.Build.0 = Debug|Any CPU
		{3464274E-A31C-413B-ADAE-EC6F2AA58FE7}.AppStore|x64.ActiveCfg = Debug|Any CPU
		{3464274E-A31C-413B-ADAE-EC6F2AA58FE7}.AppStore|x64.Build.0 = Debug|Any CPU
		{3464274E-A31C-413B-ADAE-EC6F2AA58FE7}.AppStore|x86.ActiveCfg = Debug|Any CPU
		{3464274E-A31C-413B-ADAE-EC6F2AA58FE7}.AppStore|x86.Build.0 = Debug|Any CPU
		{3464274E-A31C-413B-ADAE-EC6F2AA58FE7}.Debug|Any CPU.ActiveCfg = Debug|Any CPU
		{3464274E-A31C-413B-ADAE-EC6F2AA58FE7}.Debug|Any CPU.Build.0 = Debug|Any CPU
		{3464274E-A31C-413B-ADAE-EC6F2AA58FE7}.Debug|ARM.ActiveCfg = Debug|Any CPU
		{3464274E-A31C-413B-ADAE-EC6F2AA58FE7}.Debug|ARM.Build.0 = Debug|Any CPU
		{3464274E-A31C-413B-ADAE-EC6F2AA58FE7}.Debug|iPhone.ActiveCfg = Debug|Any CPU
		{3464274E-A31C-413B-ADAE-EC6F2AA58FE7}.Debug|iPhone.Build.0 = Debug|Any CPU
		{3464274E-A31C-413B-ADAE-EC6F2AA58FE7}.Debug|iPhoneSimulator.ActiveCfg = Debug|Any CPU
		{3464274E-A31C-413B-ADAE-EC6F2AA58FE7}.Debug|iPhoneSimulator.Build.0 = Debug|Any CPU
		{3464274E-A31C-413B-ADAE-EC6F2AA58FE7}.Debug|x64.ActiveCfg = Debug|Any CPU
		{3464274E-A31C-413B-ADAE-EC6F2AA58FE7}.Debug|x64.Build.0 = Debug|Any CPU
		{3464274E-A31C-413B-ADAE-EC6F2AA58FE7}.Debug|x86.ActiveCfg = Debug|Any CPU
		{3464274E-A31C-413B-ADAE-EC6F2AA58FE7}.Debug|x86.Build.0 = Debug|Any CPU
		{3464274E-A31C-413B-ADAE-EC6F2AA58FE7}.Release|Any CPU.ActiveCfg = Release|Any CPU
		{3464274E-A31C-413B-ADAE-EC6F2AA58FE7}.Release|Any CPU.Build.0 = Release|Any CPU
		{3464274E-A31C-413B-ADAE-EC6F2AA58FE7}.Release|ARM.ActiveCfg = Release|Any CPU
		{3464274E-A31C-413B-ADAE-EC6F2AA58FE7}.Release|ARM.Build.0 = Release|Any CPU
		{3464274E-A31C-413B-ADAE-EC6F2AA58FE7}.Release|iPhone.ActiveCfg = Release|Any CPU
		{3464274E-A31C-413B-ADAE-EC6F2AA58FE7}.Release|iPhone.Build.0 = Release|Any CPU
		{3464274E-A31C-413B-ADAE-EC6F2AA58FE7}.Release|iPhoneSimulator.ActiveCfg = Release|Any CPU
		{3464274E-A31C-413B-ADAE-EC6F2AA58FE7}.Release|iPhoneSimulator.Build.0 = Release|Any CPU
		{3464274E-A31C-413B-ADAE-EC6F2AA58FE7}.Release|x64.ActiveCfg = Release|Any CPU
		{3464274E-A31C-413B-ADAE-EC6F2AA58FE7}.Release|x64.Build.0 = Release|Any CPU
		{3464274E-A31C-413B-ADAE-EC6F2AA58FE7}.Release|x86.ActiveCfg = Release|Any CPU
		{3464274E-A31C-413B-ADAE-EC6F2AA58FE7}.Release|x86.Build.0 = Release|Any CPU
		{3DCE5F2C-9F87-4977-A885-4CBB675B63E3}.Ad-Hoc|Any CPU.ActiveCfg = Debug|Any CPU
		{3DCE5F2C-9F87-4977-A885-4CBB675B63E3}.Ad-Hoc|Any CPU.Build.0 = Debug|Any CPU
		{3DCE5F2C-9F87-4977-A885-4CBB675B63E3}.Ad-Hoc|ARM.ActiveCfg = Debug|Any CPU
		{3DCE5F2C-9F87-4977-A885-4CBB675B63E3}.Ad-Hoc|ARM.Build.0 = Debug|Any CPU
		{3DCE5F2C-9F87-4977-A885-4CBB675B63E3}.Ad-Hoc|iPhone.ActiveCfg = Debug|Any CPU
		{3DCE5F2C-9F87-4977-A885-4CBB675B63E3}.Ad-Hoc|iPhone.Build.0 = Debug|Any CPU
		{3DCE5F2C-9F87-4977-A885-4CBB675B63E3}.Ad-Hoc|iPhoneSimulator.ActiveCfg = Debug|Any CPU
		{3DCE5F2C-9F87-4977-A885-4CBB675B63E3}.Ad-Hoc|iPhoneSimulator.Build.0 = Debug|Any CPU
		{3DCE5F2C-9F87-4977-A885-4CBB675B63E3}.Ad-Hoc|x64.ActiveCfg = Debug|Any CPU
		{3DCE5F2C-9F87-4977-A885-4CBB675B63E3}.Ad-Hoc|x64.Build.0 = Debug|Any CPU
		{3DCE5F2C-9F87-4977-A885-4CBB675B63E3}.Ad-Hoc|x86.ActiveCfg = Debug|Any CPU
		{3DCE5F2C-9F87-4977-A885-4CBB675B63E3}.Ad-Hoc|x86.Build.0 = Debug|Any CPU
		{3DCE5F2C-9F87-4977-A885-4CBB675B63E3}.AppStore|Any CPU.ActiveCfg = Debug|Any CPU
		{3DCE5F2C-9F87-4977-A885-4CBB675B63E3}.AppStore|Any CPU.Build.0 = Debug|Any CPU
		{3DCE5F2C-9F87-4977-A885-4CBB675B63E3}.AppStore|ARM.ActiveCfg = Debug|Any CPU
		{3DCE5F2C-9F87-4977-A885-4CBB675B63E3}.AppStore|ARM.Build.0 = Debug|Any CPU
		{3DCE5F2C-9F87-4977-A885-4CBB675B63E3}.AppStore|iPhone.ActiveCfg = Debug|Any CPU
		{3DCE5F2C-9F87-4977-A885-4CBB675B63E3}.AppStore|iPhone.Build.0 = Debug|Any CPU
		{3DCE5F2C-9F87-4977-A885-4CBB675B63E3}.AppStore|iPhoneSimulator.ActiveCfg = Debug|Any CPU
		{3DCE5F2C-9F87-4977-A885-4CBB675B63E3}.AppStore|iPhoneSimulator.Build.0 = Debug|Any CPU
		{3DCE5F2C-9F87-4977-A885-4CBB675B63E3}.AppStore|x64.ActiveCfg = Debug|Any CPU
		{3DCE5F2C-9F87-4977-A885-4CBB675B63E3}.AppStore|x64.Build.0 = Debug|Any CPU
		{3DCE5F2C-9F87-4977-A885-4CBB675B63E3}.AppStore|x86.ActiveCfg = Debug|Any CPU
		{3DCE5F2C-9F87-4977-A885-4CBB675B63E3}.AppStore|x86.Build.0 = Debug|Any CPU
		{3DCE5F2C-9F87-4977-A885-4CBB675B63E3}.Debug|Any CPU.ActiveCfg = Debug|Any CPU
		{3DCE5F2C-9F87-4977-A885-4CBB675B63E3}.Debug|Any CPU.Build.0 = Debug|Any CPU
		{3DCE5F2C-9F87-4977-A885-4CBB675B63E3}.Debug|ARM.ActiveCfg = Debug|Any CPU
		{3DCE5F2C-9F87-4977-A885-4CBB675B63E3}.Debug|ARM.Build.0 = Debug|Any CPU
		{3DCE5F2C-9F87-4977-A885-4CBB675B63E3}.Debug|iPhone.ActiveCfg = Debug|Any CPU
		{3DCE5F2C-9F87-4977-A885-4CBB675B63E3}.Debug|iPhone.Build.0 = Debug|Any CPU
		{3DCE5F2C-9F87-4977-A885-4CBB675B63E3}.Debug|iPhoneSimulator.ActiveCfg = Debug|Any CPU
		{3DCE5F2C-9F87-4977-A885-4CBB675B63E3}.Debug|iPhoneSimulator.Build.0 = Debug|Any CPU
		{3DCE5F2C-9F87-4977-A885-4CBB675B63E3}.Debug|x64.ActiveCfg = Debug|Any CPU
		{3DCE5F2C-9F87-4977-A885-4CBB675B63E3}.Debug|x64.Build.0 = Debug|Any CPU
		{3DCE5F2C-9F87-4977-A885-4CBB675B63E3}.Debug|x86.ActiveCfg = Debug|Any CPU
		{3DCE5F2C-9F87-4977-A885-4CBB675B63E3}.Debug|x86.Build.0 = Debug|Any CPU
		{3DCE5F2C-9F87-4977-A885-4CBB675B63E3}.Release|Any CPU.ActiveCfg = Release|Any CPU
		{3DCE5F2C-9F87-4977-A885-4CBB675B63E3}.Release|Any CPU.Build.0 = Release|Any CPU
		{3DCE5F2C-9F87-4977-A885-4CBB675B63E3}.Release|ARM.ActiveCfg = Release|Any CPU
		{3DCE5F2C-9F87-4977-A885-4CBB675B63E3}.Release|ARM.Build.0 = Release|Any CPU
		{3DCE5F2C-9F87-4977-A885-4CBB675B63E3}.Release|iPhone.ActiveCfg = Release|Any CPU
		{3DCE5F2C-9F87-4977-A885-4CBB675B63E3}.Release|iPhone.Build.0 = Release|Any CPU
		{3DCE5F2C-9F87-4977-A885-4CBB675B63E3}.Release|iPhoneSimulator.ActiveCfg = Release|Any CPU
		{3DCE5F2C-9F87-4977-A885-4CBB675B63E3}.Release|iPhoneSimulator.Build.0 = Release|Any CPU
		{3DCE5F2C-9F87-4977-A885-4CBB675B63E3}.Release|x64.ActiveCfg = Release|Any CPU
		{3DCE5F2C-9F87-4977-A885-4CBB675B63E3}.Release|x64.Build.0 = Release|Any CPU
		{3DCE5F2C-9F87-4977-A885-4CBB675B63E3}.Release|x86.ActiveCfg = Release|Any CPU
		{3DCE5F2C-9F87-4977-A885-4CBB675B63E3}.Release|x86.Build.0 = Release|Any CPU
		{481798A7-D1A2-4984-83D1-B82F93C91469}.Ad-Hoc|Any CPU.ActiveCfg = Debug|Any CPU
		{481798A7-D1A2-4984-83D1-B82F93C91469}.Ad-Hoc|Any CPU.Build.0 = Debug|Any CPU
		{481798A7-D1A2-4984-83D1-B82F93C91469}.Ad-Hoc|ARM.ActiveCfg = Debug|Any CPU
		{481798A7-D1A2-4984-83D1-B82F93C91469}.Ad-Hoc|ARM.Build.0 = Debug|Any CPU
		{481798A7-D1A2-4984-83D1-B82F93C91469}.Ad-Hoc|iPhone.ActiveCfg = Debug|Any CPU
		{481798A7-D1A2-4984-83D1-B82F93C91469}.Ad-Hoc|iPhone.Build.0 = Debug|Any CPU
		{481798A7-D1A2-4984-83D1-B82F93C91469}.Ad-Hoc|iPhoneSimulator.ActiveCfg = Debug|Any CPU
		{481798A7-D1A2-4984-83D1-B82F93C91469}.Ad-Hoc|iPhoneSimulator.Build.0 = Debug|Any CPU
		{481798A7-D1A2-4984-83D1-B82F93C91469}.Ad-Hoc|x64.ActiveCfg = Debug|Any CPU
		{481798A7-D1A2-4984-83D1-B82F93C91469}.Ad-Hoc|x64.Build.0 = Debug|Any CPU
		{481798A7-D1A2-4984-83D1-B82F93C91469}.Ad-Hoc|x86.ActiveCfg = Debug|Any CPU
		{481798A7-D1A2-4984-83D1-B82F93C91469}.Ad-Hoc|x86.Build.0 = Debug|Any CPU
		{481798A7-D1A2-4984-83D1-B82F93C91469}.AppStore|Any CPU.ActiveCfg = Debug|Any CPU
		{481798A7-D1A2-4984-83D1-B82F93C91469}.AppStore|Any CPU.Build.0 = Debug|Any CPU
		{481798A7-D1A2-4984-83D1-B82F93C91469}.AppStore|ARM.ActiveCfg = Debug|Any CPU
		{481798A7-D1A2-4984-83D1-B82F93C91469}.AppStore|ARM.Build.0 = Debug|Any CPU
		{481798A7-D1A2-4984-83D1-B82F93C91469}.AppStore|iPhone.ActiveCfg = Debug|Any CPU
		{481798A7-D1A2-4984-83D1-B82F93C91469}.AppStore|iPhone.Build.0 = Debug|Any CPU
		{481798A7-D1A2-4984-83D1-B82F93C91469}.AppStore|iPhoneSimulator.ActiveCfg = Debug|Any CPU
		{481798A7-D1A2-4984-83D1-B82F93C91469}.AppStore|iPhoneSimulator.Build.0 = Debug|Any CPU
		{481798A7-D1A2-4984-83D1-B82F93C91469}.AppStore|x64.ActiveCfg = Debug|Any CPU
		{481798A7-D1A2-4984-83D1-B82F93C91469}.AppStore|x64.Build.0 = Debug|Any CPU
		{481798A7-D1A2-4984-83D1-B82F93C91469}.AppStore|x86.ActiveCfg = Debug|Any CPU
		{481798A7-D1A2-4984-83D1-B82F93C91469}.AppStore|x86.Build.0 = Debug|Any CPU
		{481798A7-D1A2-4984-83D1-B82F93C91469}.Debug|Any CPU.ActiveCfg = Debug|Any CPU
		{481798A7-D1A2-4984-83D1-B82F93C91469}.Debug|Any CPU.Build.0 = Debug|Any CPU
		{481798A7-D1A2-4984-83D1-B82F93C91469}.Debug|ARM.ActiveCfg = Debug|Any CPU
		{481798A7-D1A2-4984-83D1-B82F93C91469}.Debug|ARM.Build.0 = Debug|Any CPU
		{481798A7-D1A2-4984-83D1-B82F93C91469}.Debug|iPhone.ActiveCfg = Debug|Any CPU
		{481798A7-D1A2-4984-83D1-B82F93C91469}.Debug|iPhone.Build.0 = Debug|Any CPU
		{481798A7-D1A2-4984-83D1-B82F93C91469}.Debug|iPhoneSimulator.ActiveCfg = Debug|Any CPU
		{481798A7-D1A2-4984-83D1-B82F93C91469}.Debug|iPhoneSimulator.Build.0 = Debug|Any CPU
		{481798A7-D1A2-4984-83D1-B82F93C91469}.Debug|x64.ActiveCfg = Debug|Any CPU
		{481798A7-D1A2-4984-83D1-B82F93C91469}.Debug|x64.Build.0 = Debug|Any CPU
		{481798A7-D1A2-4984-83D1-B82F93C91469}.Debug|x86.ActiveCfg = Debug|Any CPU
		{481798A7-D1A2-4984-83D1-B82F93C91469}.Debug|x86.Build.0 = Debug|Any CPU
		{481798A7-D1A2-4984-83D1-B82F93C91469}.Release|Any CPU.ActiveCfg = Release|Any CPU
		{481798A7-D1A2-4984-83D1-B82F93C91469}.Release|Any CPU.Build.0 = Release|Any CPU
		{481798A7-D1A2-4984-83D1-B82F93C91469}.Release|ARM.ActiveCfg = Release|Any CPU
		{481798A7-D1A2-4984-83D1-B82F93C91469}.Release|ARM.Build.0 = Release|Any CPU
		{481798A7-D1A2-4984-83D1-B82F93C91469}.Release|iPhone.ActiveCfg = Release|Any CPU
		{481798A7-D1A2-4984-83D1-B82F93C91469}.Release|iPhone.Build.0 = Release|Any CPU
		{481798A7-D1A2-4984-83D1-B82F93C91469}.Release|iPhoneSimulator.ActiveCfg = Release|Any CPU
		{481798A7-D1A2-4984-83D1-B82F93C91469}.Release|iPhoneSimulator.Build.0 = Release|Any CPU
		{481798A7-D1A2-4984-83D1-B82F93C91469}.Release|x64.ActiveCfg = Release|Any CPU
		{481798A7-D1A2-4984-83D1-B82F93C91469}.Release|x64.Build.0 = Release|Any CPU
		{481798A7-D1A2-4984-83D1-B82F93C91469}.Release|x86.ActiveCfg = Release|Any CPU
		{481798A7-D1A2-4984-83D1-B82F93C91469}.Release|x86.Build.0 = Release|Any CPU
		{5097969B-9FB8-4A79-92BE-43F41051C7F9}.Ad-Hoc|Any CPU.ActiveCfg = Debug|Any CPU
		{5097969B-9FB8-4A79-92BE-43F41051C7F9}.Ad-Hoc|Any CPU.Build.0 = Debug|Any CPU
		{5097969B-9FB8-4A79-92BE-43F41051C7F9}.Ad-Hoc|ARM.ActiveCfg = Debug|Any CPU
		{5097969B-9FB8-4A79-92BE-43F41051C7F9}.Ad-Hoc|ARM.Build.0 = Debug|Any CPU
		{5097969B-9FB8-4A79-92BE-43F41051C7F9}.Ad-Hoc|iPhone.ActiveCfg = Debug|Any CPU
		{5097969B-9FB8-4A79-92BE-43F41051C7F9}.Ad-Hoc|iPhone.Build.0 = Debug|Any CPU
		{5097969B-9FB8-4A79-92BE-43F41051C7F9}.Ad-Hoc|iPhoneSimulator.ActiveCfg = Debug|Any CPU
		{5097969B-9FB8-4A79-92BE-43F41051C7F9}.Ad-Hoc|iPhoneSimulator.Build.0 = Debug|Any CPU
		{5097969B-9FB8-4A79-92BE-43F41051C7F9}.Ad-Hoc|x64.ActiveCfg = Debug|Any CPU
		{5097969B-9FB8-4A79-92BE-43F41051C7F9}.Ad-Hoc|x64.Build.0 = Debug|Any CPU
		{5097969B-9FB8-4A79-92BE-43F41051C7F9}.Ad-Hoc|x86.ActiveCfg = Debug|Any CPU
		{5097969B-9FB8-4A79-92BE-43F41051C7F9}.Ad-Hoc|x86.Build.0 = Debug|Any CPU
		{5097969B-9FB8-4A79-92BE-43F41051C7F9}.AppStore|Any CPU.ActiveCfg = Debug|Any CPU
		{5097969B-9FB8-4A79-92BE-43F41051C7F9}.AppStore|Any CPU.Build.0 = Debug|Any CPU
		{5097969B-9FB8-4A79-92BE-43F41051C7F9}.AppStore|ARM.ActiveCfg = Debug|Any CPU
		{5097969B-9FB8-4A79-92BE-43F41051C7F9}.AppStore|ARM.Build.0 = Debug|Any CPU
		{5097969B-9FB8-4A79-92BE-43F41051C7F9}.AppStore|iPhone.ActiveCfg = Debug|Any CPU
		{5097969B-9FB8-4A79-92BE-43F41051C7F9}.AppStore|iPhone.Build.0 = Debug|Any CPU
		{5097969B-9FB8-4A79-92BE-43F41051C7F9}.AppStore|iPhoneSimulator.ActiveCfg = Debug|Any CPU
		{5097969B-9FB8-4A79-92BE-43F41051C7F9}.AppStore|iPhoneSimulator.Build.0 = Debug|Any CPU
		{5097969B-9FB8-4A79-92BE-43F41051C7F9}.AppStore|x64.ActiveCfg = Debug|Any CPU
		{5097969B-9FB8-4A79-92BE-43F41051C7F9}.AppStore|x64.Build.0 = Debug|Any CPU
		{5097969B-9FB8-4A79-92BE-43F41051C7F9}.AppStore|x86.ActiveCfg = Debug|Any CPU
		{5097969B-9FB8-4A79-92BE-43F41051C7F9}.AppStore|x86.Build.0 = Debug|Any CPU
		{5097969B-9FB8-4A79-92BE-43F41051C7F9}.Debug|Any CPU.ActiveCfg = Debug|Any CPU
		{5097969B-9FB8-4A79-92BE-43F41051C7F9}.Debug|Any CPU.Build.0 = Debug|Any CPU
		{5097969B-9FB8-4A79-92BE-43F41051C7F9}.Debug|ARM.ActiveCfg = Debug|Any CPU
		{5097969B-9FB8-4A79-92BE-43F41051C7F9}.Debug|ARM.Build.0 = Debug|Any CPU
		{5097969B-9FB8-4A79-92BE-43F41051C7F9}.Debug|iPhone.ActiveCfg = Debug|Any CPU
		{5097969B-9FB8-4A79-92BE-43F41051C7F9}.Debug|iPhone.Build.0 = Debug|Any CPU
		{5097969B-9FB8-4A79-92BE-43F41051C7F9}.Debug|iPhoneSimulator.ActiveCfg = Debug|Any CPU
		{5097969B-9FB8-4A79-92BE-43F41051C7F9}.Debug|iPhoneSimulator.Build.0 = Debug|Any CPU
		{5097969B-9FB8-4A79-92BE-43F41051C7F9}.Debug|x64.ActiveCfg = Debug|Any CPU
		{5097969B-9FB8-4A79-92BE-43F41051C7F9}.Debug|x64.Build.0 = Debug|Any CPU
		{5097969B-9FB8-4A79-92BE-43F41051C7F9}.Debug|x86.ActiveCfg = Debug|Any CPU
		{5097969B-9FB8-4A79-92BE-43F41051C7F9}.Debug|x86.Build.0 = Debug|Any CPU
		{5097969B-9FB8-4A79-92BE-43F41051C7F9}.Release|Any CPU.ActiveCfg = Release|Any CPU
		{5097969B-9FB8-4A79-92BE-43F41051C7F9}.Release|Any CPU.Build.0 = Release|Any CPU
		{5097969B-9FB8-4A79-92BE-43F41051C7F9}.Release|ARM.ActiveCfg = Release|Any CPU
		{5097969B-9FB8-4A79-92BE-43F41051C7F9}.Release|ARM.Build.0 = Release|Any CPU
		{5097969B-9FB8-4A79-92BE-43F41051C7F9}.Release|iPhone.ActiveCfg = Release|Any CPU
		{5097969B-9FB8-4A79-92BE-43F41051C7F9}.Release|iPhone.Build.0 = Release|Any CPU
		{5097969B-9FB8-4A79-92BE-43F41051C7F9}.Release|iPhoneSimulator.ActiveCfg = Release|Any CPU
		{5097969B-9FB8-4A79-92BE-43F41051C7F9}.Release|iPhoneSimulator.Build.0 = Release|Any CPU
		{5097969B-9FB8-4A79-92BE-43F41051C7F9}.Release|x64.ActiveCfg = Release|Any CPU
		{5097969B-9FB8-4A79-92BE-43F41051C7F9}.Release|x64.Build.0 = Release|Any CPU
		{5097969B-9FB8-4A79-92BE-43F41051C7F9}.Release|x86.ActiveCfg = Release|Any CPU
		{5097969B-9FB8-4A79-92BE-43F41051C7F9}.Release|x86.Build.0 = Release|Any CPU
		{56E12270-52FA-4C5E-B4C5-8C05596A283D}.Ad-Hoc|Any CPU.ActiveCfg = Debug|Any CPU
		{56E12270-52FA-4C5E-B4C5-8C05596A283D}.Ad-Hoc|Any CPU.Build.0 = Debug|Any CPU
		{56E12270-52FA-4C5E-B4C5-8C05596A283D}.Ad-Hoc|ARM.ActiveCfg = Debug|Any CPU
		{56E12270-52FA-4C5E-B4C5-8C05596A283D}.Ad-Hoc|ARM.Build.0 = Debug|Any CPU
		{56E12270-52FA-4C5E-B4C5-8C05596A283D}.Ad-Hoc|iPhone.ActiveCfg = Debug|Any CPU
		{56E12270-52FA-4C5E-B4C5-8C05596A283D}.Ad-Hoc|iPhone.Build.0 = Debug|Any CPU
		{56E12270-52FA-4C5E-B4C5-8C05596A283D}.Ad-Hoc|iPhoneSimulator.ActiveCfg = Debug|Any CPU
		{56E12270-52FA-4C5E-B4C5-8C05596A283D}.Ad-Hoc|iPhoneSimulator.Build.0 = Debug|Any CPU
		{56E12270-52FA-4C5E-B4C5-8C05596A283D}.Ad-Hoc|x64.ActiveCfg = Debug|Any CPU
		{56E12270-52FA-4C5E-B4C5-8C05596A283D}.Ad-Hoc|x64.Build.0 = Debug|Any CPU
		{56E12270-52FA-4C5E-B4C5-8C05596A283D}.Ad-Hoc|x86.ActiveCfg = Debug|Any CPU
		{56E12270-52FA-4C5E-B4C5-8C05596A283D}.Ad-Hoc|x86.Build.0 = Debug|Any CPU
		{56E12270-52FA-4C5E-B4C5-8C05596A283D}.AppStore|Any CPU.ActiveCfg = Debug|Any CPU
		{56E12270-52FA-4C5E-B4C5-8C05596A283D}.AppStore|Any CPU.Build.0 = Debug|Any CPU
		{56E12270-52FA-4C5E-B4C5-8C05596A283D}.AppStore|ARM.ActiveCfg = Debug|Any CPU
		{56E12270-52FA-4C5E-B4C5-8C05596A283D}.AppStore|ARM.Build.0 = Debug|Any CPU
		{56E12270-52FA-4C5E-B4C5-8C05596A283D}.AppStore|iPhone.ActiveCfg = Debug|Any CPU
		{56E12270-52FA-4C5E-B4C5-8C05596A283D}.AppStore|iPhone.Build.0 = Debug|Any CPU
		{56E12270-52FA-4C5E-B4C5-8C05596A283D}.AppStore|iPhoneSimulator.ActiveCfg = Debug|Any CPU
		{56E12270-52FA-4C5E-B4C5-8C05596A283D}.AppStore|iPhoneSimulator.Build.0 = Debug|Any CPU
		{56E12270-52FA-4C5E-B4C5-8C05596A283D}.AppStore|x64.ActiveCfg = Debug|Any CPU
		{56E12270-52FA-4C5E-B4C5-8C05596A283D}.AppStore|x64.Build.0 = Debug|Any CPU
		{56E12270-52FA-4C5E-B4C5-8C05596A283D}.AppStore|x86.ActiveCfg = Debug|Any CPU
		{56E12270-52FA-4C5E-B4C5-8C05596A283D}.AppStore|x86.Build.0 = Debug|Any CPU
		{56E12270-52FA-4C5E-B4C5-8C05596A283D}.Debug|Any CPU.ActiveCfg = Debug|Any CPU
		{56E12270-52FA-4C5E-B4C5-8C05596A283D}.Debug|Any CPU.Build.0 = Debug|Any CPU
		{56E12270-52FA-4C5E-B4C5-8C05596A283D}.Debug|ARM.ActiveCfg = Debug|Any CPU
		{56E12270-52FA-4C5E-B4C5-8C05596A283D}.Debug|ARM.Build.0 = Debug|Any CPU
		{56E12270-52FA-4C5E-B4C5-8C05596A283D}.Debug|iPhone.ActiveCfg = Debug|Any CPU
		{56E12270-52FA-4C5E-B4C5-8C05596A283D}.Debug|iPhone.Build.0 = Debug|Any CPU
		{56E12270-52FA-4C5E-B4C5-8C05596A283D}.Debug|iPhoneSimulator.ActiveCfg = Debug|Any CPU
		{56E12270-52FA-4C5E-B4C5-8C05596A283D}.Debug|iPhoneSimulator.Build.0 = Debug|Any CPU
		{56E12270-52FA-4C5E-B4C5-8C05596A283D}.Debug|x64.ActiveCfg = Debug|Any CPU
		{56E12270-52FA-4C5E-B4C5-8C05596A283D}.Debug|x64.Build.0 = Debug|Any CPU
		{56E12270-52FA-4C5E-B4C5-8C05596A283D}.Debug|x86.ActiveCfg = Debug|Any CPU
		{56E12270-52FA-4C5E-B4C5-8C05596A283D}.Debug|x86.Build.0 = Debug|Any CPU
		{56E12270-52FA-4C5E-B4C5-8C05596A283D}.Release|Any CPU.ActiveCfg = Release|Any CPU
		{56E12270-52FA-4C5E-B4C5-8C05596A283D}.Release|Any CPU.Build.0 = Release|Any CPU
		{56E12270-52FA-4C5E-B4C5-8C05596A283D}.Release|ARM.ActiveCfg = Release|Any CPU
		{56E12270-52FA-4C5E-B4C5-8C05596A283D}.Release|ARM.Build.0 = Release|Any CPU
		{56E12270-52FA-4C5E-B4C5-8C05596A283D}.Release|iPhone.ActiveCfg = Release|Any CPU
		{56E12270-52FA-4C5E-B4C5-8C05596A283D}.Release|iPhone.Build.0 = Release|Any CPU
		{56E12270-52FA-4C5E-B4C5-8C05596A283D}.Release|iPhoneSimulator.ActiveCfg = Release|Any CPU
		{56E12270-52FA-4C5E-B4C5-8C05596A283D}.Release|iPhoneSimulator.Build.0 = Release|Any CPU
		{56E12270-52FA-4C5E-B4C5-8C05596A283D}.Release|x64.ActiveCfg = Release|Any CPU
		{56E12270-52FA-4C5E-B4C5-8C05596A283D}.Release|x64.Build.0 = Release|Any CPU
		{56E12270-52FA-4C5E-B4C5-8C05596A283D}.Release|x86.ActiveCfg = Release|Any CPU
		{56E12270-52FA-4C5E-B4C5-8C05596A283D}.Release|x86.Build.0 = Release|Any CPU
		{802F388E-91DE-4147-B7FE-CE3334F37758}.Ad-Hoc|Any CPU.ActiveCfg = Debug|Any CPU
		{802F388E-91DE-4147-B7FE-CE3334F37758}.Ad-Hoc|Any CPU.Build.0 = Debug|Any CPU
		{802F388E-91DE-4147-B7FE-CE3334F37758}.Ad-Hoc|ARM.ActiveCfg = Debug|Any CPU
		{802F388E-91DE-4147-B7FE-CE3334F37758}.Ad-Hoc|ARM.Build.0 = Debug|Any CPU
		{802F388E-91DE-4147-B7FE-CE3334F37758}.Ad-Hoc|iPhone.ActiveCfg = Debug|Any CPU
		{802F388E-91DE-4147-B7FE-CE3334F37758}.Ad-Hoc|iPhone.Build.0 = Debug|Any CPU
		{802F388E-91DE-4147-B7FE-CE3334F37758}.Ad-Hoc|iPhoneSimulator.ActiveCfg = Debug|Any CPU
		{802F388E-91DE-4147-B7FE-CE3334F37758}.Ad-Hoc|iPhoneSimulator.Build.0 = Debug|Any CPU
		{802F388E-91DE-4147-B7FE-CE3334F37758}.Ad-Hoc|x64.ActiveCfg = Debug|Any CPU
		{802F388E-91DE-4147-B7FE-CE3334F37758}.Ad-Hoc|x64.Build.0 = Debug|Any CPU
		{802F388E-91DE-4147-B7FE-CE3334F37758}.Ad-Hoc|x86.ActiveCfg = Debug|Any CPU
		{802F388E-91DE-4147-B7FE-CE3334F37758}.Ad-Hoc|x86.Build.0 = Debug|Any CPU
		{802F388E-91DE-4147-B7FE-CE3334F37758}.AppStore|Any CPU.ActiveCfg = Debug|Any CPU
		{802F388E-91DE-4147-B7FE-CE3334F37758}.AppStore|Any CPU.Build.0 = Debug|Any CPU
		{802F388E-91DE-4147-B7FE-CE3334F37758}.AppStore|ARM.ActiveCfg = Debug|Any CPU
		{802F388E-91DE-4147-B7FE-CE3334F37758}.AppStore|ARM.Build.0 = Debug|Any CPU
		{802F388E-91DE-4147-B7FE-CE3334F37758}.AppStore|iPhone.ActiveCfg = Debug|Any CPU
		{802F388E-91DE-4147-B7FE-CE3334F37758}.AppStore|iPhone.Build.0 = Debug|Any CPU
		{802F388E-91DE-4147-B7FE-CE3334F37758}.AppStore|iPhoneSimulator.ActiveCfg = Debug|Any CPU
		{802F388E-91DE-4147-B7FE-CE3334F37758}.AppStore|iPhoneSimulator.Build.0 = Debug|Any CPU
		{802F388E-91DE-4147-B7FE-CE3334F37758}.AppStore|x64.ActiveCfg = Debug|Any CPU
		{802F388E-91DE-4147-B7FE-CE3334F37758}.AppStore|x64.Build.0 = Debug|Any CPU
		{802F388E-91DE-4147-B7FE-CE3334F37758}.AppStore|x86.ActiveCfg = Debug|Any CPU
		{802F388E-91DE-4147-B7FE-CE3334F37758}.AppStore|x86.Build.0 = Debug|Any CPU
		{802F388E-91DE-4147-B7FE-CE3334F37758}.Debug|Any CPU.ActiveCfg = Debug|Any CPU
		{802F388E-91DE-4147-B7FE-CE3334F37758}.Debug|Any CPU.Build.0 = Debug|Any CPU
		{802F388E-91DE-4147-B7FE-CE3334F37758}.Debug|ARM.ActiveCfg = Debug|Any CPU
		{802F388E-91DE-4147-B7FE-CE3334F37758}.Debug|ARM.Build.0 = Debug|Any CPU
		{802F388E-91DE-4147-B7FE-CE3334F37758}.Debug|iPhone.ActiveCfg = Debug|Any CPU
		{802F388E-91DE-4147-B7FE-CE3334F37758}.Debug|iPhone.Build.0 = Debug|Any CPU
		{802F388E-91DE-4147-B7FE-CE3334F37758}.Debug|iPhoneSimulator.ActiveCfg = Debug|Any CPU
		{802F388E-91DE-4147-B7FE-CE3334F37758}.Debug|iPhoneSimulator.Build.0 = Debug|Any CPU
		{802F388E-91DE-4147-B7FE-CE3334F37758}.Debug|x64.ActiveCfg = Debug|Any CPU
		{802F388E-91DE-4147-B7FE-CE3334F37758}.Debug|x64.Build.0 = Debug|Any CPU
		{802F388E-91DE-4147-B7FE-CE3334F37758}.Debug|x86.ActiveCfg = Debug|Any CPU
		{802F388E-91DE-4147-B7FE-CE3334F37758}.Debug|x86.Build.0 = Debug|Any CPU
		{802F388E-91DE-4147-B7FE-CE3334F37758}.Release|Any CPU.ActiveCfg = Release|Any CPU
		{802F388E-91DE-4147-B7FE-CE3334F37758}.Release|Any CPU.Build.0 = Release|Any CPU
		{802F388E-91DE-4147-B7FE-CE3334F37758}.Release|ARM.ActiveCfg = Release|Any CPU
		{802F388E-91DE-4147-B7FE-CE3334F37758}.Release|ARM.Build.0 = Release|Any CPU
		{802F388E-91DE-4147-B7FE-CE3334F37758}.Release|iPhone.ActiveCfg = Release|Any CPU
		{802F388E-91DE-4147-B7FE-CE3334F37758}.Release|iPhone.Build.0 = Release|Any CPU
		{802F388E-91DE-4147-B7FE-CE3334F37758}.Release|iPhoneSimulator.ActiveCfg = Release|Any CPU
		{802F388E-91DE-4147-B7FE-CE3334F37758}.Release|iPhoneSimulator.Build.0 = Release|Any CPU
		{802F388E-91DE-4147-B7FE-CE3334F37758}.Release|x64.ActiveCfg = Release|Any CPU
		{802F388E-91DE-4147-B7FE-CE3334F37758}.Release|x64.Build.0 = Release|Any CPU
		{802F388E-91DE-4147-B7FE-CE3334F37758}.Release|x86.ActiveCfg = Release|Any CPU
		{802F388E-91DE-4147-B7FE-CE3334F37758}.Release|x86.Build.0 = Release|Any CPU
		{91E5D594-A734-48AB-B0DA-CF63AC2BBBA8}.Ad-Hoc|Any CPU.ActiveCfg = Debug|Any CPU
		{91E5D594-A734-48AB-B0DA-CF63AC2BBBA8}.Ad-Hoc|Any CPU.Build.0 = Debug|Any CPU
		{91E5D594-A734-48AB-B0DA-CF63AC2BBBA8}.Ad-Hoc|ARM.ActiveCfg = Debug|Any CPU
		{91E5D594-A734-48AB-B0DA-CF63AC2BBBA8}.Ad-Hoc|ARM.Build.0 = Debug|Any CPU
		{91E5D594-A734-48AB-B0DA-CF63AC2BBBA8}.Ad-Hoc|iPhone.ActiveCfg = Debug|Any CPU
		{91E5D594-A734-48AB-B0DA-CF63AC2BBBA8}.Ad-Hoc|iPhone.Build.0 = Debug|Any CPU
		{91E5D594-A734-48AB-B0DA-CF63AC2BBBA8}.Ad-Hoc|iPhoneSimulator.ActiveCfg = Debug|Any CPU
		{91E5D594-A734-48AB-B0DA-CF63AC2BBBA8}.Ad-Hoc|iPhoneSimulator.Build.0 = Debug|Any CPU
		{91E5D594-A734-48AB-B0DA-CF63AC2BBBA8}.Ad-Hoc|x64.ActiveCfg = Debug|Any CPU
		{91E5D594-A734-48AB-B0DA-CF63AC2BBBA8}.Ad-Hoc|x64.Build.0 = Debug|Any CPU
		{91E5D594-A734-48AB-B0DA-CF63AC2BBBA8}.Ad-Hoc|x86.ActiveCfg = Debug|Any CPU
		{91E5D594-A734-48AB-B0DA-CF63AC2BBBA8}.Ad-Hoc|x86.Build.0 = Debug|Any CPU
		{91E5D594-A734-48AB-B0DA-CF63AC2BBBA8}.AppStore|Any CPU.ActiveCfg = Debug|Any CPU
		{91E5D594-A734-48AB-B0DA-CF63AC2BBBA8}.AppStore|Any CPU.Build.0 = Debug|Any CPU
		{91E5D594-A734-48AB-B0DA-CF63AC2BBBA8}.AppStore|ARM.ActiveCfg = Debug|Any CPU
		{91E5D594-A734-48AB-B0DA-CF63AC2BBBA8}.AppStore|ARM.Build.0 = Debug|Any CPU
		{91E5D594-A734-48AB-B0DA-CF63AC2BBBA8}.AppStore|iPhone.ActiveCfg = Debug|Any CPU
		{91E5D594-A734-48AB-B0DA-CF63AC2BBBA8}.AppStore|iPhone.Build.0 = Debug|Any CPU
		{91E5D594-A734-48AB-B0DA-CF63AC2BBBA8}.AppStore|iPhoneSimulator.ActiveCfg = Debug|Any CPU
		{91E5D594-A734-48AB-B0DA-CF63AC2BBBA8}.AppStore|iPhoneSimulator.Build.0 = Debug|Any CPU
		{91E5D594-A734-48AB-B0DA-CF63AC2BBBA8}.AppStore|x64.ActiveCfg = Debug|Any CPU
		{91E5D594-A734-48AB-B0DA-CF63AC2BBBA8}.AppStore|x64.Build.0 = Debug|Any CPU
		{91E5D594-A734-48AB-B0DA-CF63AC2BBBA8}.AppStore|x86.ActiveCfg = Debug|Any CPU
		{91E5D594-A734-48AB-B0DA-CF63AC2BBBA8}.AppStore|x86.Build.0 = Debug|Any CPU
		{91E5D594-A734-48AB-B0DA-CF63AC2BBBA8}.Debug|Any CPU.ActiveCfg = Debug|Any CPU
		{91E5D594-A734-48AB-B0DA-CF63AC2BBBA8}.Debug|Any CPU.Build.0 = Debug|Any CPU
		{91E5D594-A734-48AB-B0DA-CF63AC2BBBA8}.Debug|ARM.ActiveCfg = Debug|Any CPU
		{91E5D594-A734-48AB-B0DA-CF63AC2BBBA8}.Debug|ARM.Build.0 = Debug|Any CPU
		{91E5D594-A734-48AB-B0DA-CF63AC2BBBA8}.Debug|iPhone.ActiveCfg = Debug|Any CPU
		{91E5D594-A734-48AB-B0DA-CF63AC2BBBA8}.Debug|iPhone.Build.0 = Debug|Any CPU
		{91E5D594-A734-48AB-B0DA-CF63AC2BBBA8}.Debug|iPhoneSimulator.ActiveCfg = Debug|Any CPU
		{91E5D594-A734-48AB-B0DA-CF63AC2BBBA8}.Debug|iPhoneSimulator.Build.0 = Debug|Any CPU
		{91E5D594-A734-48AB-B0DA-CF63AC2BBBA8}.Debug|x64.ActiveCfg = Debug|Any CPU
		{91E5D594-A734-48AB-B0DA-CF63AC2BBBA8}.Debug|x64.Build.0 = Debug|Any CPU
		{91E5D594-A734-48AB-B0DA-CF63AC2BBBA8}.Debug|x86.ActiveCfg = Debug|Any CPU
		{91E5D594-A734-48AB-B0DA-CF63AC2BBBA8}.Debug|x86.Build.0 = Debug|Any CPU
		{91E5D594-A734-48AB-B0DA-CF63AC2BBBA8}.Release|Any CPU.ActiveCfg = Release|Any CPU
		{91E5D594-A734-48AB-B0DA-CF63AC2BBBA8}.Release|Any CPU.Build.0 = Release|Any CPU
		{91E5D594-A734-48AB-B0DA-CF63AC2BBBA8}.Release|ARM.ActiveCfg = Release|Any CPU
		{91E5D594-A734-48AB-B0DA-CF63AC2BBBA8}.Release|ARM.Build.0 = Release|Any CPU
		{91E5D594-A734-48AB-B0DA-CF63AC2BBBA8}.Release|iPhone.ActiveCfg = Release|Any CPU
		{91E5D594-A734-48AB-B0DA-CF63AC2BBBA8}.Release|iPhone.Build.0 = Release|Any CPU
		{91E5D594-A734-48AB-B0DA-CF63AC2BBBA8}.Release|iPhoneSimulator.ActiveCfg = Release|Any CPU
		{91E5D594-A734-48AB-B0DA-CF63AC2BBBA8}.Release|iPhoneSimulator.Build.0 = Release|Any CPU
		{91E5D594-A734-48AB-B0DA-CF63AC2BBBA8}.Release|x64.ActiveCfg = Release|Any CPU
		{91E5D594-A734-48AB-B0DA-CF63AC2BBBA8}.Release|x64.Build.0 = Release|Any CPU
		{91E5D594-A734-48AB-B0DA-CF63AC2BBBA8}.Release|x86.ActiveCfg = Release|Any CPU
		{91E5D594-A734-48AB-B0DA-CF63AC2BBBA8}.Release|x86.Build.0 = Release|Any CPU
		{AE393314-48CA-469B-9E4E-159EAE7F56D3}.Ad-Hoc|Any CPU.ActiveCfg = Debug|Any CPU
		{AE393314-48CA-469B-9E4E-159EAE7F56D3}.Ad-Hoc|Any CPU.Build.0 = Debug|Any CPU
		{AE393314-48CA-469B-9E4E-159EAE7F56D3}.Ad-Hoc|ARM.ActiveCfg = Debug|Any CPU
		{AE393314-48CA-469B-9E4E-159EAE7F56D3}.Ad-Hoc|ARM.Build.0 = Debug|Any CPU
		{AE393314-48CA-469B-9E4E-159EAE7F56D3}.Ad-Hoc|iPhone.ActiveCfg = Debug|Any CPU
		{AE393314-48CA-469B-9E4E-159EAE7F56D3}.Ad-Hoc|iPhone.Build.0 = Debug|Any CPU
		{AE393314-48CA-469B-9E4E-159EAE7F56D3}.Ad-Hoc|iPhoneSimulator.ActiveCfg = Debug|Any CPU
		{AE393314-48CA-469B-9E4E-159EAE7F56D3}.Ad-Hoc|iPhoneSimulator.Build.0 = Debug|Any CPU
		{AE393314-48CA-469B-9E4E-159EAE7F56D3}.Ad-Hoc|x64.ActiveCfg = Debug|Any CPU
		{AE393314-48CA-469B-9E4E-159EAE7F56D3}.Ad-Hoc|x64.Build.0 = Debug|Any CPU
		{AE393314-48CA-469B-9E4E-159EAE7F56D3}.Ad-Hoc|x86.ActiveCfg = Debug|Any CPU
		{AE393314-48CA-469B-9E4E-159EAE7F56D3}.Ad-Hoc|x86.Build.0 = Debug|Any CPU
		{AE393314-48CA-469B-9E4E-159EAE7F56D3}.AppStore|Any CPU.ActiveCfg = Debug|Any CPU
		{AE393314-48CA-469B-9E4E-159EAE7F56D3}.AppStore|Any CPU.Build.0 = Debug|Any CPU
		{AE393314-48CA-469B-9E4E-159EAE7F56D3}.AppStore|ARM.ActiveCfg = Debug|Any CPU
		{AE393314-48CA-469B-9E4E-159EAE7F56D3}.AppStore|ARM.Build.0 = Debug|Any CPU
		{AE393314-48CA-469B-9E4E-159EAE7F56D3}.AppStore|iPhone.ActiveCfg = Debug|Any CPU
		{AE393314-48CA-469B-9E4E-159EAE7F56D3}.AppStore|iPhone.Build.0 = Debug|Any CPU
		{AE393314-48CA-469B-9E4E-159EAE7F56D3}.AppStore|iPhoneSimulator.ActiveCfg = Debug|Any CPU
		{AE393314-48CA-469B-9E4E-159EAE7F56D3}.AppStore|iPhoneSimulator.Build.0 = Debug|Any CPU
		{AE393314-48CA-469B-9E4E-159EAE7F56D3}.AppStore|x64.ActiveCfg = Debug|Any CPU
		{AE393314-48CA-469B-9E4E-159EAE7F56D3}.AppStore|x64.Build.0 = Debug|Any CPU
		{AE393314-48CA-469B-9E4E-159EAE7F56D3}.AppStore|x86.ActiveCfg = Debug|Any CPU
		{AE393314-48CA-469B-9E4E-159EAE7F56D3}.AppStore|x86.Build.0 = Debug|Any CPU
		{AE393314-48CA-469B-9E4E-159EAE7F56D3}.Debug|Any CPU.ActiveCfg = Debug|Any CPU
		{AE393314-48CA-469B-9E4E-159EAE7F56D3}.Debug|Any CPU.Build.0 = Debug|Any CPU
		{AE393314-48CA-469B-9E4E-159EAE7F56D3}.Debug|ARM.ActiveCfg = Debug|Any CPU
		{AE393314-48CA-469B-9E4E-159EAE7F56D3}.Debug|ARM.Build.0 = Debug|Any CPU
		{AE393314-48CA-469B-9E4E-159EAE7F56D3}.Debug|iPhone.ActiveCfg = Debug|Any CPU
		{AE393314-48CA-469B-9E4E-159EAE7F56D3}.Debug|iPhone.Build.0 = Debug|Any CPU
		{AE393314-48CA-469B-9E4E-159EAE7F56D3}.Debug|iPhoneSimulator.ActiveCfg = Debug|Any CPU
		{AE393314-48CA-469B-9E4E-159EAE7F56D3}.Debug|iPhoneSimulator.Build.0 = Debug|Any CPU
		{AE393314-48CA-469B-9E4E-159EAE7F56D3}.Debug|x64.ActiveCfg = Debug|Any CPU
		{AE393314-48CA-469B-9E4E-159EAE7F56D3}.Debug|x64.Build.0 = Debug|Any CPU
		{AE393314-48CA-469B-9E4E-159EAE7F56D3}.Debug|x86.ActiveCfg = Debug|Any CPU
		{AE393314-48CA-469B-9E4E-159EAE7F56D3}.Debug|x86.Build.0 = Debug|Any CPU
		{AE393314-48CA-469B-9E4E-159EAE7F56D3}.Release|Any CPU.ActiveCfg = Release|Any CPU
		{AE393314-48CA-469B-9E4E-159EAE7F56D3}.Release|Any CPU.Build.0 = Release|Any CPU
		{AE393314-48CA-469B-9E4E-159EAE7F56D3}.Release|ARM.ActiveCfg = Release|Any CPU
		{AE393314-48CA-469B-9E4E-159EAE7F56D3}.Release|ARM.Build.0 = Release|Any CPU
		{AE393314-48CA-469B-9E4E-159EAE7F56D3}.Release|iPhone.ActiveCfg = Release|Any CPU
		{AE393314-48CA-469B-9E4E-159EAE7F56D3}.Release|iPhone.Build.0 = Release|Any CPU
		{AE393314-48CA-469B-9E4E-159EAE7F56D3}.Release|iPhoneSimulator.ActiveCfg = Release|Any CPU
		{AE393314-48CA-469B-9E4E-159EAE7F56D3}.Release|iPhoneSimulator.Build.0 = Release|Any CPU
		{AE393314-48CA-469B-9E4E-159EAE7F56D3}.Release|x64.ActiveCfg = Release|Any CPU
		{AE393314-48CA-469B-9E4E-159EAE7F56D3}.Release|x64.Build.0 = Release|Any CPU
		{AE393314-48CA-469B-9E4E-159EAE7F56D3}.Release|x86.ActiveCfg = Release|Any CPU
		{AE393314-48CA-469B-9E4E-159EAE7F56D3}.Release|x86.Build.0 = Release|Any CPU
		{B733030B-0EF3-49FB-B32A-8C70ADD96B34}.Ad-Hoc|Any CPU.ActiveCfg = Debug|Any CPU
		{B733030B-0EF3-49FB-B32A-8C70ADD96B34}.Ad-Hoc|Any CPU.Build.0 = Debug|Any CPU
		{B733030B-0EF3-49FB-B32A-8C70ADD96B34}.Ad-Hoc|ARM.ActiveCfg = Debug|Any CPU
		{B733030B-0EF3-49FB-B32A-8C70ADD96B34}.Ad-Hoc|ARM.Build.0 = Debug|Any CPU
		{B733030B-0EF3-49FB-B32A-8C70ADD96B34}.Ad-Hoc|iPhone.ActiveCfg = Debug|Any CPU
		{B733030B-0EF3-49FB-B32A-8C70ADD96B34}.Ad-Hoc|iPhone.Build.0 = Debug|Any CPU
		{B733030B-0EF3-49FB-B32A-8C70ADD96B34}.Ad-Hoc|iPhoneSimulator.ActiveCfg = Debug|Any CPU
		{B733030B-0EF3-49FB-B32A-8C70ADD96B34}.Ad-Hoc|iPhoneSimulator.Build.0 = Debug|Any CPU
		{B733030B-0EF3-49FB-B32A-8C70ADD96B34}.Ad-Hoc|x64.ActiveCfg = Debug|Any CPU
		{B733030B-0EF3-49FB-B32A-8C70ADD96B34}.Ad-Hoc|x64.Build.0 = Debug|Any CPU
		{B733030B-0EF3-49FB-B32A-8C70ADD96B34}.Ad-Hoc|x86.ActiveCfg = Debug|Any CPU
		{B733030B-0EF3-49FB-B32A-8C70ADD96B34}.Ad-Hoc|x86.Build.0 = Debug|Any CPU
		{B733030B-0EF3-49FB-B32A-8C70ADD96B34}.AppStore|Any CPU.ActiveCfg = Debug|Any CPU
		{B733030B-0EF3-49FB-B32A-8C70ADD96B34}.AppStore|Any CPU.Build.0 = Debug|Any CPU
		{B733030B-0EF3-49FB-B32A-8C70ADD96B34}.AppStore|ARM.ActiveCfg = Debug|Any CPU
		{B733030B-0EF3-49FB-B32A-8C70ADD96B34}.AppStore|ARM.Build.0 = Debug|Any CPU
		{B733030B-0EF3-49FB-B32A-8C70ADD96B34}.AppStore|iPhone.ActiveCfg = Debug|Any CPU
		{B733030B-0EF3-49FB-B32A-8C70ADD96B34}.AppStore|iPhone.Build.0 = Debug|Any CPU
		{B733030B-0EF3-49FB-B32A-8C70ADD96B34}.AppStore|iPhoneSimulator.ActiveCfg = Debug|Any CPU
		{B733030B-0EF3-49FB-B32A-8C70ADD96B34}.AppStore|iPhoneSimulator.Build.0 = Debug|Any CPU
		{B733030B-0EF3-49FB-B32A-8C70ADD96B34}.AppStore|x64.ActiveCfg = Debug|Any CPU
		{B733030B-0EF3-49FB-B32A-8C70ADD96B34}.AppStore|x64.Build.0 = Debug|Any CPU
		{B733030B-0EF3-49FB-B32A-8C70ADD96B34}.AppStore|x86.ActiveCfg = Debug|Any CPU
		{B733030B-0EF3-49FB-B32A-8C70ADD96B34}.AppStore|x86.Build.0 = Debug|Any CPU
		{B733030B-0EF3-49FB-B32A-8C70ADD96B34}.Debug|Any CPU.ActiveCfg = Debug|Any CPU
		{B733030B-0EF3-49FB-B32A-8C70ADD96B34}.Debug|Any CPU.Build.0 = Debug|Any CPU
		{B733030B-0EF3-49FB-B32A-8C70ADD96B34}.Debug|ARM.ActiveCfg = Debug|Any CPU
		{B733030B-0EF3-49FB-B32A-8C70ADD96B34}.Debug|ARM.Build.0 = Debug|Any CPU
		{B733030B-0EF3-49FB-B32A-8C70ADD96B34}.Debug|iPhone.ActiveCfg = Debug|Any CPU
		{B733030B-0EF3-49FB-B32A-8C70ADD96B34}.Debug|iPhone.Build.0 = Debug|Any CPU
		{B733030B-0EF3-49FB-B32A-8C70ADD96B34}.Debug|iPhoneSimulator.ActiveCfg = Debug|Any CPU
		{B733030B-0EF3-49FB-B32A-8C70ADD96B34}.Debug|iPhoneSimulator.Build.0 = Debug|Any CPU
		{B733030B-0EF3-49FB-B32A-8C70ADD96B34}.Debug|x64.ActiveCfg = Debug|Any CPU
		{B733030B-0EF3-49FB-B32A-8C70ADD96B34}.Debug|x64.Build.0 = Debug|Any CPU
		{B733030B-0EF3-49FB-B32A-8C70ADD96B34}.Debug|x86.ActiveCfg = Debug|Any CPU
		{B733030B-0EF3-49FB-B32A-8C70ADD96B34}.Debug|x86.Build.0 = Debug|Any CPU
		{B733030B-0EF3-49FB-B32A-8C70ADD96B34}.Release|Any CPU.ActiveCfg = Release|Any CPU
		{B733030B-0EF3-49FB-B32A-8C70ADD96B34}.Release|Any CPU.Build.0 = Release|Any CPU
		{B733030B-0EF3-49FB-B32A-8C70ADD96B34}.Release|ARM.ActiveCfg = Release|Any CPU
		{B733030B-0EF3-49FB-B32A-8C70ADD96B34}.Release|ARM.Build.0 = Release|Any CPU
		{B733030B-0EF3-49FB-B32A-8C70ADD96B34}.Release|iPhone.ActiveCfg = Release|Any CPU
		{B733030B-0EF3-49FB-B32A-8C70ADD96B34}.Release|iPhone.Build.0 = Release|Any CPU
		{B733030B-0EF3-49FB-B32A-8C70ADD96B34}.Release|iPhoneSimulator.ActiveCfg = Release|Any CPU
		{B733030B-0EF3-49FB-B32A-8C70ADD96B34}.Release|iPhoneSimulator.Build.0 = Release|Any CPU
		{B733030B-0EF3-49FB-B32A-8C70ADD96B34}.Release|x64.ActiveCfg = Release|Any CPU
		{B733030B-0EF3-49FB-B32A-8C70ADD96B34}.Release|x64.Build.0 = Release|Any CPU
		{B733030B-0EF3-49FB-B32A-8C70ADD96B34}.Release|x86.ActiveCfg = Release|Any CPU
		{B733030B-0EF3-49FB-B32A-8C70ADD96B34}.Release|x86.Build.0 = Release|Any CPU
		{EC561B45-F896-4D19-BBF0-4B3CE9A2E190}.Ad-Hoc|Any CPU.ActiveCfg = Debug|Any CPU
		{EC561B45-F896-4D19-BBF0-4B3CE9A2E190}.Ad-Hoc|Any CPU.Build.0 = Debug|Any CPU
		{EC561B45-F896-4D19-BBF0-4B3CE9A2E190}.Ad-Hoc|ARM.ActiveCfg = Debug|Any CPU
		{EC561B45-F896-4D19-BBF0-4B3CE9A2E190}.Ad-Hoc|ARM.Build.0 = Debug|Any CPU
		{EC561B45-F896-4D19-BBF0-4B3CE9A2E190}.Ad-Hoc|iPhone.ActiveCfg = Debug|Any CPU
		{EC561B45-F896-4D19-BBF0-4B3CE9A2E190}.Ad-Hoc|iPhone.Build.0 = Debug|Any CPU
		{EC561B45-F896-4D19-BBF0-4B3CE9A2E190}.Ad-Hoc|iPhoneSimulator.ActiveCfg = Debug|Any CPU
		{EC561B45-F896-4D19-BBF0-4B3CE9A2E190}.Ad-Hoc|iPhoneSimulator.Build.0 = Debug|Any CPU
		{EC561B45-F896-4D19-BBF0-4B3CE9A2E190}.Ad-Hoc|x64.ActiveCfg = Debug|Any CPU
		{EC561B45-F896-4D19-BBF0-4B3CE9A2E190}.Ad-Hoc|x64.Build.0 = Debug|Any CPU
		{EC561B45-F896-4D19-BBF0-4B3CE9A2E190}.Ad-Hoc|x86.ActiveCfg = Debug|Any CPU
		{EC561B45-F896-4D19-BBF0-4B3CE9A2E190}.Ad-Hoc|x86.Build.0 = Debug|Any CPU
		{EC561B45-F896-4D19-BBF0-4B3CE9A2E190}.AppStore|Any CPU.ActiveCfg = Debug|Any CPU
		{EC561B45-F896-4D19-BBF0-4B3CE9A2E190}.AppStore|Any CPU.Build.0 = Debug|Any CPU
		{EC561B45-F896-4D19-BBF0-4B3CE9A2E190}.AppStore|ARM.ActiveCfg = Debug|Any CPU
		{EC561B45-F896-4D19-BBF0-4B3CE9A2E190}.AppStore|ARM.Build.0 = Debug|Any CPU
		{EC561B45-F896-4D19-BBF0-4B3CE9A2E190}.AppStore|iPhone.ActiveCfg = Debug|Any CPU
		{EC561B45-F896-4D19-BBF0-4B3CE9A2E190}.AppStore|iPhone.Build.0 = Debug|Any CPU
		{EC561B45-F896-4D19-BBF0-4B3CE9A2E190}.AppStore|iPhoneSimulator.ActiveCfg = Debug|Any CPU
		{EC561B45-F896-4D19-BBF0-4B3CE9A2E190}.AppStore|iPhoneSimulator.Build.0 = Debug|Any CPU
		{EC561B45-F896-4D19-BBF0-4B3CE9A2E190}.AppStore|x64.ActiveCfg = Debug|Any CPU
		{EC561B45-F896-4D19-BBF0-4B3CE9A2E190}.AppStore|x64.Build.0 = Debug|Any CPU
		{EC561B45-F896-4D19-BBF0-4B3CE9A2E190}.AppStore|x86.ActiveCfg = Debug|Any CPU
		{EC561B45-F896-4D19-BBF0-4B3CE9A2E190}.AppStore|x86.Build.0 = Debug|Any CPU
		{EC561B45-F896-4D19-BBF0-4B3CE9A2E190}.Debug|Any CPU.ActiveCfg = Debug|Any CPU
		{EC561B45-F896-4D19-BBF0-4B3CE9A2E190}.Debug|Any CPU.Build.0 = Debug|Any CPU
		{EC561B45-F896-4D19-BBF0-4B3CE9A2E190}.Debug|ARM.ActiveCfg = Debug|Any CPU
		{EC561B45-F896-4D19-BBF0-4B3CE9A2E190}.Debug|ARM.Build.0 = Debug|Any CPU
		{EC561B45-F896-4D19-BBF0-4B3CE9A2E190}.Debug|iPhone.ActiveCfg = Debug|Any CPU
		{EC561B45-F896-4D19-BBF0-4B3CE9A2E190}.Debug|iPhone.Build.0 = Debug|Any CPU
		{EC561B45-F896-4D19-BBF0-4B3CE9A2E190}.Debug|iPhoneSimulator.ActiveCfg = Debug|Any CPU
		{EC561B45-F896-4D19-BBF0-4B3CE9A2E190}.Debug|iPhoneSimulator.Build.0 = Debug|Any CPU
		{EC561B45-F896-4D19-BBF0-4B3CE9A2E190}.Debug|x64.ActiveCfg = Debug|Any CPU
		{EC561B45-F896-4D19-BBF0-4B3CE9A2E190}.Debug|x64.Build.0 = Debug|Any CPU
		{EC561B45-F896-4D19-BBF0-4B3CE9A2E190}.Debug|x86.ActiveCfg = Debug|Any CPU
		{EC561B45-F896-4D19-BBF0-4B3CE9A2E190}.Debug|x86.Build.0 = Debug|Any CPU
		{EC561B45-F896-4D19-BBF0-4B3CE9A2E190}.Release|Any CPU.ActiveCfg = Release|Any CPU
		{EC561B45-F896-4D19-BBF0-4B3CE9A2E190}.Release|Any CPU.Build.0 = Release|Any CPU
		{EC561B45-F896-4D19-BBF0-4B3CE9A2E190}.Release|ARM.ActiveCfg = Release|Any CPU
		{EC561B45-F896-4D19-BBF0-4B3CE9A2E190}.Release|ARM.Build.0 = Release|Any CPU
		{EC561B45-F896-4D19-BBF0-4B3CE9A2E190}.Release|iPhone.ActiveCfg = Release|Any CPU
		{EC561B45-F896-4D19-BBF0-4B3CE9A2E190}.Release|iPhone.Build.0 = Release|Any CPU
		{EC561B45-F896-4D19-BBF0-4B3CE9A2E190}.Release|iPhoneSimulator.ActiveCfg = Release|Any CPU
		{EC561B45-F896-4D19-BBF0-4B3CE9A2E190}.Release|iPhoneSimulator.Build.0 = Release|Any CPU
		{EC561B45-F896-4D19-BBF0-4B3CE9A2E190}.Release|x64.ActiveCfg = Release|Any CPU
		{EC561B45-F896-4D19-BBF0-4B3CE9A2E190}.Release|x64.Build.0 = Release|Any CPU
		{EC561B45-F896-4D19-BBF0-4B3CE9A2E190}.Release|x86.ActiveCfg = Release|Any CPU
		{EC561B45-F896-4D19-BBF0-4B3CE9A2E190}.Release|x86.Build.0 = Release|Any CPU
	EndGlobalSection
	GlobalSection(NestedProjects) = preSolution
		{91E5D594-A734-48AB-B0DA-CF63AC2BBBA8} = {341E6385-8235-4D3E-9334-C86268B1F73A}
		{333354FC-B2EB-42D3-96F0-08D1276CE891} = {341E6385-8235-4D3E-9334-C86268B1F73A}
		{3464274E-A31C-413B-ADAE-EC6F2AA58FE7} = {341E6385-8235-4D3E-9334-C86268B1F73A}
		{AE393314-48CA-469B-9E4E-159EAE7F56D3} = {341E6385-8235-4D3E-9334-C86268B1F73A}
		{56E12270-52FA-4C5E-B4C5-8C05596A283D} = {341E6385-8235-4D3E-9334-C86268B1F73A}
		{5097969B-9FB8-4A79-92BE-43F41051C7F9} = {7802F108-5D80-4279-B0B4-B95962A614FC}
		{A0A86B9F-A62E-45ED-B638-8EAFAB73CCC2} = {7802F108-5D80-4279-B0B4-B95962A614FC}
		{23EF5F04-D278-4D8F-9EAA-E0080469D1FE} = {7802F108-5D80-4279-B0B4-B95962A614FC}
		{802F388E-91DE-4147-B7FE-CE3334F37758} = {A0A86B9F-A62E-45ED-B638-8EAFAB73CCC2}
		{481798A7-D1A2-4984-83D1-B82F93C91469} = {A0A86B9F-A62E-45ED-B638-8EAFAB73CCC2}
		{B733030B-0EF3-49FB-B32A-8C70ADD96B34} = {6CDBCAA2-6549-4F1B-A38D-E6662C74F367}
		{3DCE5F2C-9F87-4977-A885-4CBB675B63E3} = {6CDBCAA2-6549-4F1B-A38D-E6662C74F367}
		{EC561B45-F896-4D19-BBF0-4B3CE9A2E190} = {6CDBCAA2-6549-4F1B-A38D-E6662C74F367}
	EndGlobalSection
	GlobalSection(SolutionProperties) = preSolution
		HideSolutionNode = FALSE
	EndGlobalSection
EndGlobal
